// !$*UTF8*$!
{
	archiveVersion = 1;
	classes = {
	};
	objectVersion = 46;
	objects = {
		D7BA7D76DAB5DD13389D6332 = {
			buildActionMask = 2147483647;
			files = (
				);
			generatedFileNames = (
				);
			isa = PBXShellScriptBuildPhase;
			name = "Qt Qmake";
			neededFileNames = (
				);
			shellPath = "/bin/sh";
			shellScript = "make\ -C\ /Users/jv/eelsmodel\ -f\ \'eels.xcodeproj/qt_makeqmake.mak\'";
		};
		A56D4B070414F12EBCD5971A = {
			isa = PBXFileReference;
			name = "dieleclinear.cpp";
			path = "src/components/dieleclinear.cpp";
			refType = 4;
			sourceTree = "SOURCE_ROOT";
			lastKnownFileType = "sourcecode.cpp.cpp";
		};
		D9B3B206B7BBBED5E5C495D6 = {
			fileRef = "A56D4B070414F12EBCD5971A";
			isa = PBXBuildFile;
			settings = {
				ATTRIBUTES = (
					);
			};
		};
		FCE5B654651533DEC4AA94FA = {
			isa = PBXFileReference;
			name = "dielecmodel.cpp";
			path = "src/components/dielecmodel.cpp";
			refType = 4;
			sourceTree = "SOURCE_ROOT";
			lastKnownFileType = "sourcecode.cpp.cpp";
		};
		6971BA842CAC3BEC2DE2B70C = {
			fileRef = "FCE5B654651533DEC4AA94FA";
			isa = PBXBuildFile;
			settings = {
				ATTRIBUTES = (
					);
			};
		};
		EC0CDB15DFCF0C43F13A889D = {
			isa = PBXFileReference;
			name = "dos.cpp";
			path = "src/components/dos.cpp";
			refType = 4;
			sourceTree = "SOURCE_ROOT";
			lastKnownFileType = "sourcecode.cpp.cpp";
		};
		C1061EA2F3E59C631F2A46E0 = {
			fileRef = "EC0CDB15DFCF0C43F13A889D";
			isa = PBXBuildFile;
			settings = {
				ATTRIBUTES = (
					);
			};
		};
		E9B3B6EEC7878AD7E45876E8 = {
			isa = PBXFileReference;
			name = "doslifetime.cpp";
			path = "src/components/doslifetime.cpp";
			refType = 4;
			sourceTree = "SOURCE_ROOT";
			lastKnownFileType = "sourcecode.cpp.cpp";
		};
		07C5A6610FFC327BBD5BCD61 = {
			fileRef = "E9B3B6EEC7878AD7E45876E8";
			isa = PBXBuildFile;
			settings = {
				ATTRIBUTES = (
					);
			};
		};
		F89C1DC09356DAC82C95D96D = {
			isa = PBXFileReference;
			name = "doslifetimespline.cpp";
			path = "src/components/doslifetimespline.cpp";
			refType = 4;
			sourceTree = "SOURCE_ROOT";
			lastKnownFileType = "sourcecode.cpp.cpp";
		};
		B613B2D5FC4E7BBFAA29DBA9 = {
			fileRef = "F89C1DC09356DAC82C95D96D";
			isa = PBXBuildFile;
			settings = {
				ATTRIBUTES = (
					);
			};
		};
		19D80B8058CA8D3674708EE3 = {
			isa = PBXFileReference;
			name = "drudelorentz.cpp";
			path = "src/components/drudelorentz.cpp";
			refType = 4;
			sourceTree = "SOURCE_ROOT";
			lastKnownFileType = "sourcecode.cpp.cpp";
		};
		97C473752EC71C76562EEDF6 = {
			fileRef = "19D80B8058CA8D3674708EE3";
			isa = PBXBuildFile;
			settings = {
				ATTRIBUTES = (
					);
			};
		};
		87D3A9EBF91A6795C46C5B0F = {
			isa = PBXFileReference;
			name = "edgefile.cpp";
			path = "src/components/edgefile.cpp";
			refType = 4;
			sourceTree = "SOURCE_ROOT";
			lastKnownFileType = "sourcecode.cpp.cpp";
		};
		B2B6EF38028A3827F4381F56 = {
			fileRef = "87D3A9EBF91A6795C46C5B0F";
			isa = PBXBuildFile;
			settings = {
				ATTRIBUTES = (
					);
			};
		};
		81B59BE275922DACF46FE348 = {
			isa = PBXFileReference;
			name = "eshift.cpp";
			path = "src/components/eshift.cpp";
			refType = 4;
			sourceTree = "SOURCE_ROOT";
			lastKnownFileType = "sourcecode.cpp.cpp";
		};
		9CEC75B51C70F119C2D261B3 = {
			fileRef = "81B59BE275922DACF46FE348";
			isa = PBXBuildFile;
			settings = {
				ATTRIBUTES = (
					);
			};
		};
		55F3D8DD79E2E502EC098D68 = {
			isa = PBXFileReference;
			name = "expbackground.cpp";
			path = "src/components/expbackground.cpp";
			refType = 4;
			sourceTree = "SOURCE_ROOT";
			lastKnownFileType = "sourcecode.cpp.cpp";
		};
		19DB746EEBDC952682A37850 = {
			fileRef = "55F3D8DD79E2E502EC098D68";
			isa = PBXBuildFile;
			settings = {
				ATTRIBUTES = (
					);
			};
		};
		5524CA8E05E4F0EA29C7472F = {
			isa = PBXFileReference;
			name = "fixedpattern.cpp";
			path = "src/components/fixedpattern.cpp";
			refType = 4;
			sourceTree = "SOURCE_ROOT";
			lastKnownFileType = "sourcecode.cpp.cpp";
		};
		AFDBBF1D241D70386A939E9B = {
			fileRef = "5524CA8E05E4F0EA29C7472F";
			isa = PBXBuildFile;
			settings = {
				ATTRIBUTES = (
					);
			};
		};
		33AD14C01BD677FB23E3D077 = {
			isa = PBXFileReference;
			name = "fowler.cpp";
			path = "src/components/fowler.cpp";
			refType = 4;
			sourceTree = "SOURCE_ROOT";
			lastKnownFileType = "sourcecode.cpp.cpp";
		};
		92EAB4C50D693687170AAA5A = {
			fileRef = "33AD14C01BD677FB23E3D077";
			isa = PBXBuildFile;
			settings = {
				ATTRIBUTES = (
					);
			};
		};
		021D0B9B4E890CB42162A99C = {
			isa = PBXFileReference;
			name = "gaussian.cpp";
			path = "src/components/gaussian.cpp";
			refType = 4;
			sourceTree = "SOURCE_ROOT";
			lastKnownFileType = "sourcecode.cpp.cpp";
		};
		1214B934F6A99AA2D3B22523 = {
			fileRef = "021D0B9B4E890CB42162A99C";
			isa = PBXBuildFile;
			settings = {
				ATTRIBUTES = (
					);
			};
		};
		95461AE96736F876A285F254 = {
			isa = PBXFileReference;
			name = "gdos.cpp";
			path = "src/components/gdos.cpp";
			refType = 4;
			sourceTree = "SOURCE_ROOT";
			lastKnownFileType = "sourcecode.cpp.cpp";
		};
		9733D1E8F2C0A97B016D66A9 = {
			fileRef = "95461AE96736F876A285F254";
			isa = PBXBuildFile;
			settings = {
				ATTRIBUTES = (
					);
			};
		};
		8636A61BE2A7554BBB9ACC8E = {
			isa = PBXFileReference;
			name = "hsedge.cpp";
			path = "src/components/hsedge.cpp";
			refType = 4;
			sourceTree = "SOURCE_ROOT";
			lastKnownFileType = "sourcecode.cpp.cpp";
		};
		ABCE27BD6734C0E70C10B2D8 = {
			fileRef = "8636A61BE2A7554BBB9ACC8E";
			isa = PBXBuildFile;
			settings = {
				ATTRIBUTES = (
					);
			};
		};
		266E5A0792613C6AEC11CBF6 = {
			isa = PBXFileReference;
			name = "kedge.cpp";
			path = "src/components/kedge.cpp";
			refType = 4;
			sourceTree = "SOURCE_ROOT";
			lastKnownFileType = "sourcecode.cpp.cpp";
		};
		DF159FEC3AF13BC724978D32 = {
			fileRef = "266E5A0792613C6AEC11CBF6";
			isa = PBXBuildFile;
			settings = {
				ATTRIBUTES = (
					);
			};
		};
		0EDF5EBFBDAA8E7B31B7E7FD = {
			isa = PBXFileReference;
			name = "kedgerel.cpp";
			path = "src/components/kedgerel.cpp";
			refType = 4;
			sourceTree = "SOURCE_ROOT";
			lastKnownFileType = "sourcecode.cpp.cpp";
		};
		8E8BB6482A932A1D8F0CA248 = {
			fileRef = "0EDF5EBFBDAA8E7B31B7E7FD";
			isa = PBXBuildFile;
			settings = {
				ATTRIBUTES = (
					);
			};
		};
		67EDDFFABDCAABAD1741DEFA = {
			isa = PBXFileReference;
			name = "ledge.cpp";
			path = "src/components/ledge.cpp";
			refType = 4;
			sourceTree = "SOURCE_ROOT";
			lastKnownFileType = "sourcecode.cpp.cpp";
		};
		AEC86820B45781947370A1A1 = {
			fileRef = "67EDDFFABDCAABAD1741DEFA";
			isa = PBXBuildFile;
			settings = {
				ATTRIBUTES = (
					);
			};
		};
		6528843637BADA192BEC253C = {
			isa = PBXFileReference;
			name = "line.cpp";
			path = "src/components/line.cpp";
			refType = 4;
			sourceTree = "SOURCE_ROOT";
			lastKnownFileType = "sourcecode.cpp.cpp";
		};
		5CF1DE0B33521BAE87DC0936 = {
			fileRef = "6528843637BADA192BEC253C";
			isa = PBXBuildFile;
			settings = {
				ATTRIBUTES = (
					);
			};
		};
		4BE04AF28C0C5CFF8AC7829D = {
			isa = PBXFileReference;
			name = "logpoly.cpp";
			path = "src/components/logpoly.cpp";
			refType = 4;
			sourceTree = "SOURCE_ROOT";
			lastKnownFileType = "sourcecode.cpp.cpp";
		};
		BD24E40B0357E505CEB86814 = {
			fileRef = "4BE04AF28C0C5CFF8AC7829D";
			isa = PBXBuildFile;
			settings = {
				ATTRIBUTES = (
					);
			};
		};
		FF8A36011FAA215ADDA5D9ED = {
			isa = PBXFileReference;
			name = "lorentz.cpp";
			path = "src/components/lorentz.cpp";
			refType = 4;
			sourceTree = "SOURCE_ROOT";
			lastKnownFileType = "sourcecode.cpp.cpp";
		};
		CDA7C03DB97154B09DE9B22B = {
			fileRef = "FF8A36011FAA215ADDA5D9ED";
			isa = PBXBuildFile;
			settings = {
				ATTRIBUTES = (
					);
			};
		};
		B27EE3A03CF485F4D75C9E6E = {
			isa = PBXFileReference;
			name = "mscatter.cpp";
			path = "src/components/mscatter.cpp";
			refType = 4;
			sourceTree = "SOURCE_ROOT";
			lastKnownFileType = "sourcecode.cpp.cpp";
		};
		1F32D8E4CEFE40800FE5B4E5 = {
			fileRef = "B27EE3A03CF485F4D75C9E6E";
			isa = PBXBuildFile;
			settings = {
				ATTRIBUTES = (
					);
			};
		};
		B4729EAE9F640E905B53C36B = {
			isa = PBXFileReference;
			name = "mscatterexpfft.cpp";
			path = "src/components/mscatterexpfft.cpp";
			refType = 4;
			sourceTree = "SOURCE_ROOT";
			lastKnownFileType = "sourcecode.cpp.cpp";
		};
		8A1B730F67EF85D0136BC40F = {
			fileRef = "B4729EAE9F640E905B53C36B";
			isa = PBXBuildFile;
			settings = {
				ATTRIBUTES = (
					);
			};
		};
		A2A64FFD8E7B5944A3DB0E22 = {
			isa = PBXFileReference;
			name = "mscatterfft.cpp";
			path = "src/components/mscatterfft.cpp";
			refType = 4;
			sourceTree = "SOURCE_ROOT";
			lastKnownFileType = "sourcecode.cpp.cpp";
		};
		A6C0FFD74D8547E50C9C8D46 = {
			fileRef = "A2A64FFD8E7B5944A3DB0E22";
			isa = PBXBuildFile;
			settings = {
				ATTRIBUTES = (
					);
			};
		};
		9867F73A388AFC1E54572F9A = {
			isa = PBXFileReference;
			name = "pearsonIV.cpp";
			path = "src/components/pearsonIV.cpp";
			refType = 4;
			sourceTree = "SOURCE_ROOT";
			lastKnownFileType = "sourcecode.cpp.cpp";
		};
		E771FB1E367E5E83E1FFF378 = {
			fileRef = "9867F73A388AFC1E54572F9A";
			isa = PBXBuildFile;
			settings = {
				ATTRIBUTES = (
					);
			};
		};
		1266B11122FB11F1013A6904 = {
			isa = PBXFileReference;
			name = "plasmon.cpp";
			path = "src/components/plasmon.cpp";
			refType = 4;
			sourceTree = "SOURCE_ROOT";
			lastKnownFileType = "sourcecode.cpp.cpp";
		};
		3128F9AA1619EF4C568A86D9 = {
			fileRef = "1266B11122FB11F1013A6904";
			isa = PBXBuildFile;
			settings = {
				ATTRIBUTES = (
					);
			};
		};
		BC6D09285586C8109F4F6F4F = {
			isa = PBXFileReference;
			name = "powerlaw.cpp";
			path = "src/components/powerlaw.cpp";
			refType = 4;
			sourceTree = "SOURCE_ROOT";
			lastKnownFileType = "sourcecode.cpp.cpp";
		};
		D9140FB5D18EB63FF7C5F34F = {
			fileRef = "BC6D09285586C8109F4F6F4F";
			isa = PBXBuildFile;
			settings = {
				ATTRIBUTES = (
					);
			};
		};
		57185EC8732B28F01856E252 = {
			isa = PBXFileReference;
			name = "pseudovoigt.cpp";
			path = "src/components/pseudovoigt.cpp";
			refType = 4;
			sourceTree = "SOURCE_ROOT";
			lastKnownFileType = "sourcecode.cpp.cpp";
		};
		8E66CD5BFCB9F52A2AADAA13 = {
			fileRef = "57185EC8732B28F01856E252";
			isa = PBXBuildFile;
			settings = {
				ATTRIBUTES = (
					);
			};
		};
		864531A36C2D8D243CCB3004 = {
			isa = PBXFileReference;
			name = "spinsplitedge.cpp";
			path = "src/components/spinsplitedge.cpp";
			refType = 4;
			sourceTree = "SOURCE_ROOT";
			lastKnownFileType = "sourcecode.cpp.cpp";
		};
		4A58265D97EE3CE441B74943 = {
			fileRef = "864531A36C2D8D243CCB3004";
			isa = PBXBuildFile;
			settings = {
				ATTRIBUTES = (
					);
			};
		};
		3D29600A9214B40E8E047AFD = {
			isa = PBXFileReference;
			name = "spinsplitedgehyd.cpp";
			path = "src/components/spinsplitedgehyd.cpp";
			refType = 4;
			sourceTree = "SOURCE_ROOT";
			lastKnownFileType = "sourcecode.cpp.cpp";
		};
		4F9061593A93761E557D24AF = {
			fileRef = "3D29600A9214B40E8E047AFD";
			isa = PBXBuildFile;
			settings = {
				ATTRIBUTES = (
					);
			};
		};
		0B574E8142C24A84ECDB1E85 = {
			isa = PBXFileReference;
			name = "chisquare.cpp";
			path = "src/core/chisquare.cpp";
			refType = 4;
			sourceTree = "SOURCE_ROOT";
			lastKnownFileType = "sourcecode.cpp.cpp";
		};
		741D9B2E11D6107C6637E425 = {
			fileRef = "0B574E8142C24A84ECDB1E85";
			isa = PBXBuildFile;
			settings = {
				ATTRIBUTES = (
					);
			};
		};
		5ACBD1E7672F2138184DEB74 = {
			isa = PBXFileReference;
			name = "component.cpp";
			path = "src/core/component.cpp";
			refType = 4;
			sourceTree = "SOURCE_ROOT";
			lastKnownFileType = "sourcecode.cpp.cpp";
		};
		E853213951CA199CF4929318 = {
			fileRef = "5ACBD1E7672F2138184DEB74";
			isa = PBXBuildFile;
			settings = {
				ATTRIBUTES = (
					);
			};
		};
		BDCA735FDDB5AF096447C2DC = {
			isa = PBXFileReference;
			name = "cslice_iter.cpp";
			path = "src/core/cslice_iter.cpp";
			refType = 4;
			sourceTree = "SOURCE_ROOT";
			lastKnownFileType = "sourcecode.cpp.cpp";
		};
		6E792C39C00B2E5AFFBFCD8D = {
			fileRef = "BDCA735FDDB5AF096447C2DC";
			isa = PBXBuildFile;
			settings = {
				ATTRIBUTES = (
					);
			};
		};
		C0D1AA7C0F34B7AF9A357F6F = {
			isa = PBXFileReference;
			name = "curvematrix.cpp";
			path = "src/core/curvematrix.cpp";
			refType = 4;
			sourceTree = "SOURCE_ROOT";
			lastKnownFileType = "sourcecode.cpp.cpp";
		};
		3E756D00C5ABB69291D18670 = {
			fileRef = "C0D1AA7C0F34B7AF9A357F6F";
			isa = PBXBuildFile;
			settings = {
				ATTRIBUTES = (
					);
			};
		};
		111E9032BC273F3C8173C46D = {
			isa = PBXFileReference;
			name = "debug_new.cpp";
			path = "src/core/debug_new.cpp";
			refType = 4;
			sourceTree = "SOURCE_ROOT";
			lastKnownFileType = "sourcecode.cpp.cpp";
		};
		B4FC1E08DFCA9A8CDB619AD7 = {
			fileRef = "111E9032BC273F3C8173C46D";
			isa = PBXBuildFile;
			settings = {
				ATTRIBUTES = (
					);
			};
		};
		AFEE76769A5886F710BF5629 = {
			isa = PBXFileReference;
			name = "eelsmodel.cpp";
			path = "src/core/eelsmodel.cpp";
			refType = 4;
			sourceTree = "SOURCE_ROOT";
			lastKnownFileType = "sourcecode.cpp.cpp";
		};
		D79DD6E49A5F362504368B96 = {
			fileRef = "AFEE76769A5886F710BF5629";
			isa = PBXBuildFile;
			settings = {
				ATTRIBUTES = (
					);
			};
		};
		9F94E325C9CD33771A65A287 = {
			isa = PBXFileReference;
			name = "fftw++.cpp";
			path = "src/core/fftw++.cpp";
			refType = 4;
			sourceTree = "SOURCE_ROOT";
			lastKnownFileType = "sourcecode.cpp.cpp";
		};
		3E75AD0865740FDE7565CCD5 = {
			fileRef = "9F94E325C9CD33771A65A287";
			isa = PBXBuildFile;
			settings = {
				ATTRIBUTES = (
					);
			};
		};
		76912C2124D0F1921F5BF991 = {
			isa = PBXFileReference;
			name = "image.cpp";
			path = "src/core/image.cpp";
			refType = 4;
			sourceTree = "SOURCE_ROOT";
			lastKnownFileType = "sourcecode.cpp.cpp";
		};
		E206410D89D31D10CD846B8E = {
			fileRef = "76912C2124D0F1921F5BF991";
			isa = PBXBuildFile;
			settings = {
				ATTRIBUTES = (
					);
			};
		};
		01990F45B9969995EFD40205 = {
			isa = PBXFileReference;
			name = "main.cpp";
			path = "src/core/main.cpp";
			refType = 4;
			sourceTree = "SOURCE_ROOT";
			lastKnownFileType = "sourcecode.cpp.cpp";
		};
		16D89647FEBC315EFF88ACE0 = {
			fileRef = "01990F45B9969995EFD40205";
			isa = PBXBuildFile;
			settings = {
				ATTRIBUTES = (
					);
			};
		};
		A045455EDA6E0B285667375E = {
			isa = PBXFileReference;
			name = "model.cpp";
			path = "src/core/model.cpp";
			refType = 4;
			sourceTree = "SOURCE_ROOT";
			lastKnownFileType = "sourcecode.cpp.cpp";
		};
		2E46C4D612E0E65553B367D6 = {
			fileRef = "A045455EDA6E0B285667375E";
			isa = PBXBuildFile;
			settings = {
				ATTRIBUTES = (
					);
			};
		};
		D9ABA85EC00CA9FD75227DCB = {
			isa = PBXFileReference;
			name = "monitor.cpp";
			path = "src/core/monitor.cpp";
			refType = 4;
			sourceTree = "SOURCE_ROOT";
			lastKnownFileType = "sourcecode.cpp.cpp";
		};
		D86915B1D32461409A51959A = {
			fileRef = "D9ABA85EC00CA9FD75227DCB";
			isa = PBXBuildFile;
			settings = {
				ATTRIBUTES = (
					);
			};
		};
		E765527D68B42EBC7017F0F8 = {
			isa = PBXFileReference;
			name = "multibyte.cpp";
			path = "src/core/multibyte.cpp";
			refType = 4;
			sourceTree = "SOURCE_ROOT";
			lastKnownFileType = "sourcecode.cpp.cpp";
		};
		4C48145A4A1DA3947C4C709D = {
			fileRef = "E765527D68B42EBC7017F0F8";
			isa = PBXBuildFile;
			settings = {
				ATTRIBUTES = (
					);
			};
		};
		B5C9753702CF711F12421EA5 = {
			isa = PBXFileReference;
			name = "multispectrum.cpp";
			path = "src/core/multispectrum.cpp";
			refType = 4;
			sourceTree = "SOURCE_ROOT";
			lastKnownFileType = "sourcecode.cpp.cpp";
		};
		EA2031BF58D24DE50C1F3254 = {
			fileRef = "B5C9753702CF711F12421EA5";
			isa = PBXBuildFile;
			settings = {
				ATTRIBUTES = (
					);
			};
		};
		B8ED6FF9DF9D8060152E6BDA = {
			isa = PBXFileReference;
			name = "parameter.cpp";
			path = "src/core/parameter.cpp";
			refType = 4;
			sourceTree = "SOURCE_ROOT";
			lastKnownFileType = "sourcecode.cpp.cpp";
		};
		4B3945D2A47B2BBF374AACC6 = {
			fileRef = "B8ED6FF9DF9D8060152E6BDA";
			isa = PBXBuildFile;
			settings = {
				ATTRIBUTES = (
					);
			};
		};
		EB4BF71B8E94B76B6CB862F4 = {
			isa = PBXFileReference;
			name = "slice_iter.cpp";
			path = "src/core/slice_iter.cpp";
			refType = 4;
			sourceTree = "SOURCE_ROOT";
			lastKnownFileType = "sourcecode.cpp.cpp";
		};
		4D8C59FC7C13B13F1F13DB9C = {
			fileRef = "EB4BF71B8E94B76B6CB862F4";
			isa = PBXBuildFile;
			settings = {
				ATTRIBUTES = (
					);
			};
		};
		73E92EFE9CB2360D78D34548 = {
			isa = PBXFileReference;
			name = "spectrum.cpp";
			path = "src/core/spectrum.cpp";
			refType = 4;
			sourceTree = "SOURCE_ROOT";
			lastKnownFileType = "sourcecode.cpp.cpp";
		};
		DF86B32BB66B9D4B56A8AD7E = {
			fileRef = "73E92EFE9CB2360D78D34548";
			isa = PBXBuildFile;
			settings = {
				ATTRIBUTES = (
					);
			};
		};
		41EF990876A377977A8CC641 = {
			isa = PBXFileReference;
			name = "tag.cpp";
			path = "src/core/tag.cpp";
			refType = 4;
			sourceTree = "SOURCE_ROOT";
			lastKnownFileType = "sourcecode.cpp.cpp";
		};
		38765327CAB04DD5AEAACDD4 = {
			fileRef = "41EF990876A377977A8CC641";
			isa = PBXBuildFile;
			settings = {
				ATTRIBUTES = (
					);
			};
		};
		54440F48A2A8736486A79B34 = {
			isa = PBXFileReference;
			name = "fitter.cpp";
			path = "src/fitters/fitter.cpp";
			refType = 4;
			sourceTree = "SOURCE_ROOT";
			lastKnownFileType = "sourcecode.cpp.cpp";
		};
		4068DE2FB3B27D1AD37919E9 = {
			fileRef = "54440F48A2A8736486A79B34";
			isa = PBXBuildFile;
			settings = {
				ATTRIBUTES = (
					);
			};
		};
		1CD501261C450CDC050584B7 = {
			isa = PBXFileReference;
			name = "levenbergmarquardt.cpp";
			path = "src/fitters/levenbergmarquardt.cpp";
			refType = 4;
			sourceTree = "SOURCE_ROOT";
			lastKnownFileType = "sourcecode.cpp.cpp";
		};
		5C87AC63A4B8C8B1F6E1F4E5 = {
			fileRef = "1CD501261C450CDC050584B7";
			isa = PBXBuildFile;
			settings = {
				ATTRIBUTES = (
					);
			};
		};
		07124C5DA46A02824B1AC1AB = {
			isa = PBXFileReference;
			name = "lsqfitter.cpp";
			path = "src/fitters/lsqfitter.cpp";
			refType = 4;
			sourceTree = "SOURCE_ROOT";
			lastKnownFileType = "sourcecode.cpp.cpp";
		};
		509D040C7112C0BDFA55EA13 = {
			fileRef = "07124C5DA46A02824B1AC1AB";
			isa = PBXBuildFile;
			settings = {
				ATTRIBUTES = (
					);
			};
		};
		EBDEEA9F484068D9CFE667B7 = {
			isa = PBXFileReference;
			name = "mlfitter.cpp";
			path = "src/fitters/mlfitter.cpp";
			refType = 4;
			sourceTree = "SOURCE_ROOT";
			lastKnownFileType = "sourcecode.cpp.cpp";
		};
		160ABCC676DAA6EACC208E5E = {
			fileRef = "EBDEEA9F484068D9CFE667B7";
			isa = PBXBuildFile;
			settings = {
				ATTRIBUTES = (
					);
			};
		};
		B9E7C2A4F8327FA23DD5077C = {
			isa = PBXFileReference;
			name = "mlfitter_gsl.cpp";
			path = "src/fitters/mlfitter_gsl.cpp";
			refType = 4;
			sourceTree = "SOURCE_ROOT";
			lastKnownFileType = "sourcecode.cpp.cpp";
		};
		8F18DA8F3FA9A75DD4483317 = {
			fileRef = "B9E7C2A4F8327FA23DD5077C";
			isa = PBXBuildFile;
			settings = {
				ATTRIBUTES = (
					);
			};
		};
		EACC07B703CE088D85623A7C = {
			isa = PBXFileReference;
			name = "wlsqfitter.cpp";
			path = "src/fitters/wlsqfitter.cpp";
			refType = 4;
			sourceTree = "SOURCE_ROOT";
			lastKnownFileType = "sourcecode.cpp.cpp";
		};
		D3285613B63A443416ED7AF0 = {
			fileRef = "EACC07B703CE088D85623A7C";
			isa = PBXBuildFile;
			settings = {
				ATTRIBUTES = (
					);
			};
		};
		B5E056B853FAF4AB3BC942A3 = {
			isa = PBXFileReference;
			name = "atomchooser.cpp";
			path = "src/gui/atomchooser.cpp";
			refType = 4;
			sourceTree = "SOURCE_ROOT";
			lastKnownFileType = "sourcecode.cpp.cpp";
		};
		7B71EBFE5E352F8218AFB92C = {
			fileRef = "B5E056B853FAF4AB3BC942A3";
			isa = PBXBuildFile;
			settings = {
				ATTRIBUTES = (
					);
			};
		};
		47415887E783F636EE3C2A33 = {
			isa = PBXFileReference;
			name = "componentmaintenance.cpp";
			path = "src/gui/componentmaintenance.cpp";
			refType = 4;
			sourceTree = "SOURCE_ROOT";
			lastKnownFileType = "sourcecode.cpp.cpp";
		};
		BEA3D18FB481426E1A75163F = {
			fileRef = "47415887E783F636EE3C2A33";
			isa = PBXBuildFile;
			settings = {
				ATTRIBUTES = (
					);
			};
		};
		65DF38639C59037B27325979 = {
			isa = PBXFileReference;
			name = "componentselector.cpp";
			path = "src/gui/componentselector.cpp";
			refType = 4;
			sourceTree = "SOURCE_ROOT";
			lastKnownFileType = "sourcecode.cpp.cpp";
		};
		E120A70694DC34AA69DFC222 = {
			fileRef = "65DF38639C59037B27325979";
			isa = PBXBuildFile;
			settings = {
				ATTRIBUTES = (
					);
			};
		};
		392E7E551DFA29A5C509ED49 = {
			isa = PBXFileReference;
			name = "detectorchooser.cpp";
			path = "src/gui/detectorchooser.cpp";
			refType = 4;
			sourceTree = "SOURCE_ROOT";
			lastKnownFileType = "sourcecode.cpp.cpp";
		};
		EFB725F238D8EBC2F22B3B67 = {
			fileRef = "392E7E551DFA29A5C509ED49";
			isa = PBXBuildFile;
			settings = {
				ATTRIBUTES = (
					);
			};
		};
		105AFA8CA777CF87E7113746 = {
			isa = PBXFileReference;
			name = "Drudeoptions.cpp";
			path = "src/gui/Drudeoptions.cpp";
			refType = 4;
			sourceTree = "SOURCE_ROOT";
			lastKnownFileType = "sourcecode.cpp.cpp";
		};
		2BC6AB1E1381BE682954AAFE = {
			fileRef = "105AFA8CA777CF87E7113746";
			isa = PBXBuildFile;
			settings = {
				ATTRIBUTES = (
					);
			};
		};
		D35270AF5FE58B3112CDBF7D = {
			isa = PBXFileReference;
			name = "equalizer.cpp";
			path = "src/gui/equalizer.cpp";
			refType = 4;
			sourceTree = "SOURCE_ROOT";
			lastKnownFileType = "sourcecode.cpp.cpp";
		};
		43A868C2E07FC0E2BAF2F058 = {
			fileRef = "D35270AF5FE58B3112CDBF7D";
			isa = PBXBuildFile;
			settings = {
				ATTRIBUTES = (
					);
			};
		};
		5AAD4F2709E3605B3709C836 = {
			isa = PBXFileReference;
			name = "fileopener.cpp";
			path = "src/gui/fileopener.cpp";
			refType = 4;
			sourceTree = "SOURCE_ROOT";
			lastKnownFileType = "sourcecode.cpp.cpp";
		};
		7B911E3D1424B9F5EA13295D = {
			fileRef = "5AAD4F2709E3605B3709C836";
			isa = PBXBuildFile;
			settings = {
				ATTRIBUTES = (
					);
			};
		};
		B81A64BA9DECAE975F94DE5D = {
			isa = PBXFileReference;
			name = "fitter_dialog.cpp";
			path = "src/gui/fitter_dialog.cpp";
			refType = 4;
			sourceTree = "SOURCE_ROOT";
			lastKnownFileType = "sourcecode.cpp.cpp";
		};
		416FBFD3311E7A58F80523EE = {
			fileRef = "B81A64BA9DECAE975F94DE5D";
			isa = PBXBuildFile;
			settings = {
				ATTRIBUTES = (
					);
			};
		};
		12D55FB8989D86D36635EBD4 = {
			isa = PBXFileReference;
			name = "fitterchooser.cpp";
			path = "src/gui/fitterchooser.cpp";
			refType = 4;
			sourceTree = "SOURCE_ROOT";
			lastKnownFileType = "sourcecode.cpp.cpp";
		};
		51A763D8CE7F86400FA8E3C7 = {
			fileRef = "12D55FB8989D86D36635EBD4";
			isa = PBXBuildFile;
			settings = {
				ATTRIBUTES = (
					);
			};
		};
		58F6A9EE711D959C710D5BD4 = {
			isa = PBXFileReference;
			name = "GDOSoptions.cpp";
			path = "src/gui/GDOSoptions.cpp";
			refType = 4;
			sourceTree = "SOURCE_ROOT";
			lastKnownFileType = "sourcecode.cpp.cpp";
		};
		17B27473C1E8A11D1B71369A = {
			fileRef = "58F6A9EE711D959C710D5BD4";
			isa = PBXBuildFile;
			settings = {
				ATTRIBUTES = (
					);
			};
		};
		9EA723DE3169DFC0BC4EA14C = {
			isa = PBXFileReference;
			name = "getfilename.cpp";
			path = "src/gui/getfilename.cpp";
			refType = 4;
			sourceTree = "SOURCE_ROOT";
			lastKnownFileType = "sourcecode.cpp.cpp";
		};
		439B947D6CB4148D095D2A5A = {
			fileRef = "9EA723DE3169DFC0BC4EA14C";
			isa = PBXBuildFile;
			settings = {
				ATTRIBUTES = (
					);
			};
		};
		287B170688B0C9246C2799BD = {
			isa = PBXFileReference;
			name = "getgraphptr.cpp";
			path = "src/gui/getgraphptr.cpp";
			refType = 4;
			sourceTree = "SOURCE_ROOT";
			lastKnownFileType = "sourcecode.cpp.cpp";
		};
		5DBF1474D7B4CB397B095CF9 = {
			fileRef = "287B170688B0C9246C2799BD";
			isa = PBXBuildFile;
			settings = {
				ATTRIBUTES = (
					);
			};
		};
		BF8409D08DEFA035A5AC4C3E = {
			isa = PBXFileReference;
			name = "gettopspectrum.cpp";
			path = "src/gui/gettopspectrum.cpp";
			refType = 4;
			sourceTree = "SOURCE_ROOT";
			lastKnownFileType = "sourcecode.cpp.cpp";
		};
		459037DBEEAF56C42D3C22F1 = {
			fileRef = "BF8409D08DEFA035A5AC4C3E";
			isa = PBXBuildFile;
			settings = {
				ATTRIBUTES = (
					);
			};
		};
		F47A61BE2D664C3870FF81B2 = {
			isa = PBXFileReference;
			name = "graph.cpp";
			path = "src/gui/graph.cpp";
			refType = 4;
			sourceTree = "SOURCE_ROOT";
			lastKnownFileType = "sourcecode.cpp.cpp";
		};
		24D6AE7A2A0DF96B07C3DA6B = {
			fileRef = "F47A61BE2D664C3870FF81B2";
			isa = PBXBuildFile;
			settings = {
				ATTRIBUTES = (
					);
			};
		};
		A59A1EC17AAC1742D0E29244 = {
			isa = PBXFileReference;
			name = "hello.cpp";
			path = "src/gui/hello.cpp";
			refType = 4;
			sourceTree = "SOURCE_ROOT";
			lastKnownFileType = "sourcecode.cpp.cpp";
		};
		7625EC8C12868DA55BC803C0 = {
			fileRef = "A59A1EC17AAC1742D0E29244";
			isa = PBXBuildFile;
			settings = {
				ATTRIBUTES = (
					);
			};
		};
		19C2D065FA911493D9C152FA = {
			isa = PBXFileReference;
			name = "imagedisplay.cpp";
			path = "src/gui/imagedisplay.cpp";
			refType = 4;
			sourceTree = "SOURCE_ROOT";
			lastKnownFileType = "sourcecode.cpp.cpp";
		};
		94B70871D28442A93EC46D69 = {
			fileRef = "19C2D065FA911493D9C152FA";
			isa = PBXBuildFile;
			settings = {
				ATTRIBUTES = (
					);
			};
		};
		F4F087A4014B22DCFD965DEB = {
			isa = PBXFileReference;
			name = "integerinput.cpp";
			path = "src/gui/integerinput.cpp";
			refType = 4;
			sourceTree = "SOURCE_ROOT";
			lastKnownFileType = "sourcecode.cpp.cpp";
		};
		B67E3D0F76225AE5DB2A1937 = {
			fileRef = "F4F087A4014B22DCFD965DEB";
			isa = PBXBuildFile;
			settings = {
				ATTRIBUTES = (
					);
			};
		};
		456362E7F7916B594B022B04 = {
			isa = PBXFileReference;
			name = "interactive_parameter.cpp";
			path = "src/gui/interactive_parameter.cpp";
			refType = 4;
			sourceTree = "SOURCE_ROOT";
			lastKnownFileType = "sourcecode.cpp.cpp";
		};
		CC13FC0A97C1A9A0D557B489 = {
			fileRef = "456362E7F7916B594B022B04";
			isa = PBXBuildFile;
			settings = {
				ATTRIBUTES = (
					);
			};
		};
		EECDD646275FCFFBDF82EA26 = {
			isa = PBXFileReference;
			name = "menu.cpp";
			path = "src/gui/menu.cpp";
			refType = 4;
			sourceTree = "SOURCE_ROOT";
			lastKnownFileType = "sourcecode.cpp.cpp";
		};
		82879C8E6F05EB8C9660DA01 = {
			fileRef = "EECDD646275FCFFBDF82EA26";
			isa = PBXBuildFile;
			settings = {
				ATTRIBUTES = (
					);
			};
		};
		F06138CADCA4720AEA219E9B = {
			isa = PBXFileReference;
			name = "monitorchooser.cpp";
			path = "src/gui/monitorchooser.cpp";
			refType = 4;
			sourceTree = "SOURCE_ROOT";
			lastKnownFileType = "sourcecode.cpp.cpp";
		};
		59EEA32A1BC4DC1A6A78C4C2 = {
			fileRef = "F06138CADCA4720AEA219E9B";
			isa = PBXBuildFile;
			settings = {
				ATTRIBUTES = (
					);
			};
		};
		B101BCDF9FB4B9DC0537788A = {
			isa = PBXFileReference;
			name = "realinput.cpp";
			path = "src/gui/realinput.cpp";
			refType = 4;
			sourceTree = "SOURCE_ROOT";
			lastKnownFileType = "sourcecode.cpp.cpp";
		};
		5B8A0290318E1A67FECB9830 = {
			fileRef = "B101BCDF9FB4B9DC0537788A";
			isa = PBXBuildFile;
			settings = {
				ATTRIBUTES = (
					);
			};
		};
		ACF56E233D213A51343E17C0 = {
			isa = PBXFileReference;
			name = "saysomething.cpp";
			path = "src/gui/saysomething.cpp";
			refType = 4;
			sourceTree = "SOURCE_ROOT";
			lastKnownFileType = "sourcecode.cpp.cpp";
		};
		0933BC7257C642A85224C6B8 = {
			fileRef = "ACF56E233D213A51343E17C0";
			isa = PBXBuildFile;
			settings = {
				ATTRIBUTES = (
					);
			};
		};
		B25E4E5F629EA710CF8A848F = {
			isa = PBXFileReference;
			name = "eelsmodel.icns";
			path = "icons/eelsmodel.icns";
			refType = 4;
			sourceTree = "SOURCE_ROOT";
		};
		3AFBAB28E69F2D3699B4E200 = {
			fileRef = "B25E4E5F629EA710CF8A848F";
			isa = PBXBuildFile;
			settings = {
				ATTRIBUTES = (
					);
			};
		};
		A548E96B2EEBEBED9E7EEFA7 = {
			isa = PBXFileReference;
			name = "moc_eelsmodel.cpp";
			path = "moc_eelsmodel.cpp";
			refType = 4;
			sourceTree = "SOURCE_ROOT";
			lastKnownFileType = "sourcecode.cpp.cpp";
		};
		1D717387A283E6094F6FB6F4 = {
			fileRef = "A548E96B2EEBEBED9E7EEFA7";
			isa = PBXBuildFile;
			settings = {
				ATTRIBUTES = (
					);
			};
		};
		D10F9FD4242F74A5343065F8 = {
			isa = PBXFileReference;
			name = "moc_image.cpp";
			path = "moc_image.cpp";
			refType = 4;
			sourceTree = "SOURCE_ROOT";
			lastKnownFileType = "sourcecode.cpp.cpp";
		};
		1CF2D9FABAC9C6A29C2F184A = {
			fileRef = "D10F9FD4242F74A5343065F8";
			isa = PBXBuildFile;
			settings = {
				ATTRIBUTES = (
					);
			};
		};
		B01D75763E2556938705D1CD = {
			isa = PBXFileReference;
			name = "moc_atomchooser.cpp";
			path = "moc_atomchooser.cpp";
			refType = 4;
			sourceTree = "SOURCE_ROOT";
			lastKnownFileType = "sourcecode.cpp.cpp";
		};
		D58A9893016F9032B470BE68 = {
			fileRef = "B01D75763E2556938705D1CD";
			isa = PBXBuildFile;
			settings = {
				ATTRIBUTES = (
					);
			};
		};
		3A39179EC5AFB5750661BC01 = {
			isa = PBXFileReference;
			name = "moc_componentmaintenance.cpp";
			path = "moc_componentmaintenance.cpp";
			refType = 4;
			sourceTree = "SOURCE_ROOT";
			lastKnownFileType = "sourcecode.cpp.cpp";
		};
		8D6527EE68A26438EC5E15CA = {
			fileRef = "3A39179EC5AFB5750661BC01";
			isa = PBXBuildFile;
			settings = {
				ATTRIBUTES = (
					);
			};
		};
		30EB24CBCAB5991C19AF9F39 = {
			isa = PBXFileReference;
			name = "moc_componentselector.cpp";
			path = "moc_componentselector.cpp";
			refType = 4;
			sourceTree = "SOURCE_ROOT";
			lastKnownFileType = "sourcecode.cpp.cpp";
		};
		CFB37369038DAE56AFE83A4D = {
			fileRef = "30EB24CBCAB5991C19AF9F39";
			isa = PBXBuildFile;
			settings = {
				ATTRIBUTES = (
					);
			};
		};
		9A253C9589CCA052BF5CFA5D = {
			isa = PBXFileReference;
			name = "moc_detectorchooser.cpp";
			path = "moc_detectorchooser.cpp";
			refType = 4;
			sourceTree = "SOURCE_ROOT";
			lastKnownFileType = "sourcecode.cpp.cpp";
		};
		41EB956176F5BD75E7CD2F4D = {
			fileRef = "9A253C9589CCA052BF5CFA5D";
			isa = PBXBuildFile;
			settings = {
				ATTRIBUTES = (
					);
			};
		};
		BE0DB0BC5468E8DCBD3F520B = {
			isa = PBXFileReference;
			name = "moc_Drudeoptions.cpp";
			path = "moc_Drudeoptions.cpp";
			refType = 4;
			sourceTree = "SOURCE_ROOT";
			lastKnownFileType = "sourcecode.cpp.cpp";
		};
		6864352F0EE7B8E243B67AFA = {
			fileRef = "BE0DB0BC5468E8DCBD3F520B";
			isa = PBXBuildFile;
			settings = {
				ATTRIBUTES = (
					);
			};
		};
		D5AE8A5A498DD7A0593EA658 = {
			isa = PBXFileReference;
			name = "moc_equalizer.cpp";
			path = "moc_equalizer.cpp";
			refType = 4;
			sourceTree = "SOURCE_ROOT";
			lastKnownFileType = "sourcecode.cpp.cpp";
		};
		CB279AE3C86CA9B9EA5EE6A7 = {
			fileRef = "D5AE8A5A498DD7A0593EA658";
			isa = PBXBuildFile;
			settings = {
				ATTRIBUTES = (
					);
			};
		};
		A291D2A015AFE383AEF94A33 = {
			isa = PBXFileReference;
			name = "moc_fileopener.cpp";
			path = "moc_fileopener.cpp";
			refType = 4;
			sourceTree = "SOURCE_ROOT";
			lastKnownFileType = "sourcecode.cpp.cpp";
		};
		5108FF3AEEF19EF64AA097EA = {
			fileRef = "A291D2A015AFE383AEF94A33";
			isa = PBXBuildFile;
			settings = {
				ATTRIBUTES = (
					);
			};
		};
		98D6F057B86F4908560DBBBF = {
			isa = PBXFileReference;
			name = "moc_fitter_dialog.cpp";
			path = "moc_fitter_dialog.cpp";
			refType = 4;
			sourceTree = "SOURCE_ROOT";
			lastKnownFileType = "sourcecode.cpp.cpp";
		};
		A943B465D3AE79BC1CD61BE9 = {
			fileRef = "98D6F057B86F4908560DBBBF";
			isa = PBXBuildFile;
			settings = {
				ATTRIBUTES = (
					);
			};
		};
		5D8502137C7C6A5D7FB0EE6E = {
			isa = PBXFileReference;
			name = "moc_fitterchooser.cpp";
			path = "moc_fitterchooser.cpp";
			refType = 4;
			sourceTree = "SOURCE_ROOT";
			lastKnownFileType = "sourcecode.cpp.cpp";
		};
		578E90A73855224A33ADB2F9 = {
			fileRef = "5D8502137C7C6A5D7FB0EE6E";
			isa = PBXBuildFile;
			settings = {
				ATTRIBUTES = (
					);
			};
		};
		DB3AC710975EFD80404304F6 = {
			isa = PBXFileReference;
			name = "moc_GDOSoptions.cpp";
			path = "moc_GDOSoptions.cpp";
			refType = 4;
			sourceTree = "SOURCE_ROOT";
			lastKnownFileType = "sourcecode.cpp.cpp";
		};
		848D7E75CA5A6C7B52E6E439 = {
			fileRef = "DB3AC710975EFD80404304F6";
			isa = PBXBuildFile;
			settings = {
				ATTRIBUTES = (
					);
			};
		};
		6774E59B0D423E946C1F154E = {
			isa = PBXFileReference;
			name = "moc_getfilename.cpp";
			path = "moc_getfilename.cpp";
			refType = 4;
			sourceTree = "SOURCE_ROOT";
			lastKnownFileType = "sourcecode.cpp.cpp";
		};
		EFDC9BE08C76683CDC5FEEEA = {
			fileRef = "6774E59B0D423E946C1F154E";
			isa = PBXBuildFile;
			settings = {
				ATTRIBUTES = (
					);
			};
		};
		3A43DB5C37A9B85BD24C582F = {
			isa = PBXFileReference;
			name = "moc_getgraphptr.cpp";
			path = "moc_getgraphptr.cpp";
			refType = 4;
			sourceTree = "SOURCE_ROOT";
			lastKnownFileType = "sourcecode.cpp.cpp";
		};
		8DBECC89975B9C26305D131C = {
			fileRef = "3A43DB5C37A9B85BD24C582F";
			isa = PBXBuildFile;
			settings = {
				ATTRIBUTES = (
					);
			};
		};
		CEE0F8A614792056BA0295D0 = {
			isa = PBXFileReference;
			name = "moc_graph.cpp";
			path = "moc_graph.cpp";
			refType = 4;
			sourceTree = "SOURCE_ROOT";
			lastKnownFileType = "sourcecode.cpp.cpp";
		};
		F585AEF6448C28A03180AC8E = {
			fileRef = "CEE0F8A614792056BA0295D0";
			isa = PBXBuildFile;
			settings = {
				ATTRIBUTES = (
					);
			};
		};
		54FC6395ED75711EFCEA2DFE = {
			isa = PBXFileReference;
			name = "moc_hello.cpp";
			path = "moc_hello.cpp";
			refType = 4;
			sourceTree = "SOURCE_ROOT";
			lastKnownFileType = "sourcecode.cpp.cpp";
		};
		5987F218E63622E6B7EB335E = {
			fileRef = "54FC6395ED75711EFCEA2DFE";
			isa = PBXBuildFile;
			settings = {
				ATTRIBUTES = (
					);
			};
		};
		4DC58E5AEADBADC2AF68E18D = {
			isa = PBXFileReference;
			name = "moc_imagedisplay.cpp";
			path = "moc_imagedisplay.cpp";
			refType = 4;
			sourceTree = "SOURCE_ROOT";
			lastKnownFileType = "sourcecode.cpp.cpp";
		};
		40D3167856E6691949603550 = {
			fileRef = "4DC58E5AEADBADC2AF68E18D";
			isa = PBXBuildFile;
			settings = {
				ATTRIBUTES = (
					);
			};
		};
		771A5C840473188C1081C41C = {
			isa = PBXFileReference;
			name = "moc_integerinput.cpp";
			path = "moc_integerinput.cpp";
			refType = 4;
			sourceTree = "SOURCE_ROOT";
			lastKnownFileType = "sourcecode.cpp.cpp";
		};
		57A3ABBFE8F79D29DA28F531 = {
			fileRef = "771A5C840473188C1081C41C";
			isa = PBXBuildFile;
			settings = {
				ATTRIBUTES = (
					);
			};
		};
		509A48FA8AEE19065FB12E1D = {
			isa = PBXFileReference;
			name = "moc_interactive_parameter.cpp";
			path = "moc_interactive_parameter.cpp";
			refType = 4;
			sourceTree = "SOURCE_ROOT";
			lastKnownFileType = "sourcecode.cpp.cpp";
		};
		95EF35645E466EACDB872751 = {
			fileRef = "509A48FA8AEE19065FB12E1D";
			isa = PBXBuildFile;
			settings = {
				ATTRIBUTES = (
					);
			};
		};
		27E491205DBB7625977A84A9 = {
			isa = PBXFileReference;
			name = "moc_menu.cpp";
			path = "moc_menu.cpp";
			refType = 4;
			sourceTree = "SOURCE_ROOT";
			lastKnownFileType = "sourcecode.cpp.cpp";
		};
		E149F1375762B9CC9BF8DCF3 = {
			fileRef = "27E491205DBB7625977A84A9";
			isa = PBXBuildFile;
			settings = {
				ATTRIBUTES = (
					);
			};
		};
		D76744648320CBCD06D733E9 = {
			isa = PBXFileReference;
			name = "moc_monitorchooser.cpp";
			path = "moc_monitorchooser.cpp";
			refType = 4;
			sourceTree = "SOURCE_ROOT";
			lastKnownFileType = "sourcecode.cpp.cpp";
		};
		0C66B4C9901086605899A1A5 = {
			fileRef = "D76744648320CBCD06D733E9";
			isa = PBXBuildFile;
			settings = {
				ATTRIBUTES = (
					);
			};
		};
		DEF94781D92B3A8852505851 = {
			isa = PBXFileReference;
			name = "moc_realinput.cpp";
			path = "moc_realinput.cpp";
			refType = 4;
			sourceTree = "SOURCE_ROOT";
			lastKnownFileType = "sourcecode.cpp.cpp";
		};
		01BFF00E6D0CA057A197C9B3 = {
			fileRef = "DEF94781D92B3A8852505851";
			isa = PBXBuildFile;
			settings = {
				ATTRIBUTES = (
					);
			};
		};
		7B37FBD922601154B63AC0E6 = {
			isa = PBXFileReference;
			name = "moc_saysomething.cpp";
			path = "moc_saysomething.cpp";
			refType = 4;
			sourceTree = "SOURCE_ROOT";
			lastKnownFileType = "sourcecode.cpp.cpp";
		};
		A8A13C3CF851E334926EA440 = {
			fileRef = "7B37FBD922601154B63AC0E6";
			isa = PBXBuildFile;
			settings = {
				ATTRIBUTES = (
					);
			};
		};
		81E8A4C9FC7BF1CC34B3AB4A = {
			isa = PBXFileReference;
			name = "dieleclinear.h";
			path = "src/components/dieleclinear.h";
			refType = 4;
			sourceTree = "SOURCE_ROOT";
		};
		184AF37B091E1C7AEEEF9179 = {
			isa = PBXFileReference;
			name = "dielecmodel.h";
			path = "src/components/dielecmodel.h";
			refType = 4;
			sourceTree = "SOURCE_ROOT";
		};
		73951D3919D738E1B8CC3D96 = {
			isa = PBXFileReference;
			name = "dos.h";
			path = "src/components/dos.h";
			refType = 4;
			sourceTree = "SOURCE_ROOT";
		};
		BA55B932B0CB50A9A52AFCEA = {
			isa = PBXFileReference;
			name = "doslifetime.h";
			path = "src/components/doslifetime.h";
			refType = 4;
			sourceTree = "SOURCE_ROOT";
		};
		C5C4EBD62C628F33FFC0B59C = {
			isa = PBXFileReference;
			name = "doslifetimespline.h";
			path = "src/components/doslifetimespline.h";
			refType = 4;
			sourceTree = "SOURCE_ROOT";
		};
		CDB7ED86E7B65441F033F6F6 = {
			isa = PBXFileReference;
			name = "drudelorentz.h";
			path = "src/components/drudelorentz.h";
			refType = 4;
			sourceTree = "SOURCE_ROOT";
		};
		5CF742CCB750227E948B0ABF = {
			isa = PBXFileReference;
			name = "edgefile.h";
			path = "src/components/edgefile.h";
			refType = 4;
			sourceTree = "SOURCE_ROOT";
		};
		1F9381E5D820B13B08BFF991 = {
			isa = PBXFileReference;
			name = "eshift.h";
			path = "src/components/eshift.h";
			refType = 4;
			sourceTree = "SOURCE_ROOT";
		};
		8B902F4DD5E0852E17E6AE87 = {
			isa = PBXFileReference;
			name = "expbackground.h";
			path = "src/components/expbackground.h";
			refType = 4;
			sourceTree = "SOURCE_ROOT";
		};
		32E4762935D1D7986E8BEA9D = {
			isa = PBXFileReference;
			name = "fixedpattern.h";
			path = "src/components/fixedpattern.h";
			refType = 4;
			sourceTree = "SOURCE_ROOT";
		};
		F3869F227F62BABEFA092969 = {
			isa = PBXFileReference;
			name = "fowler.h";
			path = "src/components/fowler.h";
			refType = 4;
			sourceTree = "SOURCE_ROOT";
		};
		03A0913E8DCDDF06CA714760 = {
			isa = PBXFileReference;
			name = "gaussian.h";
			path = "src/components/gaussian.h";
			refType = 4;
			sourceTree = "SOURCE_ROOT";
		};
		46B77F23E66C0DEC183B5376 = {
			isa = PBXFileReference;
			name = "gdos.h";
			path = "src/components/gdos.h";
			refType = 4;
			sourceTree = "SOURCE_ROOT";
		};
		F1038D0C1430B241E9C3A37D = {
			isa = PBXFileReference;
			name = "hsedge.h";
			path = "src/components/hsedge.h";
			refType = 4;
			sourceTree = "SOURCE_ROOT";
		};
		994EC69D0FA834AD05F5EFE7 = {
			isa = PBXFileReference;
			name = "kedge.h";
			path = "src/components/kedge.h";
			refType = 4;
			sourceTree = "SOURCE_ROOT";
		};
		010709B9F0DE9CA7E16CE224 = {
			isa = PBXFileReference;
			name = "kedgerel.h";
			path = "src/components/kedgerel.h";
			refType = 4;
			sourceTree = "SOURCE_ROOT";
		};
		E2783BFC398CE476823468F6 = {
			isa = PBXFileReference;
			name = "ledge.h";
			path = "src/components/ledge.h";
			refType = 4;
			sourceTree = "SOURCE_ROOT";
		};
		2309D97239E5326D98F637D6 = {
			isa = PBXFileReference;
			name = "line.h";
			path = "src/components/line.h";
			refType = 4;
			sourceTree = "SOURCE_ROOT";
		};
		A706252CD48D3A03368BDC85 = {
			isa = PBXFileReference;
			name = "logpoly.h";
			path = "src/components/logpoly.h";
			refType = 4;
			sourceTree = "SOURCE_ROOT";
		};
		8D23C4BFD078EE11C96D4CEE = {
			isa = PBXFileReference;
			name = "lorentz.h";
			path = "src/components/lorentz.h";
			refType = 4;
			sourceTree = "SOURCE_ROOT";
		};
		1697E88EBEF31B65F8B28BC6 = {
			isa = PBXFileReference;
			name = "mscatter.h";
			path = "src/components/mscatter.h";
			refType = 4;
			sourceTree = "SOURCE_ROOT";
		};
		D11097D6E76A34E110EC24C4 = {
			isa = PBXFileReference;
			name = "mscatterexpfft.h";
			path = "src/components/mscatterexpfft.h";
			refType = 4;
			sourceTree = "SOURCE_ROOT";
		};
		4AD27C7D95C2270CAD70F1EB = {
			isa = PBXFileReference;
			name = "mscatterfft.h";
			path = "src/components/mscatterfft.h";
			refType = 4;
			sourceTree = "SOURCE_ROOT";
		};
		5A90947F985B18F30170579E = {
			isa = PBXFileReference;
			name = "mycomponents.h";
			path = "src/components/mycomponents.h";
			refType = 4;
			sourceTree = "SOURCE_ROOT";
		};
		FFB8B9B5B05393B0B42F99D9 = {
			isa = PBXFileReference;
			name = "pearsonIV.h";
			path = "src/components/pearsonIV.h";
			refType = 4;
			sourceTree = "SOURCE_ROOT";
		};
		8860BF418B4ADAADB75621B4 = {
			isa = PBXFileReference;
			name = "plasmon.h";
			path = "src/components/plasmon.h";
			refType = 4;
			sourceTree = "SOURCE_ROOT";
		};
		0F70F5A6AD87BC7BD714835D = {
			isa = PBXFileReference;
			name = "powerlaw.h";
			path = "src/components/powerlaw.h";
			refType = 4;
			sourceTree = "SOURCE_ROOT";
		};
		5DF8B438EA2BA4FADD03DF3C = {
			isa = PBXFileReference;
			name = "pseudovoigt.h";
			path = "src/components/pseudovoigt.h";
			refType = 4;
			sourceTree = "SOURCE_ROOT";
		};
		7CB1A2F191B4C7730D671CCC = {
			isa = PBXFileReference;
			name = "spinsplitedge.h";
			path = "src/components/spinsplitedge.h";
			refType = 4;
			sourceTree = "SOURCE_ROOT";
		};
		94B9FC792FD98D68CC6721E5 = {
			isa = PBXFileReference;
			name = "spinsplitedgegap.h";
			path = "src/components/spinsplitedgegap.h";
			refType = 4;
			sourceTree = "SOURCE_ROOT";
		};
		2D6163088D25A6A415B0B332 = {
			isa = PBXFileReference;
			name = "spinsplitedgehyd.h";
			path = "src/components/spinsplitedgehyd.h";
			refType = 4;
			sourceTree = "SOURCE_ROOT";
		};
		90E3E4525B3CBF4BBC4515F0 = {
			isa = PBXFileReference;
			name = "bandedmatrix.h";
			path = "src/core/bandedmatrix.h";
			refType = 4;
			sourceTree = "SOURCE_ROOT";
		};
		F10CA26DB510549FE78E1A76 = {
			isa = PBXFileReference;
			name = "chisquare.h";
			path = "src/core/chisquare.h";
			refType = 4;
			sourceTree = "SOURCE_ROOT";
		};
		6D09B2A5145405B5C5E7CC31 = {
			isa = PBXFileReference;
			name = "component.h";
			path = "src/core/component.h";
			refType = 4;
			sourceTree = "SOURCE_ROOT";
		};
		979A27F6FBC00AC08A6887FA = {
			isa = PBXFileReference;
			name = "cslice_iter.h";
			path = "src/core/cslice_iter.h";
			refType = 4;
			sourceTree = "SOURCE_ROOT";
		};
		969EAD5A13DEF60B12AD3F49 = {
			isa = PBXFileReference;
			name = "curvematrix.h";
			path = "src/core/curvematrix.h";
			refType = 4;
			sourceTree = "SOURCE_ROOT";
		};
		0D2A1254A571D5F41CC6A955 = {
			isa = PBXFileReference;
			name = "debug_new.h";
			path = "src/core/debug_new.h";
			refType = 4;
			sourceTree = "SOURCE_ROOT";
		};
		7070C8A228FBE89073607931 = {
			isa = PBXFileReference;
			name = "eelsmodel.h";
			path = "src/core/eelsmodel.h";
			refType = 4;
			sourceTree = "SOURCE_ROOT";
		};
		95B3584BA7F1FFB8BF4AB58A = {
			isa = PBXFileReference;
			name = "fftw++.h";
			path = "src/core/fftw++.h";
			refType = 4;
			sourceTree = "SOURCE_ROOT";
		};
		6C3D3212F45CAA1AA1B81C17 = {
			isa = PBXFileReference;
			name = "image.h";
			path = "src/core/image.h";
			refType = 4;
			sourceTree = "SOURCE_ROOT";
		};
		54EB186552FEE73548B65926 = {
			isa = PBXFileReference;
			name = "invert_matrix.hpp";
			path = "src/core/invert_matrix.hpp";
			refType = 4;
			sourceTree = "SOURCE_ROOT";
		};
		75AE514F09741199FADE99B9 = {
			isa = PBXFileReference;
			name = "model.h";
			path = "src/core/model.h";
			refType = 4;
			sourceTree = "SOURCE_ROOT";
		};
		0B9570B7BA6B9D4D2095F49C = {
			isa = PBXFileReference;
			name = "monitor.h";
			path = "src/core/monitor.h";
			refType = 4;
			sourceTree = "SOURCE_ROOT";
		};
		11A71BD975D6BA85550E201D = {
			isa = PBXFileReference;
			name = "multibyte.h";
			path = "src/core/multibyte.h";
			refType = 4;
			sourceTree = "SOURCE_ROOT";
		};
		DB1EB46AE02E7BEE233368DB = {
			isa = PBXFileReference;
			name = "multispectrum.h";
			path = "src/core/multispectrum.h";
			refType = 4;
			sourceTree = "SOURCE_ROOT";
		};
		66528A0694762AC7293B4D6A = {
			isa = PBXFileReference;
			name = "parameter.h";
			path = "src/core/parameter.h";
			refType = 4;
			sourceTree = "SOURCE_ROOT";
		};
		C9F8D89799B3B0E38896B554 = {
			isa = PBXFileReference;
			name = "slice_iter.h";
			path = "src/core/slice_iter.h";
			refType = 4;
			sourceTree = "SOURCE_ROOT";
		};
		A330AF5F9D18414D925A6FDD = {
			isa = PBXFileReference;
			name = "spectrum.h";
			path = "src/core/spectrum.h";
			refType = 4;
			sourceTree = "SOURCE_ROOT";
		};
		20249CF637B0ED7F387FCADF = {
			isa = PBXFileReference;
			name = "tag.h";
			path = "src/core/tag.h";
			refType = 4;
			sourceTree = "SOURCE_ROOT";
		};
		8FD452A4447D00EF143BD5D5 = {
			isa = PBXFileReference;
			name = "fitter.h";
			path = "src/fitters/fitter.h";
			refType = 4;
			sourceTree = "SOURCE_ROOT";
		};
		3001673DB86AE2107DE72CD6 = {
			isa = PBXFileReference;
			name = "levenbergmarquardt.h";
			path = "src/fitters/levenbergmarquardt.h";
			refType = 4;
			sourceTree = "SOURCE_ROOT";
		};
		50DC461550AAC305A3C01BC7 = {
			isa = PBXFileReference;
			name = "lsqfitter.h";
			path = "src/fitters/lsqfitter.h";
			refType = 4;
			sourceTree = "SOURCE_ROOT";
		};
		69DC6D4F168998A2823D7287 = {
			isa = PBXFileReference;
			name = "mlfitter.h";
			path = "src/fitters/mlfitter.h";
			refType = 4;
			sourceTree = "SOURCE_ROOT";
		};
		EB0E9A5174FC4D8BB3999E28 = {
			isa = PBXFileReference;
			name = "mlfitter_gsl.h";
			path = "src/fitters/mlfitter_gsl.h";
			refType = 4;
			sourceTree = "SOURCE_ROOT";
		};
		A9E9CBAFF80368733EA5BF29 = {
			isa = PBXFileReference;
			name = "wlsqfitter.h";
			path = "src/fitters/wlsqfitter.h";
			refType = 4;
			sourceTree = "SOURCE_ROOT";
		};
		1C95836F0588CEF403A6182D = {
			isa = PBXFileReference;
			name = "atomchooser.h";
			path = "src/gui/atomchooser.h";
			refType = 4;
			sourceTree = "SOURCE_ROOT";
		};
		0EEFB6FC5C1D72EC961072F6 = {
			isa = PBXFileReference;
			name = "componentmaintenance.h";
			path = "src/gui/componentmaintenance.h";
			refType = 4;
			sourceTree = "SOURCE_ROOT";
		};
		91FE34AF36CEE5F65BBEDA61 = {
			isa = PBXFileReference;
			name = "componentselector.h";
			path = "src/gui/componentselector.h";
			refType = 4;
			sourceTree = "SOURCE_ROOT";
		};
		03385F3CC4FD1FC65AFD2BC0 = {
			isa = PBXFileReference;
			name = "detectorchooser.h";
			path = "src/gui/detectorchooser.h";
			refType = 4;
			sourceTree = "SOURCE_ROOT";
		};
		3048B7DCFE4D6D21D6654F2A = {
			isa = PBXFileReference;
			name = "Drudeoptions.h";
			path = "src/gui/Drudeoptions.h";
			refType = 4;
			sourceTree = "SOURCE_ROOT";
		};
		A230387805032D0BC6378583 = {
			isa = PBXFileReference;
			name = "energies.h";
			path = "src/gui/energies.h";
			refType = 4;
			sourceTree = "SOURCE_ROOT";
		};
		B656DA79070AA10BFFAE08E5 = {
			isa = PBXFileReference;
			name = "equalizer.h";
			path = "src/gui/equalizer.h";
			refType = 4;
			sourceTree = "SOURCE_ROOT";
		};
		172C6C1A4F46B709D929A795 = {
			isa = PBXFileReference;
			name = "fileopener.h";
			path = "src/gui/fileopener.h";
			refType = 4;
			sourceTree = "SOURCE_ROOT";
		};
		21EF92A89AB2B9D89D63AFC8 = {
			isa = PBXFileReference;
			name = "fitter_dialog.h";
			path = "src/gui/fitter_dialog.h";
			refType = 4;
			sourceTree = "SOURCE_ROOT";
		};
		3ADE970626E00444FC776540 = {
			isa = PBXFileReference;
			name = "fitterchooser.h";
			path = "src/gui/fitterchooser.h";
			refType = 4;
			sourceTree = "SOURCE_ROOT";
		};
		7AE00C4C11F52CF12C7A1C94 = {
			isa = PBXFileReference;
			name = "GDOSoptions.h";
			path = "src/gui/GDOSoptions.h";
			refType = 4;
			sourceTree = "SOURCE_ROOT";
		};
		CD1BEF77ECC4D9AE978FB61D = {
			isa = PBXFileReference;
			name = "getfilename.h";
			path = "src/gui/getfilename.h";
			refType = 4;
			sourceTree = "SOURCE_ROOT";
		};
		E2F5936B60561B58224D9BAF = {
			isa = PBXFileReference;
			name = "getgraphptr.h";
			path = "src/gui/getgraphptr.h";
			refType = 4;
			sourceTree = "SOURCE_ROOT";
		};
		DA3D05AAD05ABDC9F9B2A1F0 = {
			isa = PBXFileReference;
			name = "gettopspectrum.h";
			path = "src/gui/gettopspectrum.h";
			refType = 4;
			sourceTree = "SOURCE_ROOT";
		};
		2404EE6051044848B71D2377 = {
			isa = PBXFileReference;
			name = "graph.h";
			path = "src/gui/graph.h";
			refType = 4;
			sourceTree = "SOURCE_ROOT";
		};
		E8E292587816563D19F9BDF0 = {
			isa = PBXFileReference;
			name = "hello.h";
			path = "src/gui/hello.h";
			refType = 4;
			sourceTree = "SOURCE_ROOT";
		};
		4DFB642794125A56221000CD = {
			isa = PBXFileReference;
			name = "imagedisplay.h";
			path = "src/gui/imagedisplay.h";
			refType = 4;
			sourceTree = "SOURCE_ROOT";
		};
		6873970B5BBAE33C87F30C4E = {
			isa = PBXFileReference;
			name = "integerinput.h";
			path = "src/gui/integerinput.h";
			refType = 4;
			sourceTree = "SOURCE_ROOT";
		};
		F4467C1B2908A461843365D2 = {
			isa = PBXFileReference;
			name = "interactive_parameter.h";
			path = "src/gui/interactive_parameter.h";
			refType = 4;
			sourceTree = "SOURCE_ROOT";
		};
		E3DAD4F50AD84FDB852A83BB = {
			isa = PBXFileReference;
			name = "mendeleev.h";
			path = "src/gui/mendeleev.h";
			refType = 4;
			sourceTree = "SOURCE_ROOT";
		};
		6EF6602C1E44DCBF7B8F6B61 = {
			isa = PBXFileReference;
			name = "menu.h";
			path = "src/gui/menu.h";
			refType = 4;
			sourceTree = "SOURCE_ROOT";
		};
		DE77EDEDCAE1BC11C0D30499 = {
			isa = PBXFileReference;
			name = "monitorchooser.h";
			path = "src/gui/monitorchooser.h";
			refType = 4;
			sourceTree = "SOURCE_ROOT";
		};
		DC657F7A62C5FFEDD9B9AF14 = {
			isa = PBXFileReference;
			name = "realinput.h";
			path = "src/gui/realinput.h";
			refType = 4;
			sourceTree = "SOURCE_ROOT";
		};
		302E67BCB765EB9F01D1AD12 = {
			isa = PBXFileReference;
			name = "saysomething.h";
			path = "src/gui/saysomething.h";
			refType = 4;
			sourceTree = "SOURCE_ROOT";
		};
		350032632900177EA93B38C1 = {
			isa = PBXFileReference;
			name = "locked.xpm";
			path = "icons/locked.xpm";
			refType = 4;
			sourceTree = "SOURCE_ROOT";
		};
		D62CC9570ECD932C218D3B75 = {
			isa = PBXFileReference;
			name = "unlock.xpm";
			path = "icons/unlock.xpm";
			refType = 4;
			sourceTree = "SOURCE_ROOT";
		};
		B3F4181625934D5BC719F84C = {
			isa = PBXFileReference;
			name = "linked.xpm";
			path = "icons/linked.xpm";
			refType = 4;
			sourceTree = "SOURCE_ROOT";
		};
		E8C263EA0D681CD5EE864FEC = {
			isa = PBXFileReference;
			name = "add.xpm";
			path = "icons/add.xpm";
			refType = 4;
			sourceTree = "SOURCE_ROOT";
		};
		32831A8AAFFBF65ED6C8CDCA = {
			isa = PBXFileReference;
			name = "remove.xpm";
			path = "icons/remove.xpm";
			refType = 4;
			sourceTree = "SOURCE_ROOT";
		};
		CEE0FC1B9F96240305385A52 = {
			isa = PBXFileReference;
			name = "info.xpm";
			path = "icons/info.xpm";
			refType = 4;
			sourceTree = "SOURCE_ROOT";
		};
		F1B538ECE0BEBF30209C5981 = {
			isa = PBXFileReference;
			name = "ok.xpm";
			path = "icons/ok.xpm";
			refType = 4;
			sourceTree = "SOURCE_ROOT";
		};
		97D2267082E37EB4B7D687A9 = {
			isa = PBXFileReference;
			name = "monitor.xpm";
			path = "icons/monitor.xpm";
			refType = 4;
			sourceTree = "SOURCE_ROOT";
		};
		36DDAD89912DD4D2CEF8428D = {
			isa = PBXFileReference;
			name = "atomwiz.xpm";
			path = "icons/atomwiz.xpm";
			refType = 4;
			sourceTree = "SOURCE_ROOT";
		};
		3192ABBBDFD6DAE9F63A1E40 = {
			isa = PBXFileReference;
			name = "eelsmodel_3_3.xpm";
			path = "welcomescreen/eelsmodel_3_3.xpm";
			refType = 4;
			sourceTree = "SOURCE_ROOT";
		};
		686BC3ADD9AE5F76C36975B7 = {
			isa = PBXFileReference;
			name = "licence.txt";
			path = "src/gui/licence.txt";
			refType = 4;
			sourceTree = "SOURCE_ROOT";
		};
		110082DA7AAA3814882B8EF6 = {
			isa = PBXFileReference;
			name = "filesave.xpm";
			path = "icons/filesave.xpm";
			refType = 4;
			sourceTree = "SOURCE_ROOT";
		};
		62295E5B75829D5511176667 = {
			isa = PBXFileReference;
			name = "fileopen.xpm";
			path = "icons/fileopen.xpm";
			refType = 4;
			sourceTree = "SOURCE_ROOT";
		};
		D5AD801ED978F618366D3177 = {
			isa = PBXFileReference;
			name = "filenew.xpm";
			path = "icons/filenew.xpm";
			refType = 4;
			sourceTree = "SOURCE_ROOT";
		};
		FFB0BC1CA620025601181D8F = {
			isa = PBXFileReference;
			name = "previous.xpm";
			path = "icons/previous.xpm";
			refType = 4;
			sourceTree = "SOURCE_ROOT";
		};
		9A6DB33825533881CB72C256 = {
			isa = PBXFileReference;
			name = "rectangle.xpm";
			path = "icons/rectangle.xpm";
			refType = 4;
			sourceTree = "SOURCE_ROOT";
		};
		641C360BF33772A71C15D9BA = {
			isa = PBXFileReference;
			name = "zoom.xpm";
			path = "icons/zoom.xpm";
			refType = 4;
			sourceTree = "SOURCE_ROOT";
		};
		4B3CD321CA5BF89D94201915 = {
			isa = PBXFileReference;
			name = "gohome.xpm";
			path = "icons/gohome.xpm";
			refType = 4;
			sourceTree = "SOURCE_ROOT";
		};
		362D007390392119BA44EC07 = {
			isa = PBXFileReference;
			name = "connect_established.xpm";
			path = "icons/connect_established.xpm";
			refType = 4;
			sourceTree = "SOURCE_ROOT";
		};
		92D36853C9E658CEE72D5450 = {
			isa = PBXFileReference;
			name = "eelsmodel.pro";
			path = "eelsmodel.pro";
			refType = 4;
			sourceTree = "SOURCE_ROOT";
		};
		883D7615C4D2DE3FA1218F12 = {
			isa = PBXGroup;
			children = (
				"F4AF6147B42623F6B3284738",
				"F7FA9F672E5D4EB2F00B2C51",
				"F47A90E2DF1DE7C6809A1BF4");
			name = "Headers";
			refType = 4;
			sourceTree = "<Group>";
		};
		F7FA9F672E5D4EB2F00B2C51 = {
			isa = PBXGroup;
			children = (
				"350032632900177EA93B38C1",
				"D62CC9570ECD932C218D3B75",
				"B3F4181625934D5BC719F84C",
				"E8C263EA0D681CD5EE864FEC",
				"32831A8AAFFBF65ED6C8CDCA",
				"CEE0FC1B9F96240305385A52",
				"F1B538ECE0BEBF30209C5981",
				"97D2267082E37EB4B7D687A9",
				"36DDAD89912DD4D2CEF8428D",
				"110082DA7AAA3814882B8EF6",
				"62295E5B75829D5511176667",
				"D5AD801ED978F618366D3177",
				"FFB0BC1CA620025601181D8F",
				"9A6DB33825533881CB72C256",
				"641C360BF33772A71C15D9BA",
				"4B3CD321CA5BF89D94201915",
				"362D007390392119BA44EC07");
			name = "icons";
			refType = 4;
			sourceTree = "<Group>";
		};
		F4AF6147B42623F6B3284738 = {
			isa = PBXGroup;
			children = (
				"309E1981E7D227EC907F3412",
				"E000EDC1A794030A04584802",
				"54145A6EC3D02086F8B3CFFC",
				"DEC405483433E7DB2062033F");
			name = "src";
			refType = 4;
			sourceTree = "<Group>";
		};
		309E1981E7D227EC907F3412 = {
			isa = PBXGroup;
			children = (
				"81E8A4C9FC7BF1CC34B3AB4A",
				"184AF37B091E1C7AEEEF9179",
				"73951D3919D738E1B8CC3D96",
				"BA55B932B0CB50A9A52AFCEA",
				"C5C4EBD62C628F33FFC0B59C",
				"CDB7ED86E7B65441F033F6F6",
				"5CF742CCB750227E948B0ABF",
				"1F9381E5D820B13B08BFF991",
				"8B902F4DD5E0852E17E6AE87",
				"32E4762935D1D7986E8BEA9D",
				"F3869F227F62BABEFA092969",
				"03A0913E8DCDDF06CA714760",
				"46B77F23E66C0DEC183B5376",
				"F1038D0C1430B241E9C3A37D",
				"994EC69D0FA834AD05F5EFE7",
				"010709B9F0DE9CA7E16CE224",
				"E2783BFC398CE476823468F6",
				"2309D97239E5326D98F637D6",
				"A706252CD48D3A03368BDC85",
				"8D23C4BFD078EE11C96D4CEE",
				"1697E88EBEF31B65F8B28BC6",
				"D11097D6E76A34E110EC24C4",
				"4AD27C7D95C2270CAD70F1EB",
				"5A90947F985B18F30170579E",
				"FFB8B9B5B05393B0B42F99D9",
				"8860BF418B4ADAADB75621B4",
				"0F70F5A6AD87BC7BD714835D",
				"5DF8B438EA2BA4FADD03DF3C",
				"7CB1A2F191B4C7730D671CCC",
				"94B9FC792FD98D68CC6721E5",
				"2D6163088D25A6A415B0B332");
			name = "components";
			refType = 4;
			sourceTree = "<Group>";
		};
		E000EDC1A794030A04584802 = {
			isa = PBXGroup;
			children = (
				"90E3E4525B3CBF4BBC4515F0",
				"F10CA26DB510549FE78E1A76",
				"6D09B2A5145405B5C5E7CC31",
				"979A27F6FBC00AC08A6887FA",
				"969EAD5A13DEF60B12AD3F49",
				"0D2A1254A571D5F41CC6A955",
				"7070C8A228FBE89073607931",
				"95B3584BA7F1FFB8BF4AB58A",
				"6C3D3212F45CAA1AA1B81C17",
				"54EB186552FEE73548B65926",
				"75AE514F09741199FADE99B9",
				"0B9570B7BA6B9D4D2095F49C",
				"11A71BD975D6BA85550E201D",
				"DB1EB46AE02E7BEE233368DB",
				"66528A0694762AC7293B4D6A",
				"C9F8D89799B3B0E38896B554",
				"A330AF5F9D18414D925A6FDD",
				"20249CF637B0ED7F387FCADF");
			name = "core";
			refType = 4;
			sourceTree = "<Group>";
		};
		54145A6EC3D02086F8B3CFFC = {
			isa = PBXGroup;
			children = (
				"8FD452A4447D00EF143BD5D5",
				"3001673DB86AE2107DE72CD6",
				"50DC461550AAC305A3C01BC7",
				"69DC6D4F168998A2823D7287",
				"EB0E9A5174FC4D8BB3999E28",
				"A9E9CBAFF80368733EA5BF29");
			name = "fitters";
			refType = 4;
			sourceTree = "<Group>";
		};
		DEC405483433E7DB2062033F = {
			isa = PBXGroup;
			children = (
				"1C95836F0588CEF403A6182D",
				"0EEFB6FC5C1D72EC961072F6",
				"91FE34AF36CEE5F65BBEDA61",
				"03385F3CC4FD1FC65AFD2BC0",
				"3048B7DCFE4D6D21D6654F2A",
				"A230387805032D0BC6378583",
				"B656DA79070AA10BFFAE08E5",
				"172C6C1A4F46B709D929A795",
				"21EF92A89AB2B9D89D63AFC8",
				"3ADE970626E00444FC776540",
				"7AE00C4C11F52CF12C7A1C94",
				"CD1BEF77ECC4D9AE978FB61D",
				"E2F5936B60561B58224D9BAF",
				"DA3D05AAD05ABDC9F9B2A1F0",
				"2404EE6051044848B71D2377",
				"E8E292587816563D19F9BDF0",
				"4DFB642794125A56221000CD",
				"6873970B5BBAE33C87F30C4E",
				"F4467C1B2908A461843365D2",
				"E3DAD4F50AD84FDB852A83BB",
				"6EF6602C1E44DCBF7B8F6B61",
				"DE77EDEDCAE1BC11C0D30499",
				"DC657F7A62C5FFEDD9B9AF14",
				"302E67BCB765EB9F01D1AD12",
				"686BC3ADD9AE5F76C36975B7");
			name = "gui";
			refType = 4;
			sourceTree = "<Group>";
		};
		F47A90E2DF1DE7C6809A1BF4 = {
			isa = PBXGroup;
			children = (
				"3192ABBBDFD6DAE9F63A1E40");
			name = "welcomescreen";
			refType = 4;
			sourceTree = "<Group>";
		};
		80594147FF38978F0E91964D = {
			isa = PBXGroup;
			children = (
				"B25E4E5F629EA710CF8A848F");
			name = "icons";
			refType = 4;
			sourceTree = "<Group>";
		};
		06674E1DE8D3EB6E763DFFDA = {
			isa = PBXGroup;
			children = (
				"23EF2BDCA58A7B60EE02DFAA",
				"7B1803210163B1ACC420DB06",
				"F48F28D7DEB4E51CAAC13127",
				"DBBF9A8E3A15291CD4189458");
			name = "src";
			refType = 4;
			sourceTree = "<Group>";
		};
		23EF2BDCA58A7B60EE02DFAA = {
			isa = PBXGroup;
			children = (
				"A56D4B070414F12EBCD5971A",
				"FCE5B654651533DEC4AA94FA",
				"EC0CDB15DFCF0C43F13A889D",
				"E9B3B6EEC7878AD7E45876E8",
				"F89C1DC09356DAC82C95D96D",
				"19D80B8058CA8D3674708EE3",
				"87D3A9EBF91A6795C46C5B0F",
				"81B59BE275922DACF46FE348",
				"55F3D8DD79E2E502EC098D68",
				"5524CA8E05E4F0EA29C7472F",
				"33AD14C01BD677FB23E3D077",
				"021D0B9B4E890CB42162A99C",
				"95461AE96736F876A285F254",
				"8636A61BE2A7554BBB9ACC8E",
				"266E5A0792613C6AEC11CBF6",
				"0EDF5EBFBDAA8E7B31B7E7FD",
				"67EDDFFABDCAABAD1741DEFA",
				"6528843637BADA192BEC253C",
				"4BE04AF28C0C5CFF8AC7829D",
				"FF8A36011FAA215ADDA5D9ED",
				"B27EE3A03CF485F4D75C9E6E",
				"B4729EAE9F640E905B53C36B",
				"A2A64FFD8E7B5944A3DB0E22",
				"9867F73A388AFC1E54572F9A",
				"1266B11122FB11F1013A6904",
				"BC6D09285586C8109F4F6F4F",
				"57185EC8732B28F01856E252",
				"864531A36C2D8D243CCB3004",
				"3D29600A9214B40E8E047AFD");
			name = "components";
			refType = 4;
			sourceTree = "<Group>";
		};
		7B1803210163B1ACC420DB06 = {
			isa = PBXGroup;
			children = (
				"0B574E8142C24A84ECDB1E85",
				"5ACBD1E7672F2138184DEB74",
				"BDCA735FDDB5AF096447C2DC",
				"C0D1AA7C0F34B7AF9A357F6F",
				"111E9032BC273F3C8173C46D",
				"AFEE76769A5886F710BF5629",
				"9F94E325C9CD33771A65A287",
				"76912C2124D0F1921F5BF991",
				"01990F45B9969995EFD40205",
				"A045455EDA6E0B285667375E",
				"D9ABA85EC00CA9FD75227DCB",
				"E765527D68B42EBC7017F0F8",
				"B5C9753702CF711F12421EA5",
				"B8ED6FF9DF9D8060152E6BDA",
				"EB4BF71B8E94B76B6CB862F4",
				"73E92EFE9CB2360D78D34548",
				"41EF990876A377977A8CC641");
			name = "core";
			refType = 4;
			sourceTree = "<Group>";
		};
		F48F28D7DEB4E51CAAC13127 = {
			isa = PBXGroup;
			children = (
				"54440F48A2A8736486A79B34",
				"1CD501261C450CDC050584B7",
				"07124C5DA46A02824B1AC1AB",
				"EBDEEA9F484068D9CFE667B7",
				"B9E7C2A4F8327FA23DD5077C",
				"EACC07B703CE088D85623A7C");
			name = "fitters";
			refType = 4;
			sourceTree = "<Group>";
		};
		DBBF9A8E3A15291CD4189458 = {
			isa = PBXGroup;
			children = (
				"B5E056B853FAF4AB3BC942A3",
				"47415887E783F636EE3C2A33",
				"65DF38639C59037B27325979",
				"392E7E551DFA29A5C509ED49",
				"105AFA8CA777CF87E7113746",
				"D35270AF5FE58B3112CDBF7D",
				"5AAD4F2709E3605B3709C836",
				"B81A64BA9DECAE975F94DE5D",
				"12D55FB8989D86D36635EBD4",
				"58F6A9EE711D959C710D5BD4",
				"9EA723DE3169DFC0BC4EA14C",
				"287B170688B0C9246C2799BD",
				"BF8409D08DEFA035A5AC4C3E",
				"F47A61BE2D664C3870FF81B2",
				"A59A1EC17AAC1742D0E29244",
				"19C2D065FA911493D9C152FA",
				"F4F087A4014B22DCFD965DEB",
				"456362E7F7916B594B022B04",
				"EECDD646275FCFFBDF82EA26",
				"F06138CADCA4720AEA219E9B",
				"B101BCDF9FB4B9DC0537788A",
				"ACF56E233D213A51343E17C0");
			name = "gui";
			refType = 4;
			sourceTree = "<Group>";
		};
		FB61758D0F0FDA4BA867C3D5 = {
			isa = PBXGroup;
			children = (
				"06674E1DE8D3EB6E763DFFDA",
				"80594147FF38978F0E91964D");
			name = "Sources";
			refType = 4;
			sourceTree = "<Group>";
		};
		7CABE3C80E79AD2B307756D2 = {
			isa = PBXGroup;
			children = (
				"92D36853C9E658CEE72D5450");
			name = "Sources [qmake]";
			refType = 4;
			sourceTree = "<Group>";
		};
		46E892BBB6BB6952967E0561 = {
			isa = PBXGroup;
			children = (
				"A548E96B2EEBEBED9E7EEFA7",
				"D10F9FD4242F74A5343065F8",
				"B01D75763E2556938705D1CD",
				"3A39179EC5AFB5750661BC01",
				"30EB24CBCAB5991C19AF9F39",
				"9A253C9589CCA052BF5CFA5D",
				"BE0DB0BC5468E8DCBD3F520B",
				"D5AE8A5A498DD7A0593EA658",
				"A291D2A015AFE383AEF94A33",
				"98D6F057B86F4908560DBBBF",
				"5D8502137C7C6A5D7FB0EE6E",
				"DB3AC710975EFD80404304F6",
				"6774E59B0D423E946C1F154E",
				"3A43DB5C37A9B85BD24C582F",
				"CEE0F8A614792056BA0295D0",
				"54FC6395ED75711EFCEA2DFE",
				"4DC58E5AEADBADC2AF68E18D",
				"771A5C840473188C1081C41C",
				"509A48FA8AEE19065FB12E1D",
				"27E491205DBB7625977A84A9",
				"D76744648320CBCD06D733E9",
				"DEF94781D92B3A8852505851",
				"7B37FBD922601154B63AC0E6");
			name = "Temporary Sources";
			refType = 4;
			sourceTree = "<Group>";
		};
		A0A52A2ADF7A1E2A99738674 = {
			buildActionMask = 2147483647;
			files = (
				);
			generatedFileNames = (
				"D9B3B206B7BBBED5E5C495D6",
				"6971BA842CAC3BEC2DE2B70C",
				"C1061EA2F3E59C631F2A46E0",
				"07C5A6610FFC327BBD5BCD61",
				"B613B2D5FC4E7BBFAA29DBA9",
				"97C473752EC71C76562EEDF6",
				"B2B6EF38028A3827F4381F56",
				"9CEC75B51C70F119C2D261B3",
				"19DB746EEBDC952682A37850",
				"AFDBBF1D241D70386A939E9B",
				"92EAB4C50D693687170AAA5A",
				"1214B934F6A99AA2D3B22523",
				"9733D1E8F2C0A97B016D66A9",
				"ABCE27BD6734C0E70C10B2D8",
				"DF159FEC3AF13BC724978D32",
				"8E8BB6482A932A1D8F0CA248",
				"AEC86820B45781947370A1A1",
				"5CF1DE0B33521BAE87DC0936",
				"BD24E40B0357E505CEB86814",
				"CDA7C03DB97154B09DE9B22B",
				"1F32D8E4CEFE40800FE5B4E5",
				"8A1B730F67EF85D0136BC40F",
				"A6C0FFD74D8547E50C9C8D46",
				"E771FB1E367E5E83E1FFF378",
				"3128F9AA1619EF4C568A86D9",
				"D9140FB5D18EB63FF7C5F34F",
				"8E66CD5BFCB9F52A2AADAA13",
				"4A58265D97EE3CE441B74943",
				"4F9061593A93761E557D24AF",
				"741D9B2E11D6107C6637E425",
				"E853213951CA199CF4929318",
				"6E792C39C00B2E5AFFBFCD8D",
				"3E756D00C5ABB69291D18670",
				"B4FC1E08DFCA9A8CDB619AD7",
				"D79DD6E49A5F362504368B96",
				"3E75AD0865740FDE7565CCD5",
				"E206410D89D31D10CD846B8E",
				"16D89647FEBC315EFF88ACE0",
				"2E46C4D612E0E65553B367D6",
				"D86915B1D32461409A51959A",
				"4C48145A4A1DA3947C4C709D",
				"EA2031BF58D24DE50C1F3254",
				"4B3945D2A47B2BBF374AACC6",
				"4D8C59FC7C13B13F1F13DB9C",
				"DF86B32BB66B9D4B56A8AD7E",
				"38765327CAB04DD5AEAACDD4",
				"4068DE2FB3B27D1AD37919E9",
				"5C87AC63A4B8C8B1F6E1F4E5",
				"509D040C7112C0BDFA55EA13",
				"160ABCC676DAA6EACC208E5E",
				"8F18DA8F3FA9A75DD4483317",
				"D3285613B63A443416ED7AF0",
				"7B71EBFE5E352F8218AFB92C",
				"BEA3D18FB481426E1A75163F",
				"E120A70694DC34AA69DFC222",
				"EFB725F238D8EBC2F22B3B67",
				"2BC6AB1E1381BE682954AAFE",
				"43A868C2E07FC0E2BAF2F058",
				"7B911E3D1424B9F5EA13295D",
				"416FBFD3311E7A58F80523EE",
				"51A763D8CE7F86400FA8E3C7",
				"17B27473C1E8A11D1B71369A",
				"439B947D6CB4148D095D2A5A",
				"5DBF1474D7B4CB397B095CF9",
				"459037DBEEAF56C42D3C22F1",
				"24D6AE7A2A0DF96B07C3DA6B",
				"7625EC8C12868DA55BC803C0",
				"94B70871D28442A93EC46D69",
				"B67E3D0F76225AE5DB2A1937",
				"CC13FC0A97C1A9A0D557B489",
				"82879C8E6F05EB8C9660DA01",
				"59EEA32A1BC4DC1A6A78C4C2",
				"5B8A0290318E1A67FECB9830",
				"0933BC7257C642A85224C6B8",
				"1D717387A283E6094F6FB6F4",
				"1CF2D9FABAC9C6A29C2F184A",
				"D58A9893016F9032B470BE68",
				"8D6527EE68A26438EC5E15CA",
				"CFB37369038DAE56AFE83A4D",
				"41EB956176F5BD75E7CD2F4D",
				"6864352F0EE7B8E243B67AFA",
				"CB279AE3C86CA9B9EA5EE6A7",
				"5108FF3AEEF19EF64AA097EA",
				"A943B465D3AE79BC1CD61BE9",
				"578E90A73855224A33ADB2F9",
				"848D7E75CA5A6C7B52E6E439",
				"EFDC9BE08C76683CDC5FEEEA",
				"8DBECC89975B9C26305D131C",
				"F585AEF6448C28A03180AC8E",
				"5987F218E63622E6B7EB335E",
				"40D3167856E6691949603550",
				"57A3ABBFE8F79D29DA28F531",
				"95EF35645E466EACDB872751",
				"E149F1375762B9CC9BF8DCF3",
				"0C66B4C9901086605899A1A5",
				"01BFF00E6D0CA057A197C9B3",
				"A8A13C3CF851E334926EA440");
			isa = PBXShellScriptBuildPhase;
			name = "Qt Preprocessors";
			neededFileNames = (
				"D9B3B206B7BBBED5E5C495D6",
				"6971BA842CAC3BEC2DE2B70C",
				"C1061EA2F3E59C631F2A46E0",
				"07C5A6610FFC327BBD5BCD61",
				"B613B2D5FC4E7BBFAA29DBA9",
				"97C473752EC71C76562EEDF6",
				"B2B6EF38028A3827F4381F56",
				"9CEC75B51C70F119C2D261B3",
				"19DB746EEBDC952682A37850",
				"AFDBBF1D241D70386A939E9B",
				"92EAB4C50D693687170AAA5A",
				"1214B934F6A99AA2D3B22523",
				"9733D1E8F2C0A97B016D66A9",
				"ABCE27BD6734C0E70C10B2D8",
				"DF159FEC3AF13BC724978D32",
				"8E8BB6482A932A1D8F0CA248",
				"AEC86820B45781947370A1A1",
				"5CF1DE0B33521BAE87DC0936",
				"BD24E40B0357E505CEB86814",
				"CDA7C03DB97154B09DE9B22B",
				"1F32D8E4CEFE40800FE5B4E5",
				"8A1B730F67EF85D0136BC40F",
				"A6C0FFD74D8547E50C9C8D46",
				"E771FB1E367E5E83E1FFF378",
				"3128F9AA1619EF4C568A86D9",
				"D9140FB5D18EB63FF7C5F34F",
				"8E66CD5BFCB9F52A2AADAA13",
				"4A58265D97EE3CE441B74943",
				"4F9061593A93761E557D24AF",
				"741D9B2E11D6107C6637E425",
				"E853213951CA199CF4929318",
				"6E792C39C00B2E5AFFBFCD8D",
				"3E756D00C5ABB69291D18670",
				"B4FC1E08DFCA9A8CDB619AD7",
				"D79DD6E49A5F362504368B96",
				"3E75AD0865740FDE7565CCD5",
				"E206410D89D31D10CD846B8E",
				"16D89647FEBC315EFF88ACE0",
				"2E46C4D612E0E65553B367D6",
				"D86915B1D32461409A51959A",
				"4C48145A4A1DA3947C4C709D",
				"EA2031BF58D24DE50C1F3254",
				"4B3945D2A47B2BBF374AACC6",
				"4D8C59FC7C13B13F1F13DB9C",
				"DF86B32BB66B9D4B56A8AD7E",
				"38765327CAB04DD5AEAACDD4",
				"4068DE2FB3B27D1AD37919E9",
				"5C87AC63A4B8C8B1F6E1F4E5",
				"509D040C7112C0BDFA55EA13",
				"160ABCC676DAA6EACC208E5E",
				"8F18DA8F3FA9A75DD4483317",
				"D3285613B63A443416ED7AF0",
				"7B71EBFE5E352F8218AFB92C",
				"BEA3D18FB481426E1A75163F",
				"E120A70694DC34AA69DFC222",
				"EFB725F238D8EBC2F22B3B67",
				"2BC6AB1E1381BE682954AAFE",
				"43A868C2E07FC0E2BAF2F058",
				"7B911E3D1424B9F5EA13295D",
				"416FBFD3311E7A58F80523EE",
				"51A763D8CE7F86400FA8E3C7",
				"17B27473C1E8A11D1B71369A",
				"439B947D6CB4148D095D2A5A",
				"5DBF1474D7B4CB397B095CF9",
				"459037DBEEAF56C42D3C22F1",
				"24D6AE7A2A0DF96B07C3DA6B",
				"7625EC8C12868DA55BC803C0",
				"94B70871D28442A93EC46D69",
				"B67E3D0F76225AE5DB2A1937",
				"CC13FC0A97C1A9A0D557B489",
				"82879C8E6F05EB8C9660DA01",
				"59EEA32A1BC4DC1A6A78C4C2",
				"5B8A0290318E1A67FECB9830",
				"0933BC7257C642A85224C6B8",
				"1D717387A283E6094F6FB6F4",
				"1CF2D9FABAC9C6A29C2F184A",
				"D58A9893016F9032B470BE68",
				"8D6527EE68A26438EC5E15CA",
				"CFB37369038DAE56AFE83A4D",
				"41EB956176F5BD75E7CD2F4D",
				"6864352F0EE7B8E243B67AFA",
				"CB279AE3C86CA9B9EA5EE6A7",
				"5108FF3AEEF19EF64AA097EA",
				"A943B465D3AE79BC1CD61BE9",
				"578E90A73855224A33ADB2F9",
				"848D7E75CA5A6C7B52E6E439",
				"EFDC9BE08C76683CDC5FEEEA",
				"8DBECC89975B9C26305D131C",
				"F585AEF6448C28A03180AC8E",
				"5987F218E63622E6B7EB335E",
				"40D3167856E6691949603550",
				"57A3ABBFE8F79D29DA28F531",
				"95EF35645E466EACDB872751",
				"E149F1375762B9CC9BF8DCF3",
				"0C66B4C9901086605899A1A5",
				"01BFF00E6D0CA057A197C9B3",
				"A8A13C3CF851E334926EA440");
			shellPath = "/bin/sh";
			shellScript = "make\ -C\ /Users/jv/eelsmodel\ -f\ \'eels.xcodeproj/qt_preprocess.mak\'";
		};
		C29B8785722055ED95EF7B57 = {
			buildActionMask = 2147483647;
			files = (
				"D9B3B206B7BBBED5E5C495D6",
				"6971BA842CAC3BEC2DE2B70C",
				"C1061EA2F3E59C631F2A46E0",
				"07C5A6610FFC327BBD5BCD61",
				"B613B2D5FC4E7BBFAA29DBA9",
				"97C473752EC71C76562EEDF6",
				"B2B6EF38028A3827F4381F56",
				"9CEC75B51C70F119C2D261B3",
				"19DB746EEBDC952682A37850",
				"AFDBBF1D241D70386A939E9B",
				"92EAB4C50D693687170AAA5A",
				"1214B934F6A99AA2D3B22523",
				"9733D1E8F2C0A97B016D66A9",
				"ABCE27BD6734C0E70C10B2D8",
				"DF159FEC3AF13BC724978D32",
				"8E8BB6482A932A1D8F0CA248",
				"AEC86820B45781947370A1A1",
				"5CF1DE0B33521BAE87DC0936",
				"BD24E40B0357E505CEB86814",
				"CDA7C03DB97154B09DE9B22B",
				"1F32D8E4CEFE40800FE5B4E5",
				"8A1B730F67EF85D0136BC40F",
				"A6C0FFD74D8547E50C9C8D46",
				"E771FB1E367E5E83E1FFF378",
				"3128F9AA1619EF4C568A86D9",
				"D9140FB5D18EB63FF7C5F34F",
				"8E66CD5BFCB9F52A2AADAA13",
				"4A58265D97EE3CE441B74943",
				"4F9061593A93761E557D24AF",
				"741D9B2E11D6107C6637E425",
				"E853213951CA199CF4929318",
				"6E792C39C00B2E5AFFBFCD8D",
				"3E756D00C5ABB69291D18670",
				"B4FC1E08DFCA9A8CDB619AD7",
				"D79DD6E49A5F362504368B96",
				"3E75AD0865740FDE7565CCD5",
				"E206410D89D31D10CD846B8E",
				"16D89647FEBC315EFF88ACE0",
				"2E46C4D612E0E65553B367D6",
				"D86915B1D32461409A51959A",
				"4C48145A4A1DA3947C4C709D",
				"EA2031BF58D24DE50C1F3254",
				"4B3945D2A47B2BBF374AACC6",
				"4D8C59FC7C13B13F1F13DB9C",
				"DF86B32BB66B9D4B56A8AD7E",
				"38765327CAB04DD5AEAACDD4",
				"4068DE2FB3B27D1AD37919E9",
				"5C87AC63A4B8C8B1F6E1F4E5",
				"509D040C7112C0BDFA55EA13",
				"160ABCC676DAA6EACC208E5E",
				"8F18DA8F3FA9A75DD4483317",
				"D3285613B63A443416ED7AF0",
				"7B71EBFE5E352F8218AFB92C",
				"BEA3D18FB481426E1A75163F",
				"E120A70694DC34AA69DFC222",
				"EFB725F238D8EBC2F22B3B67",
				"2BC6AB1E1381BE682954AAFE",
				"43A868C2E07FC0E2BAF2F058",
				"7B911E3D1424B9F5EA13295D",
				"416FBFD3311E7A58F80523EE",
				"51A763D8CE7F86400FA8E3C7",
				"17B27473C1E8A11D1B71369A",
				"439B947D6CB4148D095D2A5A",
				"5DBF1474D7B4CB397B095CF9",
				"459037DBEEAF56C42D3C22F1",
				"24D6AE7A2A0DF96B07C3DA6B",
				"7625EC8C12868DA55BC803C0",
				"94B70871D28442A93EC46D69",
				"B67E3D0F76225AE5DB2A1937",
				"CC13FC0A97C1A9A0D557B489",
				"82879C8E6F05EB8C9660DA01",
				"59EEA32A1BC4DC1A6A78C4C2",
				"5B8A0290318E1A67FECB9830",
				"0933BC7257C642A85224C6B8",
				"1D717387A283E6094F6FB6F4",
				"1CF2D9FABAC9C6A29C2F184A",
				"D58A9893016F9032B470BE68",
				"8D6527EE68A26438EC5E15CA",
				"CFB37369038DAE56AFE83A4D",
				"41EB956176F5BD75E7CD2F4D",
				"6864352F0EE7B8E243B67AFA",
				"CB279AE3C86CA9B9EA5EE6A7",
				"5108FF3AEEF19EF64AA097EA",
				"A943B465D3AE79BC1CD61BE9",
				"578E90A73855224A33ADB2F9",
				"848D7E75CA5A6C7B52E6E439",
				"EFDC9BE08C76683CDC5FEEEA",
				"8DBECC89975B9C26305D131C",
				"F585AEF6448C28A03180AC8E",
				"5987F218E63622E6B7EB335E",
				"40D3167856E6691949603550",
				"57A3ABBFE8F79D29DA28F531",
				"95EF35645E466EACDB872751",
				"E149F1375762B9CC9BF8DCF3",
				"0C66B4C9901086605899A1A5",
				"01BFF00E6D0CA057A197C9B3",
				"A8A13C3CF851E334926EA440");
			isa = PBXSourcesBuildPhase;
			name = "Build Sources";
		};
		AB52C34CB4C351ACB3D05237 = {
			isa = PBXFileReference;
			name = "Qt3Support.framework";
			path = "/Library/Frameworks/Qt3Support.framework";
			refType = 0;
			sourceTree = "<absolute>";
			lastKnownFileType = "wrapper.framework";
		};
		031AE02E6E5EF32803F3428D = {
			fileRef = "AB52C34CB4C351ACB3D05237";
			isa = PBXBuildFile;
			settings = {
			};
		};
		E0814A49DDD73EF0F620E7DB = {
			isa = PBXFileReference;
			name = "QtSql.framework";
			path = "/Library/Frameworks/QtSql.framework";
			refType = 0;
			sourceTree = "<absolute>";
			lastKnownFileType = "wrapper.framework";
		};
		C78BFE0DD4D0FC1F4B157F30 = {
			fileRef = "E0814A49DDD73EF0F620E7DB";
			isa = PBXBuildFile;
			settings = {
			};
		};
		7BC2E65A5E699A5E5D834CA2 = {
			isa = PBXFileReference;
			name = "QtCore.framework";
			path = "/Library/Frameworks/QtCore.framework";
			refType = 0;
			sourceTree = "<absolute>";
			lastKnownFileType = "wrapper.framework";
		};
		069D05B0128AE5DC7EE31738 = {
			fileRef = "7BC2E65A5E699A5E5D834CA2";
			isa = PBXBuildFile;
			settings = {
			};
		};
		8EE92F8FA333C9E415C5B34E = {
			isa = PBXFileReference;
			name = "QtXml.framework";
			path = "/Library/Frameworks/QtXml.framework";
			refType = 0;
			sourceTree = "<absolute>";
			lastKnownFileType = "wrapper.framework";
		};
		C2643FEB592DBFD1429BE4E1 = {
			fileRef = "8EE92F8FA333C9E415C5B34E";
			isa = PBXBuildFile;
			settings = {
			};
		};
		9B36DA7E32F0304E780E7972 = {
			isa = PBXFileReference;
			name = "QtGui.framework";
			path = "/Library/Frameworks/QtGui.framework";
			refType = 0;
			sourceTree = "<absolute>";
			lastKnownFileType = "wrapper.framework";
		};
		501667F26B3C1FF6767A7C12 = {
			fileRef = "9B36DA7E32F0304E780E7972";
			isa = PBXBuildFile;
			settings = {
			};
		};
		B6B9970B86A6C219B0869FE9 = {
			isa = PBXFileReference;
			name = "QtNetwork.framework";
			path = "/Library/Frameworks/QtNetwork.framework";
			refType = 0;
			sourceTree = "<absolute>";
			lastKnownFileType = "wrapper.framework";
		};
		3826A0833FCB54E86728C6EF = {
			fileRef = "B6B9970B86A6C219B0869FE9";
			isa = PBXBuildFile;
			settings = {
			};
		};
		ED1E82605DD74B483AF3C982 = {
			children = (
				"AB52C34CB4C351ACB3D05237",
				"E0814A49DDD73EF0F620E7DB",
				"7BC2E65A5E699A5E5D834CA2",
				"8EE92F8FA333C9E415C5B34E",
				"9B36DA7E32F0304E780E7972",
				"B6B9970B86A6C219B0869FE9");
			isa = PBXGroup;
			name = "External Frameworks and Libraries";
			path = "";
			refType = 4;
			sourceTree = "<Group>";
		};
		2A1043669E6E5A7426EA502A = {
			buildActionMask = 2147483647;
			files = (
				"031AE02E6E5EF32803F3428D",
				"C78BFE0DD4D0FC1F4B157F30",
				"069D05B0128AE5DC7EE31738",
				"C2643FEB592DBFD1429BE4E1",
				"501667F26B3C1FF6767A7C12",
				"3826A0833FCB54E86728C6EF");
			isa = PBXFrameworksBuildPhase;
			name = "Frameworks & Libraries";
		};
		3787F99312C85FF0073FD7BA = {
			buildActionMask = 2147483647;
			files = (
				A1215B3AF8E4947385BB2192,
			);
			isa = PBXResourcesBuildPhase;
			name = "Bundle Resources";
		};
		05596AB53D8D521C69802C27 = {
			children = (
				"FB61758D0F0FDA4BA867C3D5",
				"46E892BBB6BB6952967E0561",
				"883D7615C4D2DE3FA1218F12",
				"7CABE3C80E79AD2B307756D2",
				"ED1E82605DD74B483AF3C982");
			isa = PBXGroup;
			name = "eels";
			path = "";
			refType = 4;
			sourceTree = "<Group>";
		};
		520DC7BADCB6FC9C9B132097 = {
			isa = PBXFileReference;
			explicitFileType = "wrapper.application";
			path = "eels.app";
			refType = 3;
			sourceTree = BUILT_PRODUCTS_DIR;
		};
		068F80C7519D0528FB08E821 = {
			children = (
				"520DC7BADCB6FC9C9B132097");
			isa = PBXGroup;
			name = "Products";
			refType = 4;
		};
		5022995F07267276C0A125FC = {
			buildPhases = (
				"D7BA7D76DAB5DD13389D6332",
				"A0A52A2ADF7A1E2A99738674",
				"C29B8785722055ED95EF7B57",
				"2A1043669E6E5A7426EA502A",
				"3787F99312C85FF0073FD7BA");
			buildSettings = {
				CC = "/usr/bin/gcc";
				CPLUSPLUS = "/usr/bin/g++";
				LEXFLAGS = "";
				YACCFLAGS = "-d";
				OTHER_REZFLAGS = "";
				SECTORDER_FLAGS = "";
				WARNING_CFLAGS = "";
				PREBINDING = NO;
				INFOPLIST_FILE = "Info.plist";
				BUILD_ROOT = "/Users/jv/eelsmodel";
				OTHER_LDFLAGS = (
						"-headerpad_max_install_names",
						"-L/Library/Frameworks",
						"-F/Library/Frameworks");
				DYLIB_CURRENT_VERSION = "1.0.0";
				DYLIB_COMPATIBILITY_VERSION = "1.0";
				MACOSX_DEPLOYMENT_TARGET = "10.4";
				PRODUCT_NAME = "eels";
			};
			conditionalBuildSettings = {
			};
			dependencies = (
				);
			productReference = "520DC7BADCB6FC9C9B132097";
			shouldUseHeadermap = 1;
			buildConfigurationList = 17B3380A4D6A7D415E7F2E1E;
			isa = PBXNativeTarget;
			productType = "com.apple.product-type.application";
			productSettingsXML = "<?xml version=\"1.0\" encoding=\"UTF-8\"?>
<!DOCTYPE plist SYSTEM \"file://localhost/System/Library/DTDs/PropertyList.dtd\">
<plist version=\"0.9\">
<dict>
	<key>NSPrincipalClass</key>
	<string>NSApplication</string>
	<key>CFBundleIconFile</key>
	<string>eelsmodel.icns</string>
	<key>CFBundlePackageType</key>
	<string>APPL</string>
 	<key>CFBundleGetInfoString</key>
	<string>Created by Qt/QMake</string>
	<key>CFBundleSignature</key>
	<string>????</string>
	<key>CFBundleExecutable</key>
	<string>eels</string>
	<key>CFBundleIdentifier</key>
	<string>com.yourcompany.eels</string>
	<key>NOTE</key>
	<string>This file was generated by Qt/QMake.</string>
</dict>
</plist>
";
			name = "eels";
			productName = "eels";
			startupPath = "<<ProjectDirectory>>";
		};
		4B72B24813252891014BCF61 = {
			isa = XCBuildConfiguration;
			buildSettings = {
				COPY_PHASE_STRIP = "NO";
				GCC_GENERATE_DEBUGGING_SYMBOLS = "YES";
				GCC_OPTIMIZATION_LEVEL = "0";
				PRODUCT_NAME = "eels";
				HEADER_SEARCH_PATHS = (
					"/Library/Frameworks/QtCore.framework/Versions/4/Headers",
					"/usr/include/QtCore",
					"/Library/Frameworks/QtGui.framework/Versions/4/Headers",
					"/usr/include/QtGui",
					"/Library/Frameworks/Qt3Support.framework/Versions/4/Headers",
					"/usr/include/Qt3Support",
					"/usr/include",
					".",
					"src/components",
					"src/core",
					"src/gui",
					"src/fitters",
					".",
					"/usr/local/include",
					"/System/Library/Frameworks/CarbonCore.framework/Headers",
					"/usr/local/Qt4.8/mkspecs/macx-xcode");
				LIBRARY_SEARCH_PATHS = (
					"/Library/Frameworks");
				FRAMEWORK_SEARCH_PATHS = (
					"/Library/Frameworks",
					"/Library/Frameworks");
				INFOPLIST_FILE = "Info.plist";
				OTHER_CFLAGS = (
					"-pipe",
					"-g",
					"-Wall",
					"-W",
					"-DQT_QT3SUPPORT_LIB",
					"-DQT3_SUPPORT",
					"-DQT_GUI_LIB",
					"-DQT_CORE_LIB",
					"-DQT_SHARED");
				OTHER_CPLUSPLUSFLAGS = (
					"-pipe",
					"-g",
					"-Wall",
					"-W",
					"-DQT_QT3SUPPORT_LIB",
					"-DQT3_SUPPORT",
					"-DQT_GUI_LIB",
					"-DQT_CORE_LIB",
					"-DQT_SHARED");
				OTHER_LDFLAGS = (
						"-headerpad_max_install_names",
						"-L/Library/Frameworks",
						"-F/Library/Frameworks");
				ARCHS = "x86_64";
			};
			name = "Debug";
		};
		BEC09A62E69C3553534FF35E = {
			isa = XCBuildConfiguration;
			buildSettings = {
				COPY_PHASE_STRIP = "NO";
				GCC_GENERATE_DEBUGGING_SYMBOLS = "YES";
				GCC_OPTIMIZATION_LEVEL = "0";
				PRODUCT_NAME = "eels";
				PRODUCT_NAME = "eels";
			};
			name = "Debug";
		};
		2C641C3335766025DD51B7BD = {
			buildRules = (
				);
			buildSettings = {
				COPY_PHASE_STRIP = "NO";
				GCC_GENERATE_DEBUGGING_SYMBOLS = "YES";
				GCC_OPTIMIZATION_LEVEL = "0";
				PRODUCT_NAME = "eels";
			};
			isa = "PBXBuildStyle";
			name = "Debug";
		};
		D70590BEB531B51029F711BB = {
			isa = XCBuildConfiguration;
			buildSettings = {
				COPY_PHASE_STRIP = "YES";
				GCC_GENERATE_DEBUGGING_SYMBOLS = "NO";
				PRODUCT_NAME = "eels";
				HEADER_SEARCH_PATHS = (
					"/Library/Frameworks/QtCore.framework/Versions/4/Headers",
					"/usr/include/QtCore",
					"/Library/Frameworks/QtGui.framework/Versions/4/Headers",
					"/usr/include/QtGui",
					"/Library/Frameworks/Qt3Support.framework/Versions/4/Headers",
					"/usr/include/Qt3Support",
					"/usr/include",
					".",
					"src/components",
					"src/core",
					"src/gui",
					"src/fitters",
					".",
					"/usr/local/include",
					"/System/Library/Frameworks/CarbonCore.framework/Headers",
					"/usr/local/Qt4.8/mkspecs/macx-xcode");
				LIBRARY_SEARCH_PATHS = (
					"/Library/Frameworks");
				FRAMEWORK_SEARCH_PATHS = (
					"/Library/Frameworks",
					"/Library/Frameworks");
				INFOPLIST_FILE = "Info.plist";
				OTHER_CFLAGS = (
					"-pipe",
					"-g",
					"-Wall",
					"-W",
					"-DQT_QT3SUPPORT_LIB",
					"-DQT3_SUPPORT",
					"-DQT_GUI_LIB",
					"-DQT_CORE_LIB",
					"-DQT_SHARED");
				OTHER_CPLUSPLUSFLAGS = (
					"-pipe",
					"-g",
					"-Wall",
					"-W",
					"-DQT_QT3SUPPORT_LIB",
					"-DQT3_SUPPORT",
					"-DQT_GUI_LIB",
					"-DQT_CORE_LIB",
					"-DQT_SHARED");
				OTHER_LDFLAGS = (
						"-headerpad_max_install_names",
						"-L/Library/Frameworks",
						"-F/Library/Frameworks");
				ARCHS = "x86_64";
			};
			name = "Release";
		};
		8C7174830A1E4DCBA0332EC1 = {
			isa = XCBuildConfiguration;
			buildSettings = {
				COPY_PHASE_STRIP = "YES";
				GCC_GENERATE_DEBUGGING_SYMBOLS = "NO";
				PRODUCT_NAME = "eels";
				PRODUCT_NAME = "eels";
			};
			name = "Release";
		};
		26DE8D2AEA4B3714B41E931F = {
			buildRules = (
				);
			buildSettings = {
				COPY_PHASE_STRIP = "YES";
				GCC_GENERATE_DEBUGGING_SYMBOLS = "NO";
				PRODUCT_NAME = "eels";
			};
			isa = "PBXBuildStyle";
			name = "Release";
		};
		CC82A9286117DFED018F418F = {
			isa = XCConfigurationList;
			buildConfigurations = (
				"4B72B24813252891014BCF61",
				"D70590BEB531B51029F711BB");
			defaultConfigurationIsVisible = 0;
			defaultConfigurationIsName = "Debug";
		};
		17B3380A4D6A7D415E7F2E1E = {
			isa = XCConfigurationList;
			buildConfigurations = (
				"BEC09A62E69C3553534FF35E",
				"8C7174830A1E4DCBA0332EC1");
			defaultConfigurationIsVisible = 0;
			defaultConfigurationIsName = "Debug";
		};
		91B15E841AA80083484172DE = {
			buildStyles = (
				"2C641C3335766025DD51B7BD",
				"26DE8D2AEA4B3714B41E931F");
			hasScannedForEncodings = 1;
			isa = PBXProject;
			mainGroup = "05596AB53D8D521C69802C27";
			buildConfigurationList = "CC82A9286117DFED018F418F";
			projectDirPath = "";
			targets = (
				"5022995F07267276C0A125FC");
		};
	};
	rootObject = "91B15E841AA80083484172DE";
}
