// !$*UTF8*$!
{
	archiveVersion = 1;
	classes = {
	};
	objectVersion = 46;
	objects = {

/* Begin PBXBuildFile section */
		01BFF00E6D0CA057A197C9B3 /* moc_realinput.cpp in Build Sources */ = {isa = PBXBuildFile; fileRef = DEF94781D92B3A8852505851 /* moc_realinput.cpp */; settings = {ATTRIBUTES = (); }; };
		031AE02E6E5EF32803F3428D /* Qt3Support.framework in Frameworks & Libraries */ = {isa = PBXBuildFile; fileRef = AB52C34CB4C351ACB3D05237 /* Qt3Support.framework */; };
		069D05B0128AE5DC7EE31738 /* QtCore.framework in Frameworks & Libraries */ = {isa = PBXBuildFile; fileRef = 7BC2E65A5E699A5E5D834CA2 /* QtCore.framework */; };
		07C5A6610FFC327BBD5BCD61 /* doslifetime.cpp in Build Sources */ = {isa = PBXBuildFile; fileRef = E9B3B6EEC7878AD7E45876E8 /* doslifetime.cpp */; settings = {ATTRIBUTES = (); }; };
		0933BC7257C642A85224C6B8 /* saysomething.cpp in Build Sources */ = {isa = PBXBuildFile; fileRef = ACF56E233D213A51343E17C0 /* saysomething.cpp */; settings = {ATTRIBUTES = (); }; };
		0C66B4C9901086605899A1A5 /* moc_monitorchooser.cpp in Build Sources */ = {isa = PBXBuildFile; fileRef = D76744648320CBCD06D733E9 /* moc_monitorchooser.cpp */; settings = {ATTRIBUTES = (); }; };
		1214B934F6A99AA2D3B22523 /* gaussian.cpp in Build Sources */ = {isa = PBXBuildFile; fileRef = 021D0B9B4E890CB42162A99C /* gaussian.cpp */; settings = {ATTRIBUTES = (); }; };
		160ABCC676DAA6EACC208E5E /* mlfitter.cpp in Build Sources */ = {isa = PBXBuildFile; fileRef = EBDEEA9F484068D9CFE667B7 /* mlfitter.cpp */; settings = {ATTRIBUTES = (); }; };
		16D89647FEBC315EFF88ACE0 /* main.cpp in Build Sources */ = {isa = PBXBuildFile; fileRef = 01990F45B9969995EFD40205 /* main.cpp */; settings = {ATTRIBUTES = (); }; };
		17B27473C1E8A11D1B71369A /* GDOSoptions.cpp in Build Sources */ = {isa = PBXBuildFile; fileRef = 58F6A9EE711D959C710D5BD4 /* GDOSoptions.cpp */; settings = {ATTRIBUTES = (); }; };
		19DB746EEBDC952682A37850 /* expbackground.cpp in Build Sources */ = {isa = PBXBuildFile; fileRef = 55F3D8DD79E2E502EC098D68 /* expbackground.cpp */; settings = {ATTRIBUTES = (); }; };
		1CF2D9FABAC9C6A29C2F184A /* moc_image.cpp in Build Sources */ = {isa = PBXBuildFile; fileRef = D10F9FD4242F74A5343065F8 /* moc_image.cpp */; settings = {ATTRIBUTES = (); }; };
		1D717387A283E6094F6FB6F4 /* moc_eelsmodel.cpp in Build Sources */ = {isa = PBXBuildFile; fileRef = A548E96B2EEBEBED9E7EEFA7 /* moc_eelsmodel.cpp */; settings = {ATTRIBUTES = (); }; };
		1F32D8E4CEFE40800FE5B4E5 /* mscatter.cpp in Build Sources */ = {isa = PBXBuildFile; fileRef = B27EE3A03CF485F4D75C9E6E /* mscatter.cpp */; settings = {ATTRIBUTES = (); }; };
		24D6AE7A2A0DF96B07C3DA6B /* graph.cpp in Build Sources */ = {isa = PBXBuildFile; fileRef = F47A61BE2D664C3870FF81B2 /* graph.cpp */; settings = {ATTRIBUTES = (); }; };
		2BC6AB1E1381BE682954AAFE /* Drudeoptions.cpp in Build Sources */ = {isa = PBXBuildFile; fileRef = 105AFA8CA777CF87E7113746 /* Drudeoptions.cpp */; settings = {ATTRIBUTES = (); }; };
		2E46C4D612E0E65553B367D6 /* model.cpp in Build Sources */ = {isa = PBXBuildFile; fileRef = A045455EDA6E0B285667375E /* model.cpp */; settings = {ATTRIBUTES = (); }; };
		3128F9AA1619EF4C568A86D9 /* plasmon.cpp in Build Sources */ = {isa = PBXBuildFile; fileRef = 1266B11122FB11F1013A6904 /* plasmon.cpp */; settings = {ATTRIBUTES = (); }; };
		3826A0833FCB54E86728C6EF /* QtNetwork.framework in Frameworks & Libraries */ = {isa = PBXBuildFile; fileRef = B6B9970B86A6C219B0869FE9 /* QtNetwork.framework */; };
		38765327CAB04DD5AEAACDD4 /* tag.cpp in Build Sources */ = {isa = PBXBuildFile; fileRef = 41EF990876A377977A8CC641 /* tag.cpp */; settings = {ATTRIBUTES = (); }; };
		3E756D00C5ABB69291D18670 /* curvematrix.cpp in Build Sources */ = {isa = PBXBuildFile; fileRef = C0D1AA7C0F34B7AF9A357F6F /* curvematrix.cpp */; settings = {ATTRIBUTES = (); }; };
		3E75AD0865740FDE7565CCD5 /* fftw++.cpp in Build Sources */ = {isa = PBXBuildFile; fileRef = 9F94E325C9CD33771A65A287 /* fftw++.cpp */; settings = {ATTRIBUTES = (); }; };
		4068DE2FB3B27D1AD37919E9 /* fitter.cpp in Build Sources */ = {isa = PBXBuildFile; fileRef = 54440F48A2A8736486A79B34 /* fitter.cpp */; settings = {ATTRIBUTES = (); }; };
		40D3167856E6691949603550 /* moc_imagedisplay.cpp in Build Sources */ = {isa = PBXBuildFile; fileRef = 4DC58E5AEADBADC2AF68E18D /* moc_imagedisplay.cpp */; settings = {ATTRIBUTES = (); }; };
		416FBFD3311E7A58F80523EE /* fitter_dialog.cpp in Build Sources */ = {isa = PBXBuildFile; fileRef = B81A64BA9DECAE975F94DE5D /* fitter_dialog.cpp */; settings = {ATTRIBUTES = (); }; };
		41EB956176F5BD75E7CD2F4D /* moc_detectorchooser.cpp in Build Sources */ = {isa = PBXBuildFile; fileRef = 9A253C9589CCA052BF5CFA5D /* moc_detectorchooser.cpp */; settings = {ATTRIBUTES = (); }; };
		439B947D6CB4148D095D2A5A /* getfilename.cpp in Build Sources */ = {isa = PBXBuildFile; fileRef = 9EA723DE3169DFC0BC4EA14C /* getfilename.cpp */; settings = {ATTRIBUTES = (); }; };
		43A868C2E07FC0E2BAF2F058 /* equalizer.cpp in Build Sources */ = {isa = PBXBuildFile; fileRef = D35270AF5FE58B3112CDBF7D /* equalizer.cpp */; settings = {ATTRIBUTES = (); }; };
		459037DBEEAF56C42D3C22F1 /* gettopspectrum.cpp in Build Sources */ = {isa = PBXBuildFile; fileRef = BF8409D08DEFA035A5AC4C3E /* gettopspectrum.cpp */; settings = {ATTRIBUTES = (); }; };
		4A58265D97EE3CE441B74943 /* spinsplitedge.cpp in Build Sources */ = {isa = PBXBuildFile; fileRef = 864531A36C2D8D243CCB3004 /* spinsplitedge.cpp */; settings = {ATTRIBUTES = (); }; };
		4B3945D2A47B2BBF374AACC6 /* parameter.cpp in Build Sources */ = {isa = PBXBuildFile; fileRef = B8ED6FF9DF9D8060152E6BDA /* parameter.cpp */; settings = {ATTRIBUTES = (); }; };
		4C48145A4A1DA3947C4C709D /* multibyte.cpp in Build Sources */ = {isa = PBXBuildFile; fileRef = E765527D68B42EBC7017F0F8 /* multibyte.cpp */; settings = {ATTRIBUTES = (); }; };
		4D8C59FC7C13B13F1F13DB9C /* slice_iter.cpp in Build Sources */ = {isa = PBXBuildFile; fileRef = EB4BF71B8E94B76B6CB862F4 /* slice_iter.cpp */; settings = {ATTRIBUTES = (); }; };
		4F9061593A93761E557D24AF /* spinsplitedgehyd.cpp in Build Sources */ = {isa = PBXBuildFile; fileRef = 3D29600A9214B40E8E047AFD /* spinsplitedgehyd.cpp */; settings = {ATTRIBUTES = (); }; };
		501667F26B3C1FF6767A7C12 /* QtGui.framework in Frameworks & Libraries */ = {isa = PBXBuildFile; fileRef = 9B36DA7E32F0304E780E7972 /* QtGui.framework */; };
		509D040C7112C0BDFA55EA13 /* lsqfitter.cpp in Build Sources */ = {isa = PBXBuildFile; fileRef = 07124C5DA46A02824B1AC1AB /* lsqfitter.cpp */; settings = {ATTRIBUTES = (); }; };
		5108FF3AEEF19EF64AA097EA /* moc_fileopener.cpp in Build Sources */ = {isa = PBXBuildFile; fileRef = A291D2A015AFE383AEF94A33 /* moc_fileopener.cpp */; settings = {ATTRIBUTES = (); }; };
		51A763D8CE7F86400FA8E3C7 /* fitterchooser.cpp in Build Sources */ = {isa = PBXBuildFile; fileRef = 12D55FB8989D86D36635EBD4 /* fitterchooser.cpp */; settings = {ATTRIBUTES = (); }; };
		578E90A73855224A33ADB2F9 /* moc_fitterchooser.cpp in Build Sources */ = {isa = PBXBuildFile; fileRef = 5D8502137C7C6A5D7FB0EE6E /* moc_fitterchooser.cpp */; settings = {ATTRIBUTES = (); }; };
		57A3ABBFE8F79D29DA28F531 /* moc_integerinput.cpp in Build Sources */ = {isa = PBXBuildFile; fileRef = 771A5C840473188C1081C41C /* moc_integerinput.cpp */; settings = {ATTRIBUTES = (); }; };
		5987F218E63622E6B7EB335E /* moc_hello.cpp in Build Sources */ = {isa = PBXBuildFile; fileRef = 54FC6395ED75711EFCEA2DFE /* moc_hello.cpp */; settings = {ATTRIBUTES = (); }; };
		59EEA32A1BC4DC1A6A78C4C2 /* monitorchooser.cpp in Build Sources */ = {isa = PBXBuildFile; fileRef = F06138CADCA4720AEA219E9B /* monitorchooser.cpp */; settings = {ATTRIBUTES = (); }; };
		5B8A0290318E1A67FECB9830 /* realinput.cpp in Build Sources */ = {isa = PBXBuildFile; fileRef = B101BCDF9FB4B9DC0537788A /* realinput.cpp */; settings = {ATTRIBUTES = (); }; };
		5C87AC63A4B8C8B1F6E1F4E5 /* levenbergmarquardt.cpp in Build Sources */ = {isa = PBXBuildFile; fileRef = 1CD501261C450CDC050584B7 /* levenbergmarquardt.cpp */; settings = {ATTRIBUTES = (); }; };
		5CF1DE0B33521BAE87DC0936 /* line.cpp in Build Sources */ = {isa = PBXBuildFile; fileRef = 6528843637BADA192BEC253C /* line.cpp */; settings = {ATTRIBUTES = (); }; };
		5DBF1474D7B4CB397B095CF9 /* getgraphptr.cpp in Build Sources */ = {isa = PBXBuildFile; fileRef = 287B170688B0C9246C2799BD /* getgraphptr.cpp */; settings = {ATTRIBUTES = (); }; };
		6864352F0EE7B8E243B67AFA /* moc_Drudeoptions.cpp in Build Sources */ = {isa = PBXBuildFile; fileRef = BE0DB0BC5468E8DCBD3F520B /* moc_Drudeoptions.cpp */; settings = {ATTRIBUTES = (); }; };
		6971BA842CAC3BEC2DE2B70C /* dielecmodel.cpp in Build Sources */ = {isa = PBXBuildFile; fileRef = FCE5B654651533DEC4AA94FA /* dielecmodel.cpp */; settings = {ATTRIBUTES = (); }; };
		6E792C39C00B2E5AFFBFCD8D /* cslice_iter.cpp in Build Sources */ = {isa = PBXBuildFile; fileRef = BDCA735FDDB5AF096447C2DC /* cslice_iter.cpp */; settings = {ATTRIBUTES = (); }; };
		741D9B2E11D6107C6637E425 /* chisquare.cpp in Build Sources */ = {isa = PBXBuildFile; fileRef = 0B574E8142C24A84ECDB1E85 /* chisquare.cpp */; settings = {ATTRIBUTES = (); }; };
		7625EC8C12868DA55BC803C0 /* hello.cpp in Build Sources */ = {isa = PBXBuildFile; fileRef = A59A1EC17AAC1742D0E29244 /* hello.cpp */; settings = {ATTRIBUTES = (); }; };
		7B71EBFE5E352F8218AFB92C /* atomchooser.cpp in Build Sources */ = {isa = PBXBuildFile; fileRef = B5E056B853FAF4AB3BC942A3 /* atomchooser.cpp */; settings = {ATTRIBUTES = (); }; };
		7B911E3D1424B9F5EA13295D /* fileopener.cpp in Build Sources */ = {isa = PBXBuildFile; fileRef = 5AAD4F2709E3605B3709C836 /* fileopener.cpp */; settings = {ATTRIBUTES = (); }; };
		82879C8E6F05EB8C9660DA01 /* menu.cpp in Build Sources */ = {isa = PBXBuildFile; fileRef = EECDD646275FCFFBDF82EA26 /* menu.cpp */; settings = {ATTRIBUTES = (); }; };
		848D7E75CA5A6C7B52E6E439 /* moc_GDOSoptions.cpp in Build Sources */ = {isa = PBXBuildFile; fileRef = DB3AC710975EFD80404304F6 /* moc_GDOSoptions.cpp */; settings = {ATTRIBUTES = (); }; };
		8A1B730F67EF85D0136BC40F /* mscatterexpfft.cpp in Build Sources */ = {isa = PBXBuildFile; fileRef = B4729EAE9F640E905B53C36B /* mscatterexpfft.cpp */; settings = {ATTRIBUTES = (); }; };
		8D6527EE68A26438EC5E15CA /* moc_componentmaintenance.cpp in Build Sources */ = {isa = PBXBuildFile; fileRef = 3A39179EC5AFB5750661BC01 /* moc_componentmaintenance.cpp */; settings = {ATTRIBUTES = (); }; };
		8DBECC89975B9C26305D131C /* moc_getgraphptr.cpp in Build Sources */ = {isa = PBXBuildFile; fileRef = 3A43DB5C37A9B85BD24C582F /* moc_getgraphptr.cpp */; settings = {ATTRIBUTES = (); }; };
		8E66CD5BFCB9F52A2AADAA13 /* pseudovoigt.cpp in Build Sources */ = {isa = PBXBuildFile; fileRef = 57185EC8732B28F01856E252 /* pseudovoigt.cpp */; settings = {ATTRIBUTES = (); }; };
		8E8BB6482A932A1D8F0CA248 /* kedgerel.cpp in Build Sources */ = {isa = PBXBuildFile; fileRef = 0EDF5EBFBDAA8E7B31B7E7FD /* kedgerel.cpp */; settings = {ATTRIBUTES = (); }; };
		8F18DA8F3FA9A75DD4483317 /* mlfitter_gsl.cpp in Build Sources */ = {isa = PBXBuildFile; fileRef = B9E7C2A4F8327FA23DD5077C /* mlfitter_gsl.cpp */; settings = {ATTRIBUTES = (); }; };
		92EAB4C50D693687170AAA5A /* fowler.cpp in Build Sources */ = {isa = PBXBuildFile; fileRef = 33AD14C01BD677FB23E3D077 /* fowler.cpp */; settings = {ATTRIBUTES = (); }; };
		94B70871D28442A93EC46D69 /* imagedisplay.cpp in Build Sources */ = {isa = PBXBuildFile; fileRef = 19C2D065FA911493D9C152FA /* imagedisplay.cpp */; settings = {ATTRIBUTES = (); }; };
		95EF35645E466EACDB872751 /* moc_interactive_parameter.cpp in Build Sources */ = {isa = PBXBuildFile; fileRef = 509A48FA8AEE19065FB12E1D /* moc_interactive_parameter.cpp */; settings = {ATTRIBUTES = (); }; };
		9733D1E8F2C0A97B016D66A9 /* gdos.cpp in Build Sources */ = {isa = PBXBuildFile; fileRef = 95461AE96736F876A285F254 /* gdos.cpp */; settings = {ATTRIBUTES = (); }; };
		97C473752EC71C76562EEDF6 /* drudelorentz.cpp in Build Sources */ = {isa = PBXBuildFile; fileRef = 19D80B8058CA8D3674708EE3 /* drudelorentz.cpp */; settings = {ATTRIBUTES = (); }; };
		9CEC75B51C70F119C2D261B3 /* eshift.cpp in Build Sources */ = {isa = PBXBuildFile; fileRef = 81B59BE275922DACF46FE348 /* eshift.cpp */; settings = {ATTRIBUTES = (); }; };
		A6C0FFD74D8547E50C9C8D46 /* mscatterfft.cpp in Build Sources */ = {isa = PBXBuildFile; fileRef = A2A64FFD8E7B5944A3DB0E22 /* mscatterfft.cpp */; settings = {ATTRIBUTES = (); }; };
		A8A13C3CF851E334926EA440 /* moc_saysomething.cpp in Build Sources */ = {isa = PBXBuildFile; fileRef = 7B37FBD922601154B63AC0E6 /* moc_saysomething.cpp */; settings = {ATTRIBUTES = (); }; };
		A943B465D3AE79BC1CD61BE9 /* moc_fitter_dialog.cpp in Build Sources */ = {isa = PBXBuildFile; fileRef = 98D6F057B86F4908560DBBBF /* moc_fitter_dialog.cpp */; settings = {ATTRIBUTES = (); }; };
		AB7257881805F09C001E6433 /* eelsmodel.icns in Bundle Resources */ = {isa = PBXBuildFile; fileRef = B25E4E5F629EA710CF8A848F /* eelsmodel.icns */; };
		ABCE27BD6734C0E70C10B2D8 /* hsedge.cpp in Build Sources */ = {isa = PBXBuildFile; fileRef = 8636A61BE2A7554BBB9ACC8E /* hsedge.cpp */; settings = {ATTRIBUTES = (); }; };
		AEC86820B45781947370A1A1 /* ledge.cpp in Build Sources */ = {isa = PBXBuildFile; fileRef = 67EDDFFABDCAABAD1741DEFA /* ledge.cpp */; settings = {ATTRIBUTES = (); }; };
		AFDBBF1D241D70386A939E9B /* fixedpattern.cpp in Build Sources */ = {isa = PBXBuildFile; fileRef = 5524CA8E05E4F0EA29C7472F /* fixedpattern.cpp */; settings = {ATTRIBUTES = (); }; };
		B2B6EF38028A3827F4381F56 /* edgefile.cpp in Build Sources */ = {isa = PBXBuildFile; fileRef = 87D3A9EBF91A6795C46C5B0F /* edgefile.cpp */; settings = {ATTRIBUTES = (); }; };
		B4FC1E08DFCA9A8CDB619AD7 /* debug_new.cpp in Build Sources */ = {isa = PBXBuildFile; fileRef = 111E9032BC273F3C8173C46D /* debug_new.cpp */; settings = {ATTRIBUTES = (); }; };
		B613B2D5FC4E7BBFAA29DBA9 /* doslifetimespline.cpp in Build Sources */ = {isa = PBXBuildFile; fileRef = F89C1DC09356DAC82C95D96D /* doslifetimespline.cpp */; settings = {ATTRIBUTES = (); }; };
		B67E3D0F76225AE5DB2A1937 /* integerinput.cpp in Build Sources */ = {isa = PBXBuildFile; fileRef = F4F087A4014B22DCFD965DEB /* integerinput.cpp */; settings = {ATTRIBUTES = (); }; };
		BD24E40B0357E505CEB86814 /* logpoly.cpp in Build Sources */ = {isa = PBXBuildFile; fileRef = 4BE04AF28C0C5CFF8AC7829D /* logpoly.cpp */; settings = {ATTRIBUTES = (); }; };
		BEA3D18FB481426E1A75163F /* componentmaintenance.cpp in Build Sources */ = {isa = PBXBuildFile; fileRef = 47415887E783F636EE3C2A33 /* componentmaintenance.cpp */; settings = {ATTRIBUTES = (); }; };
		C1061EA2F3E59C631F2A46E0 /* dos.cpp in Build Sources */ = {isa = PBXBuildFile; fileRef = EC0CDB15DFCF0C43F13A889D /* dos.cpp */; settings = {ATTRIBUTES = (); }; };
		C2643FEB592DBFD1429BE4E1 /* QtXml.framework in Frameworks & Libraries */ = {isa = PBXBuildFile; fileRef = 8EE92F8FA333C9E415C5B34E /* QtXml.framework */; };
		C78BFE0DD4D0FC1F4B157F30 /* QtSql.framework in Frameworks & Libraries */ = {isa = PBXBuildFile; fileRef = E0814A49DDD73EF0F620E7DB /* QtSql.framework */; };
		CB279AE3C86CA9B9EA5EE6A7 /* moc_equalizer.cpp in Build Sources */ = {isa = PBXBuildFile; fileRef = D5AE8A5A498DD7A0593EA658 /* moc_equalizer.cpp */; settings = {ATTRIBUTES = (); }; };
		CC13FC0A97C1A9A0D557B489 /* interactive_parameter.cpp in Build Sources */ = {isa = PBXBuildFile; fileRef = 456362E7F7916B594B022B04 /* interactive_parameter.cpp */; settings = {ATTRIBUTES = (); }; };
		CDA7C03DB97154B09DE9B22B /* lorentz.cpp in Build Sources */ = {isa = PBXBuildFile; fileRef = FF8A36011FAA215ADDA5D9ED /* lorentz.cpp */; settings = {ATTRIBUTES = (); }; };
		CFB37369038DAE56AFE83A4D /* moc_componentselector.cpp in Build Sources */ = {isa = PBXBuildFile; fileRef = 30EB24CBCAB5991C19AF9F39 /* moc_componentselector.cpp */; settings = {ATTRIBUTES = (); }; };
		D3285613B63A443416ED7AF0 /* wlsqfitter.cpp in Build Sources */ = {isa = PBXBuildFile; fileRef = EACC07B703CE088D85623A7C /* wlsqfitter.cpp */; settings = {ATTRIBUTES = (); }; };
		D58A9893016F9032B470BE68 /* moc_atomchooser.cpp in Build Sources */ = {isa = PBXBuildFile; fileRef = B01D75763E2556938705D1CD /* moc_atomchooser.cpp */; settings = {ATTRIBUTES = (); }; };
		D79DD6E49A5F362504368B96 /* eelsmodel.cpp in Build Sources */ = {isa = PBXBuildFile; fileRef = AFEE76769A5886F710BF5629 /* eelsmodel.cpp */; settings = {ATTRIBUTES = (); }; };
		D86915B1D32461409A51959A /* monitor.cpp in Build Sources */ = {isa = PBXBuildFile; fileRef = D9ABA85EC00CA9FD75227DCB /* monitor.cpp */; settings = {ATTRIBUTES = (); }; };
		D9140FB5D18EB63FF7C5F34F /* powerlaw.cpp in Build Sources */ = {isa = PBXBuildFile; fileRef = BC6D09285586C8109F4F6F4F /* powerlaw.cpp */; settings = {ATTRIBUTES = (); }; };
		D9B3B206B7BBBED5E5C495D6 /* dieleclinear.cpp in Build Sources */ = {isa = PBXBuildFile; fileRef = A56D4B070414F12EBCD5971A /* dieleclinear.cpp */; settings = {ATTRIBUTES = (); }; };
		DF159FEC3AF13BC724978D32 /* kedge.cpp in Build Sources */ = {isa = PBXBuildFile; fileRef = 266E5A0792613C6AEC11CBF6 /* kedge.cpp */; settings = {ATTRIBUTES = (); }; };
		DF86B32BB66B9D4B56A8AD7E /* spectrum.cpp in Build Sources */ = {isa = PBXBuildFile; fileRef = 73E92EFE9CB2360D78D34548 /* spectrum.cpp */; settings = {ATTRIBUTES = (); }; };
		E120A70694DC34AA69DFC222 /* componentselector.cpp in Build Sources */ = {isa = PBXBuildFile; fileRef = 65DF38639C59037B27325979 /* componentselector.cpp */; settings = {ATTRIBUTES = (); }; };
		E149F1375762B9CC9BF8DCF3 /* moc_menu.cpp in Build Sources */ = {isa = PBXBuildFile; fileRef = 27E491205DBB7625977A84A9 /* moc_menu.cpp */; settings = {ATTRIBUTES = (); }; };
		E206410D89D31D10CD846B8E /* image.cpp in Build Sources */ = {isa = PBXBuildFile; fileRef = 76912C2124D0F1921F5BF991 /* image.cpp */; settings = {ATTRIBUTES = (); }; };
		E771FB1E367E5E83E1FFF378 /* pearsonIV.cpp in Build Sources */ = {isa = PBXBuildFile; fileRef = 9867F73A388AFC1E54572F9A /* pearsonIV.cpp */; settings = {ATTRIBUTES = (); }; };
		E853213951CA199CF4929318 /* component.cpp in Build Sources */ = {isa = PBXBuildFile; fileRef = 5ACBD1E7672F2138184DEB74 /* component.cpp */; settings = {ATTRIBUTES = (); }; };
		EA2031BF58D24DE50C1F3254 /* multispectrum.cpp in Build Sources */ = {isa = PBXBuildFile; fileRef = B5C9753702CF711F12421EA5 /* multispectrum.cpp */; settings = {ATTRIBUTES = (); }; };
		EFB725F238D8EBC2F22B3B67 /* detectorchooser.cpp in Build Sources */ = {isa = PBXBuildFile; fileRef = 392E7E551DFA29A5C509ED49 /* detectorchooser.cpp */; settings = {ATTRIBUTES = (); }; };
		EFDC9BE08C76683CDC5FEEEA /* moc_getfilename.cpp in Build Sources */ = {isa = PBXBuildFile; fileRef = 6774E59B0D423E946C1F154E /* moc_getfilename.cpp */; settings = {ATTRIBUTES = (); }; };
		F585AEF6448C28A03180AC8E /* moc_graph.cpp in Build Sources */ = {isa = PBXBuildFile; fileRef = CEE0F8A614792056BA0295D0 /* moc_graph.cpp */; settings = {ATTRIBUTES = (); }; };
/* End PBXBuildFile section */

/* Begin PBXBuildRule section */
		AB92278F1805F2A3008AFB68 /* PBXBuildRule */ = {
			isa = PBXBuildRule;
			compilerSpec = com.apple.compilers.proxy.script;
			fileType = text.plist;
			isEditable = 1;
			outputFiles = (
			);
			script = "# builtin-copyPlist\n";
		};
/* End PBXBuildRule section */

/* Begin PBXFileReference section */
		010709B9F0DE9CA7E16CE224 /* kedgerel.h */ = {isa = PBXFileReference; lastKnownFileType = sourcecode.c.h; name = kedgerel.h; path = src/components/kedgerel.h; sourceTree = SOURCE_ROOT; };
		01990F45B9969995EFD40205 /* main.cpp */ = {isa = PBXFileReference; lastKnownFileType = sourcecode.cpp.cpp; name = main.cpp; path = src/core/main.cpp; sourceTree = SOURCE_ROOT; };
		021D0B9B4E890CB42162A99C /* gaussian.cpp */ = {isa = PBXFileReference; lastKnownFileType = sourcecode.cpp.cpp; name = gaussian.cpp; path = src/components/gaussian.cpp; sourceTree = SOURCE_ROOT; };
		03385F3CC4FD1FC65AFD2BC0 /* detectorchooser.h */ = {isa = PBXFileReference; lastKnownFileType = sourcecode.c.h; name = detectorchooser.h; path = src/gui/detectorchooser.h; sourceTree = SOURCE_ROOT; };
		03A0913E8DCDDF06CA714760 /* gaussian.h */ = {isa = PBXFileReference; lastKnownFileType = sourcecode.c.h; name = gaussian.h; path = src/components/gaussian.h; sourceTree = SOURCE_ROOT; };
		07124C5DA46A02824B1AC1AB /* lsqfitter.cpp */ = {isa = PBXFileReference; lastKnownFileType = sourcecode.cpp.cpp; name = lsqfitter.cpp; path = src/fitters/lsqfitter.cpp; sourceTree = SOURCE_ROOT; };
		0B574E8142C24A84ECDB1E85 /* chisquare.cpp */ = {isa = PBXFileReference; lastKnownFileType = sourcecode.cpp.cpp; name = chisquare.cpp; path = src/core/chisquare.cpp; sourceTree = SOURCE_ROOT; };
		0B9570B7BA6B9D4D2095F49C /* monitor.h */ = {isa = PBXFileReference; lastKnownFileType = sourcecode.c.h; name = monitor.h; path = src/core/monitor.h; sourceTree = SOURCE_ROOT; };
		0D2A1254A571D5F41CC6A955 /* debug_new.h */ = {isa = PBXFileReference; lastKnownFileType = sourcecode.c.h; name = debug_new.h; path = src/core/debug_new.h; sourceTree = SOURCE_ROOT; };
		0EDF5EBFBDAA8E7B31B7E7FD /* kedgerel.cpp */ = {isa = PBXFileReference; lastKnownFileType = sourcecode.cpp.cpp; name = kedgerel.cpp; path = src/components/kedgerel.cpp; sourceTree = SOURCE_ROOT; };
		0EEFB6FC5C1D72EC961072F6 /* componentmaintenance.h */ = {isa = PBXFileReference; lastKnownFileType = sourcecode.c.h; name = componentmaintenance.h; path = src/gui/componentmaintenance.h; sourceTree = SOURCE_ROOT; };
		0F70F5A6AD87BC7BD714835D /* powerlaw.h */ = {isa = PBXFileReference; lastKnownFileType = sourcecode.c.h; name = powerlaw.h; path = src/components/powerlaw.h; sourceTree = SOURCE_ROOT; };
		105AFA8CA777CF87E7113746 /* Drudeoptions.cpp */ = {isa = PBXFileReference; lastKnownFileType = sourcecode.cpp.cpp; name = Drudeoptions.cpp; path = src/gui/Drudeoptions.cpp; sourceTree = SOURCE_ROOT; };
		110082DA7AAA3814882B8EF6 /* filesave.xpm */ = {isa = PBXFileReference; lastKnownFileType = text; name = filesave.xpm; path = icons/filesave.xpm; sourceTree = SOURCE_ROOT; };
		111E9032BC273F3C8173C46D /* debug_new.cpp */ = {isa = PBXFileReference; lastKnownFileType = sourcecode.cpp.cpp; name = debug_new.cpp; path = src/core/debug_new.cpp; sourceTree = SOURCE_ROOT; };
		11A71BD975D6BA85550E201D /* multibyte.h */ = {isa = PBXFileReference; lastKnownFileType = sourcecode.c.h; name = multibyte.h; path = src/core/multibyte.h; sourceTree = SOURCE_ROOT; };
		1266B11122FB11F1013A6904 /* plasmon.cpp */ = {isa = PBXFileReference; lastKnownFileType = sourcecode.cpp.cpp; name = plasmon.cpp; path = src/components/plasmon.cpp; sourceTree = SOURCE_ROOT; };
		12D55FB8989D86D36635EBD4 /* fitterchooser.cpp */ = {isa = PBXFileReference; lastKnownFileType = sourcecode.cpp.cpp; name = fitterchooser.cpp; path = src/gui/fitterchooser.cpp; sourceTree = SOURCE_ROOT; };
		1697E88EBEF31B65F8B28BC6 /* mscatter.h */ = {isa = PBXFileReference; lastKnownFileType = sourcecode.c.h; name = mscatter.h; path = src/components/mscatter.h; sourceTree = SOURCE_ROOT; };
		172C6C1A4F46B709D929A795 /* fileopener.h */ = {isa = PBXFileReference; lastKnownFileType = sourcecode.c.h; name = fileopener.h; path = src/gui/fileopener.h; sourceTree = SOURCE_ROOT; };
		184AF37B091E1C7AEEEF9179 /* dielecmodel.h */ = {isa = PBXFileReference; lastKnownFileType = sourcecode.c.h; name = dielecmodel.h; path = src/components/dielecmodel.h; sourceTree = SOURCE_ROOT; };
		19C2D065FA911493D9C152FA /* imagedisplay.cpp */ = {isa = PBXFileReference; lastKnownFileType = sourcecode.cpp.cpp; name = imagedisplay.cpp; path = src/gui/imagedisplay.cpp; sourceTree = SOURCE_ROOT; };
		19D80B8058CA8D3674708EE3 /* drudelorentz.cpp */ = {isa = PBXFileReference; lastKnownFileType = sourcecode.cpp.cpp; name = drudelorentz.cpp; path = src/components/drudelorentz.cpp; sourceTree = SOURCE_ROOT; };
		1C95836F0588CEF403A6182D /* atomchooser.h */ = {isa = PBXFileReference; lastKnownFileType = sourcecode.c.h; name = atomchooser.h; path = src/gui/atomchooser.h; sourceTree = SOURCE_ROOT; };
		1CD501261C450CDC050584B7 /* levenbergmarquardt.cpp */ = {isa = PBXFileReference; lastKnownFileType = sourcecode.cpp.cpp; name = levenbergmarquardt.cpp; path = src/fitters/levenbergmarquardt.cpp; sourceTree = SOURCE_ROOT; };
		1F9381E5D820B13B08BFF991 /* eshift.h */ = {isa = PBXFileReference; lastKnownFileType = sourcecode.c.h; name = eshift.h; path = src/components/eshift.h; sourceTree = SOURCE_ROOT; };
		20249CF637B0ED7F387FCADF /* tag.h */ = {isa = PBXFileReference; lastKnownFileType = sourcecode.c.h; name = tag.h; path = src/core/tag.h; sourceTree = SOURCE_ROOT; };
		21EF92A89AB2B9D89D63AFC8 /* fitter_dialog.h */ = {isa = PBXFileReference; lastKnownFileType = sourcecode.c.h; name = fitter_dialog.h; path = src/gui/fitter_dialog.h; sourceTree = SOURCE_ROOT; };
		2309D97239E5326D98F637D6 /* line.h */ = {isa = PBXFileReference; lastKnownFileType = sourcecode.c.h; name = line.h; path = src/components/line.h; sourceTree = SOURCE_ROOT; };
		2404EE6051044848B71D2377 /* graph.h */ = {isa = PBXFileReference; lastKnownFileType = sourcecode.c.h; name = graph.h; path = src/gui/graph.h; sourceTree = SOURCE_ROOT; };
		266E5A0792613C6AEC11CBF6 /* kedge.cpp */ = {isa = PBXFileReference; lastKnownFileType = sourcecode.cpp.cpp; name = kedge.cpp; path = src/components/kedge.cpp; sourceTree = SOURCE_ROOT; };
		27E491205DBB7625977A84A9 /* moc_menu.cpp */ = {isa = PBXFileReference; lastKnownFileType = sourcecode.cpp.cpp; path = moc_menu.cpp; sourceTree = SOURCE_ROOT; };
		287B170688B0C9246C2799BD /* getgraphptr.cpp */ = {isa = PBXFileReference; lastKnownFileType = sourcecode.cpp.cpp; name = getgraphptr.cpp; path = src/gui/getgraphptr.cpp; sourceTree = SOURCE_ROOT; };
		2D6163088D25A6A415B0B332 /* spinsplitedgehyd.h */ = {isa = PBXFileReference; lastKnownFileType = sourcecode.c.h; name = spinsplitedgehyd.h; path = src/components/spinsplitedgehyd.h; sourceTree = SOURCE_ROOT; };
		3001673DB86AE2107DE72CD6 /* levenbergmarquardt.h */ = {isa = PBXFileReference; lastKnownFileType = sourcecode.c.h; name = levenbergmarquardt.h; path = src/fitters/levenbergmarquardt.h; sourceTree = SOURCE_ROOT; };
		302E67BCB765EB9F01D1AD12 /* saysomething.h */ = {isa = PBXFileReference; lastKnownFileType = sourcecode.c.h; name = saysomething.h; path = src/gui/saysomething.h; sourceTree = SOURCE_ROOT; };
		3048B7DCFE4D6D21D6654F2A /* Drudeoptions.h */ = {isa = PBXFileReference; lastKnownFileType = sourcecode.c.h; name = Drudeoptions.h; path = src/gui/Drudeoptions.h; sourceTree = SOURCE_ROOT; };
		30EB24CBCAB5991C19AF9F39 /* moc_componentselector.cpp */ = {isa = PBXFileReference; lastKnownFileType = sourcecode.cpp.cpp; path = moc_componentselector.cpp; sourceTree = SOURCE_ROOT; };
		3192ABBBDFD6DAE9F63A1E40 /* eelsmodel_3_3.xpm */ = {isa = PBXFileReference; lastKnownFileType = text; name = eelsmodel_3_3.xpm; path = welcomescreen/eelsmodel_3_3.xpm; sourceTree = SOURCE_ROOT; };
		32831A8AAFFBF65ED6C8CDCA /* remove.xpm */ = {isa = PBXFileReference; lastKnownFileType = text; name = remove.xpm; path = icons/remove.xpm; sourceTree = SOURCE_ROOT; };
		32E4762935D1D7986E8BEA9D /* fixedpattern.h */ = {isa = PBXFileReference; lastKnownFileType = sourcecode.c.h; name = fixedpattern.h; path = src/components/fixedpattern.h; sourceTree = SOURCE_ROOT; };
		33AD14C01BD677FB23E3D077 /* fowler.cpp */ = {isa = PBXFileReference; lastKnownFileType = sourcecode.cpp.cpp; name = fowler.cpp; path = src/components/fowler.cpp; sourceTree = SOURCE_ROOT; };
		350032632900177EA93B38C1 /* locked.xpm */ = {isa = PBXFileReference; lastKnownFileType = text; name = locked.xpm; path = icons/locked.xpm; sourceTree = SOURCE_ROOT; };
		362D007390392119BA44EC07 /* connect_established.xpm */ = {isa = PBXFileReference; lastKnownFileType = text; name = connect_established.xpm; path = icons/connect_established.xpm; sourceTree = SOURCE_ROOT; };
		36DDAD89912DD4D2CEF8428D /* atomwiz.xpm */ = {isa = PBXFileReference; lastKnownFileType = text; name = atomwiz.xpm; path = icons/atomwiz.xpm; sourceTree = SOURCE_ROOT; };
		392E7E551DFA29A5C509ED49 /* detectorchooser.cpp */ = {isa = PBXFileReference; lastKnownFileType = sourcecode.cpp.cpp; name = detectorchooser.cpp; path = src/gui/detectorchooser.cpp; sourceTree = SOURCE_ROOT; };
		3A39179EC5AFB5750661BC01 /* moc_componentmaintenance.cpp */ = {isa = PBXFileReference; lastKnownFileType = sourcecode.cpp.cpp; path = moc_componentmaintenance.cpp; sourceTree = SOURCE_ROOT; };
		3A43DB5C37A9B85BD24C582F /* moc_getgraphptr.cpp */ = {isa = PBXFileReference; lastKnownFileType = sourcecode.cpp.cpp; path = moc_getgraphptr.cpp; sourceTree = SOURCE_ROOT; };
		3ADE970626E00444FC776540 /* fitterchooser.h */ = {isa = PBXFileReference; lastKnownFileType = sourcecode.c.h; name = fitterchooser.h; path = src/gui/fitterchooser.h; sourceTree = SOURCE_ROOT; };
		3D29600A9214B40E8E047AFD /* spinsplitedgehyd.cpp */ = {isa = PBXFileReference; lastKnownFileType = sourcecode.cpp.cpp; name = spinsplitedgehyd.cpp; path = src/components/spinsplitedgehyd.cpp; sourceTree = SOURCE_ROOT; };
		41EF990876A377977A8CC641 /* tag.cpp */ = {isa = PBXFileReference; lastKnownFileType = sourcecode.cpp.cpp; name = tag.cpp; path = src/core/tag.cpp; sourceTree = SOURCE_ROOT; };
		456362E7F7916B594B022B04 /* interactive_parameter.cpp */ = {isa = PBXFileReference; lastKnownFileType = sourcecode.cpp.cpp; name = interactive_parameter.cpp; path = src/gui/interactive_parameter.cpp; sourceTree = SOURCE_ROOT; };
		46B77F23E66C0DEC183B5376 /* gdos.h */ = {isa = PBXFileReference; lastKnownFileType = sourcecode.c.h; name = gdos.h; path = src/components/gdos.h; sourceTree = SOURCE_ROOT; };
		47415887E783F636EE3C2A33 /* componentmaintenance.cpp */ = {isa = PBXFileReference; lastKnownFileType = sourcecode.cpp.cpp; name = componentmaintenance.cpp; path = src/gui/componentmaintenance.cpp; sourceTree = SOURCE_ROOT; };
		4AD27C7D95C2270CAD70F1EB /* mscatterfft.h */ = {isa = PBXFileReference; lastKnownFileType = sourcecode.c.h; name = mscatterfft.h; path = src/components/mscatterfft.h; sourceTree = SOURCE_ROOT; };
		4B3CD321CA5BF89D94201915 /* gohome.xpm */ = {isa = PBXFileReference; lastKnownFileType = text; name = gohome.xpm; path = icons/gohome.xpm; sourceTree = SOURCE_ROOT; };
		4BE04AF28C0C5CFF8AC7829D /* logpoly.cpp */ = {isa = PBXFileReference; lastKnownFileType = sourcecode.cpp.cpp; name = logpoly.cpp; path = src/components/logpoly.cpp; sourceTree = SOURCE_ROOT; };
		4DC58E5AEADBADC2AF68E18D /* moc_imagedisplay.cpp */ = {isa = PBXFileReference; lastKnownFileType = sourcecode.cpp.cpp; path = moc_imagedisplay.cpp; sourceTree = SOURCE_ROOT; };
		4DFB642794125A56221000CD /* imagedisplay.h */ = {isa = PBXFileReference; lastKnownFileType = sourcecode.c.h; name = imagedisplay.h; path = src/gui/imagedisplay.h; sourceTree = SOURCE_ROOT; };
		509A48FA8AEE19065FB12E1D /* moc_interactive_parameter.cpp */ = {isa = PBXFileReference; lastKnownFileType = sourcecode.cpp.cpp; path = moc_interactive_parameter.cpp; sourceTree = SOURCE_ROOT; };
		50DC461550AAC305A3C01BC7 /* lsqfitter.h */ = {isa = PBXFileReference; lastKnownFileType = sourcecode.c.h; name = lsqfitter.h; path = src/fitters/lsqfitter.h; sourceTree = SOURCE_ROOT; };
		54440F48A2A8736486A79B34 /* fitter.cpp */ = {isa = PBXFileReference; lastKnownFileType = sourcecode.cpp.cpp; name = fitter.cpp; path = src/fitters/fitter.cpp; sourceTree = SOURCE_ROOT; };
		54EB186552FEE73548B65926 /* invert_matrix.hpp */ = {isa = PBXFileReference; lastKnownFileType = sourcecode.cpp.h; name = invert_matrix.hpp; path = src/core/invert_matrix.hpp; sourceTree = SOURCE_ROOT; };
		54FC6395ED75711EFCEA2DFE /* moc_hello.cpp */ = {isa = PBXFileReference; lastKnownFileType = sourcecode.cpp.cpp; path = moc_hello.cpp; sourceTree = SOURCE_ROOT; };
		5524CA8E05E4F0EA29C7472F /* fixedpattern.cpp */ = {isa = PBXFileReference; lastKnownFileType = sourcecode.cpp.cpp; name = fixedpattern.cpp; path = src/components/fixedpattern.cpp; sourceTree = SOURCE_ROOT; };
		55F3D8DD79E2E502EC098D68 /* expbackground.cpp */ = {isa = PBXFileReference; lastKnownFileType = sourcecode.cpp.cpp; name = expbackground.cpp; path = src/components/expbackground.cpp; sourceTree = SOURCE_ROOT; };
		57185EC8732B28F01856E252 /* pseudovoigt.cpp */ = {isa = PBXFileReference; lastKnownFileType = sourcecode.cpp.cpp; name = pseudovoigt.cpp; path = src/components/pseudovoigt.cpp; sourceTree = SOURCE_ROOT; };
		58F6A9EE711D959C710D5BD4 /* GDOSoptions.cpp */ = {isa = PBXFileReference; lastKnownFileType = sourcecode.cpp.cpp; name = GDOSoptions.cpp; path = src/gui/GDOSoptions.cpp; sourceTree = SOURCE_ROOT; };
		5A90947F985B18F30170579E /* mycomponents.h */ = {isa = PBXFileReference; lastKnownFileType = sourcecode.c.h; name = mycomponents.h; path = src/components/mycomponents.h; sourceTree = SOURCE_ROOT; };
		5AAD4F2709E3605B3709C836 /* fileopener.cpp */ = {isa = PBXFileReference; lastKnownFileType = sourcecode.cpp.cpp; name = fileopener.cpp; path = src/gui/fileopener.cpp; sourceTree = SOURCE_ROOT; };
		5ACBD1E7672F2138184DEB74 /* component.cpp */ = {isa = PBXFileReference; lastKnownFileType = sourcecode.cpp.cpp; name = component.cpp; path = src/core/component.cpp; sourceTree = SOURCE_ROOT; };
		5CF742CCB750227E948B0ABF /* edgefile.h */ = {isa = PBXFileReference; lastKnownFileType = sourcecode.c.h; name = edgefile.h; path = src/components/edgefile.h; sourceTree = SOURCE_ROOT; };
		5D8502137C7C6A5D7FB0EE6E /* moc_fitterchooser.cpp */ = {isa = PBXFileReference; lastKnownFileType = sourcecode.cpp.cpp; path = moc_fitterchooser.cpp; sourceTree = SOURCE_ROOT; };
		5DF8B438EA2BA4FADD03DF3C /* pseudovoigt.h */ = {isa = PBXFileReference; lastKnownFileType = sourcecode.c.h; name = pseudovoigt.h; path = src/components/pseudovoigt.h; sourceTree = SOURCE_ROOT; };
		62295E5B75829D5511176667 /* fileopen.xpm */ = {isa = PBXFileReference; lastKnownFileType = text; name = fileopen.xpm; path = icons/fileopen.xpm; sourceTree = SOURCE_ROOT; };
		641C360BF33772A71C15D9BA /* zoom.xpm */ = {isa = PBXFileReference; lastKnownFileType = text; name = zoom.xpm; path = icons/zoom.xpm; sourceTree = SOURCE_ROOT; };
		6528843637BADA192BEC253C /* line.cpp */ = {isa = PBXFileReference; lastKnownFileType = sourcecode.cpp.cpp; name = line.cpp; path = src/components/line.cpp; sourceTree = SOURCE_ROOT; };
		65DF38639C59037B27325979 /* componentselector.cpp */ = {isa = PBXFileReference; lastKnownFileType = sourcecode.cpp.cpp; name = componentselector.cpp; path = src/gui/componentselector.cpp; sourceTree = SOURCE_ROOT; };
		66528A0694762AC7293B4D6A /* parameter.h */ = {isa = PBXFileReference; lastKnownFileType = sourcecode.c.h; name = parameter.h; path = src/core/parameter.h; sourceTree = SOURCE_ROOT; };
		6774E59B0D423E946C1F154E /* moc_getfilename.cpp */ = {isa = PBXFileReference; lastKnownFileType = sourcecode.cpp.cpp; path = moc_getfilename.cpp; sourceTree = SOURCE_ROOT; };
		67EDDFFABDCAABAD1741DEFA /* ledge.cpp */ = {isa = PBXFileReference; lastKnownFileType = sourcecode.cpp.cpp; name = ledge.cpp; path = src/components/ledge.cpp; sourceTree = SOURCE_ROOT; };
		686BC3ADD9AE5F76C36975B7 /* licence.txt */ = {isa = PBXFileReference; lastKnownFileType = text; name = licence.txt; path = src/gui/licence.txt; sourceTree = SOURCE_ROOT; };
		6873970B5BBAE33C87F30C4E /* integerinput.h */ = {isa = PBXFileReference; lastKnownFileType = sourcecode.c.h; name = integerinput.h; path = src/gui/integerinput.h; sourceTree = SOURCE_ROOT; };
		69DC6D4F168998A2823D7287 /* mlfitter.h */ = {isa = PBXFileReference; lastKnownFileType = sourcecode.c.h; name = mlfitter.h; path = src/fitters/mlfitter.h; sourceTree = SOURCE_ROOT; };
		6C3D3212F45CAA1AA1B81C17 /* image.h */ = {isa = PBXFileReference; lastKnownFileType = sourcecode.c.h; name = image.h; path = src/core/image.h; sourceTree = SOURCE_ROOT; };
		6D09B2A5145405B5C5E7CC31 /* component.h */ = {isa = PBXFileReference; lastKnownFileType = sourcecode.c.h; name = component.h; path = src/core/component.h; sourceTree = SOURCE_ROOT; };
		6EF6602C1E44DCBF7B8F6B61 /* menu.h */ = {isa = PBXFileReference; lastKnownFileType = sourcecode.c.h; name = menu.h; path = src/gui/menu.h; sourceTree = SOURCE_ROOT; };
		7070C8A228FBE89073607931 /* eelsmodel.h */ = {isa = PBXFileReference; lastKnownFileType = sourcecode.c.h; name = eelsmodel.h; path = src/core/eelsmodel.h; sourceTree = SOURCE_ROOT; };
		73951D3919D738E1B8CC3D96 /* dos.h */ = {isa = PBXFileReference; lastKnownFileType = sourcecode.c.h; name = dos.h; path = src/components/dos.h; sourceTree = SOURCE_ROOT; };
		73E92EFE9CB2360D78D34548 /* spectrum.cpp */ = {isa = PBXFileReference; lastKnownFileType = sourcecode.cpp.cpp; name = spectrum.cpp; path = src/core/spectrum.cpp; sourceTree = SOURCE_ROOT; };
		75AE514F09741199FADE99B9 /* model.h */ = {isa = PBXFileReference; lastKnownFileType = sourcecode.c.h; name = model.h; path = src/core/model.h; sourceTree = SOURCE_ROOT; };
		76912C2124D0F1921F5BF991 /* image.cpp */ = {isa = PBXFileReference; lastKnownFileType = sourcecode.cpp.cpp; name = image.cpp; path = src/core/image.cpp; sourceTree = SOURCE_ROOT; };
		771A5C840473188C1081C41C /* moc_integerinput.cpp */ = {isa = PBXFileReference; lastKnownFileType = sourcecode.cpp.cpp; path = moc_integerinput.cpp; sourceTree = SOURCE_ROOT; };
		7AE00C4C11F52CF12C7A1C94 /* GDOSoptions.h */ = {isa = PBXFileReference; lastKnownFileType = sourcecode.c.h; name = GDOSoptions.h; path = src/gui/GDOSoptions.h; sourceTree = SOURCE_ROOT; };
		7B37FBD922601154B63AC0E6 /* moc_saysomething.cpp */ = {isa = PBXFileReference; lastKnownFileType = sourcecode.cpp.cpp; path = moc_saysomething.cpp; sourceTree = SOURCE_ROOT; };
		7BC2E65A5E699A5E5D834CA2 /* QtCore.framework */ = {isa = PBXFileReference; lastKnownFileType = wrapper.framework; name = QtCore.framework; path = /Library/Frameworks/QtCore.framework; sourceTree = "<absolute>"; };
		7CB1A2F191B4C7730D671CCC /* spinsplitedge.h */ = {isa = PBXFileReference; lastKnownFileType = sourcecode.c.h; name = spinsplitedge.h; path = src/components/spinsplitedge.h; sourceTree = SOURCE_ROOT; };
		81B59BE275922DACF46FE348 /* eshift.cpp */ = {isa = PBXFileReference; lastKnownFileType = sourcecode.cpp.cpp; name = eshift.cpp; path = src/components/eshift.cpp; sourceTree = SOURCE_ROOT; };
		81E8A4C9FC7BF1CC34B3AB4A /* dieleclinear.h */ = {isa = PBXFileReference; lastKnownFileType = sourcecode.c.h; name = dieleclinear.h; path = src/components/dieleclinear.h; sourceTree = SOURCE_ROOT; };
		8636A61BE2A7554BBB9ACC8E /* hsedge.cpp */ = {isa = PBXFileReference; lastKnownFileType = sourcecode.cpp.cpp; name = hsedge.cpp; path = src/components/hsedge.cpp; sourceTree = SOURCE_ROOT; };
		864531A36C2D8D243CCB3004 /* spinsplitedge.cpp */ = {isa = PBXFileReference; lastKnownFileType = sourcecode.cpp.cpp; name = spinsplitedge.cpp; path = src/components/spinsplitedge.cpp; sourceTree = SOURCE_ROOT; };
		87D3A9EBF91A6795C46C5B0F /* edgefile.cpp */ = {isa = PBXFileReference; lastKnownFileType = sourcecode.cpp.cpp; name = edgefile.cpp; path = src/components/edgefile.cpp; sourceTree = SOURCE_ROOT; };
		8860BF418B4ADAADB75621B4 /* plasmon.h */ = {isa = PBXFileReference; lastKnownFileType = sourcecode.c.h; name = plasmon.h; path = src/components/plasmon.h; sourceTree = SOURCE_ROOT; };
		8B902F4DD5E0852E17E6AE87 /* expbackground.h */ = {isa = PBXFileReference; lastKnownFileType = sourcecode.c.h; name = expbackground.h; path = src/components/expbackground.h; sourceTree = SOURCE_ROOT; };
		8D23C4BFD078EE11C96D4CEE /* lorentz.h */ = {isa = PBXFileReference; lastKnownFileType = sourcecode.c.h; name = lorentz.h; path = src/components/lorentz.h; sourceTree = SOURCE_ROOT; };
		8EE92F8FA333C9E415C5B34E /* QtXml.framework */ = {isa = PBXFileReference; lastKnownFileType = wrapper.framework; name = QtXml.framework; path = /Library/Frameworks/QtXml.framework; sourceTree = "<absolute>"; };
		8FD452A4447D00EF143BD5D5 /* fitter.h */ = {isa = PBXFileReference; lastKnownFileType = sourcecode.c.h; name = fitter.h; path = src/fitters/fitter.h; sourceTree = SOURCE_ROOT; };
		90E3E4525B3CBF4BBC4515F0 /* bandedmatrix.h */ = {isa = PBXFileReference; lastKnownFileType = sourcecode.c.h; name = bandedmatrix.h; path = src/core/bandedmatrix.h; sourceTree = SOURCE_ROOT; };
		91FE34AF36CEE5F65BBEDA61 /* componentselector.h */ = {isa = PBXFileReference; lastKnownFileType = sourcecode.c.h; name = componentselector.h; path = src/gui/componentselector.h; sourceTree = SOURCE_ROOT; };
		92D36853C9E658CEE72D5450 /* eelsmodel.pro */ = {isa = PBXFileReference; lastKnownFileType = text; path = eelsmodel.pro; sourceTree = SOURCE_ROOT; };
		94B9FC792FD98D68CC6721E5 /* spinsplitedgegap.h */ = {isa = PBXFileReference; lastKnownFileType = sourcecode.c.h; name = spinsplitedgegap.h; path = src/components/spinsplitedgegap.h; sourceTree = SOURCE_ROOT; };
		95461AE96736F876A285F254 /* gdos.cpp */ = {isa = PBXFileReference; lastKnownFileType = sourcecode.cpp.cpp; name = gdos.cpp; path = src/components/gdos.cpp; sourceTree = SOURCE_ROOT; };
		95B3584BA7F1FFB8BF4AB58A /* fftw++.h */ = {isa = PBXFileReference; lastKnownFileType = sourcecode.c.h; name = "fftw++.h"; path = "src/core/fftw++.h"; sourceTree = SOURCE_ROOT; };
		969EAD5A13DEF60B12AD3F49 /* curvematrix.h */ = {isa = PBXFileReference; lastKnownFileType = sourcecode.c.h; name = curvematrix.h; path = src/core/curvematrix.h; sourceTree = SOURCE_ROOT; };
		979A27F6FBC00AC08A6887FA /* cslice_iter.h */ = {isa = PBXFileReference; lastKnownFileType = sourcecode.c.h; name = cslice_iter.h; path = src/core/cslice_iter.h; sourceTree = SOURCE_ROOT; };
		97D2267082E37EB4B7D687A9 /* monitor.xpm */ = {isa = PBXFileReference; lastKnownFileType = text; name = monitor.xpm; path = icons/monitor.xpm; sourceTree = SOURCE_ROOT; };
		9867F73A388AFC1E54572F9A /* pearsonIV.cpp */ = {isa = PBXFileReference; lastKnownFileType = sourcecode.cpp.cpp; name = pearsonIV.cpp; path = src/components/pearsonIV.cpp; sourceTree = SOURCE_ROOT; };
		98D6F057B86F4908560DBBBF /* moc_fitter_dialog.cpp */ = {isa = PBXFileReference; lastKnownFileType = sourcecode.cpp.cpp; path = moc_fitter_dialog.cpp; sourceTree = SOURCE_ROOT; };
		994EC69D0FA834AD05F5EFE7 /* kedge.h */ = {isa = PBXFileReference; lastKnownFileType = sourcecode.c.h; name = kedge.h; path = src/components/kedge.h; sourceTree = SOURCE_ROOT; };
		9A253C9589CCA052BF5CFA5D /* moc_detectorchooser.cpp */ = {isa = PBXFileReference; lastKnownFileType = sourcecode.cpp.cpp; path = moc_detectorchooser.cpp; sourceTree = SOURCE_ROOT; };
		9A6DB33825533881CB72C256 /* rectangle.xpm */ = {isa = PBXFileReference; lastKnownFileType = text; name = rectangle.xpm; path = icons/rectangle.xpm; sourceTree = SOURCE_ROOT; };
		9B36DA7E32F0304E780E7972 /* QtGui.framework */ = {isa = PBXFileReference; lastKnownFileType = wrapper.framework; name = QtGui.framework; path = /Library/Frameworks/QtGui.framework; sourceTree = "<absolute>"; };
		9EA723DE3169DFC0BC4EA14C /* getfilename.cpp */ = {isa = PBXFileReference; lastKnownFileType = sourcecode.cpp.cpp; name = getfilename.cpp; path = src/gui/getfilename.cpp; sourceTree = SOURCE_ROOT; };
		9F94E325C9CD33771A65A287 /* fftw++.cpp */ = {isa = PBXFileReference; lastKnownFileType = sourcecode.cpp.cpp; name = "fftw++.cpp"; path = "src/core/fftw++.cpp"; sourceTree = SOURCE_ROOT; };
		A045455EDA6E0B285667375E /* model.cpp */ = {isa = PBXFileReference; lastKnownFileType = sourcecode.cpp.cpp; name = model.cpp; path = src/core/model.cpp; sourceTree = SOURCE_ROOT; };
		A230387805032D0BC6378583 /* energies.h */ = {isa = PBXFileReference; lastKnownFileType = sourcecode.c.h; name = energies.h; path = src/gui/energies.h; sourceTree = SOURCE_ROOT; };
		A291D2A015AFE383AEF94A33 /* moc_fileopener.cpp */ = {isa = PBXFileReference; lastKnownFileType = sourcecode.cpp.cpp; path = moc_fileopener.cpp; sourceTree = SOURCE_ROOT; };
		A2A64FFD8E7B5944A3DB0E22 /* mscatterfft.cpp */ = {isa = PBXFileReference; lastKnownFileType = sourcecode.cpp.cpp; name = mscatterfft.cpp; path = src/components/mscatterfft.cpp; sourceTree = SOURCE_ROOT; };
		A330AF5F9D18414D925A6FDD /* spectrum.h */ = {isa = PBXFileReference; lastKnownFileType = sourcecode.c.h; name = spectrum.h; path = src/core/spectrum.h; sourceTree = SOURCE_ROOT; };
		A548E96B2EEBEBED9E7EEFA7 /* moc_eelsmodel.cpp */ = {isa = PBXFileReference; lastKnownFileType = sourcecode.cpp.cpp; path = moc_eelsmodel.cpp; sourceTree = SOURCE_ROOT; };
		A56D4B070414F12EBCD5971A /* dieleclinear.cpp */ = {isa = PBXFileReference; lastKnownFileType = sourcecode.cpp.cpp; name = dieleclinear.cpp; path = src/components/dieleclinear.cpp; sourceTree = SOURCE_ROOT; };
		A59A1EC17AAC1742D0E29244 /* hello.cpp */ = {isa = PBXFileReference; lastKnownFileType = sourcecode.cpp.cpp; name = hello.cpp; path = src/gui/hello.cpp; sourceTree = SOURCE_ROOT; };
		A706252CD48D3A03368BDC85 /* logpoly.h */ = {isa = PBXFileReference; lastKnownFileType = sourcecode.c.h; name = logpoly.h; path = src/components/logpoly.h; sourceTree = SOURCE_ROOT; };
		A9E9CBAFF80368733EA5BF29 /* wlsqfitter.h */ = {isa = PBXFileReference; lastKnownFileType = sourcecode.c.h; name = wlsqfitter.h; path = src/fitters/wlsqfitter.h; sourceTree = SOURCE_ROOT; };
		AB2488011801796400AB74B2 /* eelsmodel.app */ = {isa = PBXFileReference; explicitFileType = wrapper.application; includeInIndex = 0; path = eelsmodel.app; sourceTree = BUILT_PRODUCTS_DIR; };
		AB24880518017A0300AB74B2 /* libatlas.dylib */ = {isa = PBXFileReference; lastKnownFileType = "compiled.mach-o.dylib"; name = libatlas.dylib; path = usr/lib/libatlas.dylib; sourceTree = "<group>"; };
		AB24880718017A7500AB74B2 /* libfftw3.la */ = {isa = PBXFileReference; lastKnownFileType = text; name = libfftw3.la; path = "Users/jv/tmp/fftw-3.3.3/libfftw3.la"; sourceTree = "<group>"; };
		AB52C34CB4C351ACB3D05237 /* Qt3Support.framework */ = {isa = PBXFileReference; lastKnownFileType = wrapper.framework; name = Qt3Support.framework; path = /Library/Frameworks/Qt3Support.framework; sourceTree = "<absolute>"; };
		ACF56E233D213A51343E17C0 /* saysomething.cpp */ = {isa = PBXFileReference; lastKnownFileType = sourcecode.cpp.cpp; name = saysomething.cpp; path = src/gui/saysomething.cpp; sourceTree = SOURCE_ROOT; };
		AFEE76769A5886F710BF5629 /* eelsmodel.cpp */ = {isa = PBXFileReference; lastKnownFileType = sourcecode.cpp.cpp; name = eelsmodel.cpp; path = src/core/eelsmodel.cpp; sourceTree = SOURCE_ROOT; };
		B01D75763E2556938705D1CD /* moc_atomchooser.cpp */ = {isa = PBXFileReference; lastKnownFileType = sourcecode.cpp.cpp; path = moc_atomchooser.cpp; sourceTree = SOURCE_ROOT; };
		B101BCDF9FB4B9DC0537788A /* realinput.cpp */ = {isa = PBXFileReference; lastKnownFileType = sourcecode.cpp.cpp; name = realinput.cpp; path = src/gui/realinput.cpp; sourceTree = SOURCE_ROOT; };
		B25E4E5F629EA710CF8A848F /* eelsmodel.icns */ = {isa = PBXFileReference; lastKnownFileType = image.icns; name = eelsmodel.icns; path = icons/eelsmodel.icns; sourceTree = SOURCE_ROOT; };
		B27EE3A03CF485F4D75C9E6E /* mscatter.cpp */ = {isa = PBXFileReference; lastKnownFileType = sourcecode.cpp.cpp; name = mscatter.cpp; path = src/components/mscatter.cpp; sourceTree = SOURCE_ROOT; };
		B3F4181625934D5BC719F84C /* linked.xpm */ = {isa = PBXFileReference; lastKnownFileType = text; name = linked.xpm; path = icons/linked.xpm; sourceTree = SOURCE_ROOT; };
		B4729EAE9F640E905B53C36B /* mscatterexpfft.cpp */ = {isa = PBXFileReference; lastKnownFileType = sourcecode.cpp.cpp; name = mscatterexpfft.cpp; path = src/components/mscatterexpfft.cpp; sourceTree = SOURCE_ROOT; };
		B5C9753702CF711F12421EA5 /* multispectrum.cpp */ = {isa = PBXFileReference; lastKnownFileType = sourcecode.cpp.cpp; name = multispectrum.cpp; path = src/core/multispectrum.cpp; sourceTree = SOURCE_ROOT; };
		B5E056B853FAF4AB3BC942A3 /* atomchooser.cpp */ = {isa = PBXFileReference; lastKnownFileType = sourcecode.cpp.cpp; name = atomchooser.cpp; path = src/gui/atomchooser.cpp; sourceTree = SOURCE_ROOT; };
		B656DA79070AA10BFFAE08E5 /* equalizer.h */ = {isa = PBXFileReference; lastKnownFileType = sourcecode.c.h; name = equalizer.h; path = src/gui/equalizer.h; sourceTree = SOURCE_ROOT; };
		B6B9970B86A6C219B0869FE9 /* QtNetwork.framework */ = {isa = PBXFileReference; lastKnownFileType = wrapper.framework; name = QtNetwork.framework; path = /Library/Frameworks/QtNetwork.framework; sourceTree = "<absolute>"; };
		B81A64BA9DECAE975F94DE5D /* fitter_dialog.cpp */ = {isa = PBXFileReference; lastKnownFileType = sourcecode.cpp.cpp; name = fitter_dialog.cpp; path = src/gui/fitter_dialog.cpp; sourceTree = SOURCE_ROOT; };
		B8ED6FF9DF9D8060152E6BDA /* parameter.cpp */ = {isa = PBXFileReference; lastKnownFileType = sourcecode.cpp.cpp; name = parameter.cpp; path = src/core/parameter.cpp; sourceTree = SOURCE_ROOT; };
		B9E7C2A4F8327FA23DD5077C /* mlfitter_gsl.cpp */ = {isa = PBXFileReference; lastKnownFileType = sourcecode.cpp.cpp; name = mlfitter_gsl.cpp; path = src/fitters/mlfitter_gsl.cpp; sourceTree = SOURCE_ROOT; };
		BA55B932B0CB50A9A52AFCEA /* doslifetime.h */ = {isa = PBXFileReference; lastKnownFileType = sourcecode.c.h; name = doslifetime.h; path = src/components/doslifetime.h; sourceTree = SOURCE_ROOT; };
		BC6D09285586C8109F4F6F4F /* powerlaw.cpp */ = {isa = PBXFileReference; lastKnownFileType = sourcecode.cpp.cpp; name = powerlaw.cpp; path = src/components/powerlaw.cpp; sourceTree = SOURCE_ROOT; };
		BDCA735FDDB5AF096447C2DC /* cslice_iter.cpp */ = {isa = PBXFileReference; lastKnownFileType = sourcecode.cpp.cpp; name = cslice_iter.cpp; path = src/core/cslice_iter.cpp; sourceTree = SOURCE_ROOT; };
		BE0DB0BC5468E8DCBD3F520B /* moc_Drudeoptions.cpp */ = {isa = PBXFileReference; lastKnownFileType = sourcecode.cpp.cpp; path = moc_Drudeoptions.cpp; sourceTree = SOURCE_ROOT; };
		BF8409D08DEFA035A5AC4C3E /* gettopspectrum.cpp */ = {isa = PBXFileReference; lastKnownFileType = sourcecode.cpp.cpp; name = gettopspectrum.cpp; path = src/gui/gettopspectrum.cpp; sourceTree = SOURCE_ROOT; };
		C0D1AA7C0F34B7AF9A357F6F /* curvematrix.cpp */ = {isa = PBXFileReference; lastKnownFileType = sourcecode.cpp.cpp; name = curvematrix.cpp; path = src/core/curvematrix.cpp; sourceTree = SOURCE_ROOT; };
		C5C4EBD62C628F33FFC0B59C /* doslifetimespline.h */ = {isa = PBXFileReference; lastKnownFileType = sourcecode.c.h; name = doslifetimespline.h; path = src/components/doslifetimespline.h; sourceTree = SOURCE_ROOT; };
		C9F8D89799B3B0E38896B554 /* slice_iter.h */ = {isa = PBXFileReference; lastKnownFileType = sourcecode.c.h; name = slice_iter.h; path = src/core/slice_iter.h; sourceTree = SOURCE_ROOT; };
		CD1BEF77ECC4D9AE978FB61D /* getfilename.h */ = {isa = PBXFileReference; lastKnownFileType = sourcecode.c.h; name = getfilename.h; path = src/gui/getfilename.h; sourceTree = SOURCE_ROOT; };
		CDB7ED86E7B65441F033F6F6 /* drudelorentz.h */ = {isa = PBXFileReference; lastKnownFileType = sourcecode.c.h; name = drudelorentz.h; path = src/components/drudelorentz.h; sourceTree = SOURCE_ROOT; };
		CEE0F8A614792056BA0295D0 /* moc_graph.cpp */ = {isa = PBXFileReference; lastKnownFileType = sourcecode.cpp.cpp; path = moc_graph.cpp; sourceTree = SOURCE_ROOT; };
		CEE0FC1B9F96240305385A52 /* info.xpm */ = {isa = PBXFileReference; lastKnownFileType = text; name = info.xpm; path = icons/info.xpm; sourceTree = SOURCE_ROOT; };
		D10F9FD4242F74A5343065F8 /* moc_image.cpp */ = {isa = PBXFileReference; lastKnownFileType = sourcecode.cpp.cpp; path = moc_image.cpp; sourceTree = SOURCE_ROOT; };
		D11097D6E76A34E110EC24C4 /* mscatterexpfft.h */ = {isa = PBXFileReference; lastKnownFileType = sourcecode.c.h; name = mscatterexpfft.h; path = src/components/mscatterexpfft.h; sourceTree = SOURCE_ROOT; };
		D35270AF5FE58B3112CDBF7D /* equalizer.cpp */ = {isa = PBXFileReference; lastKnownFileType = sourcecode.cpp.cpp; name = equalizer.cpp; path = src/gui/equalizer.cpp; sourceTree = SOURCE_ROOT; };
		D5AD801ED978F618366D3177 /* filenew.xpm */ = {isa = PBXFileReference; lastKnownFileType = text; name = filenew.xpm; path = icons/filenew.xpm; sourceTree = SOURCE_ROOT; };
		D5AE8A5A498DD7A0593EA658 /* moc_equalizer.cpp */ = {isa = PBXFileReference; lastKnownFileType = sourcecode.cpp.cpp; path = moc_equalizer.cpp; sourceTree = SOURCE_ROOT; };
		D62CC9570ECD932C218D3B75 /* unlock.xpm */ = {isa = PBXFileReference; lastKnownFileType = text; name = unlock.xpm; path = icons/unlock.xpm; sourceTree = SOURCE_ROOT; };
		D76744648320CBCD06D733E9 /* moc_monitorchooser.cpp */ = {isa = PBXFileReference; lastKnownFileType = sourcecode.cpp.cpp; path = moc_monitorchooser.cpp; sourceTree = SOURCE_ROOT; };
		D9ABA85EC00CA9FD75227DCB /* monitor.cpp */ = {isa = PBXFileReference; lastKnownFileType = sourcecode.cpp.cpp; name = monitor.cpp; path = src/core/monitor.cpp; sourceTree = SOURCE_ROOT; };
		DA3D05AAD05ABDC9F9B2A1F0 /* gettopspectrum.h */ = {isa = PBXFileReference; lastKnownFileType = sourcecode.c.h; name = gettopspectrum.h; path = src/gui/gettopspectrum.h; sourceTree = SOURCE_ROOT; };
		DB1EB46AE02E7BEE233368DB /* multispectrum.h */ = {isa = PBXFileReference; lastKnownFileType = sourcecode.c.h; name = multispectrum.h; path = src/core/multispectrum.h; sourceTree = SOURCE_ROOT; };
		DB3AC710975EFD80404304F6 /* moc_GDOSoptions.cpp */ = {isa = PBXFileReference; lastKnownFileType = sourcecode.cpp.cpp; path = moc_GDOSoptions.cpp; sourceTree = SOURCE_ROOT; };
		DC657F7A62C5FFEDD9B9AF14 /* realinput.h */ = {isa = PBXFileReference; lastKnownFileType = sourcecode.c.h; name = realinput.h; path = src/gui/realinput.h; sourceTree = SOURCE_ROOT; };
		DE77EDEDCAE1BC11C0D30499 /* monitorchooser.h */ = {isa = PBXFileReference; lastKnownFileType = sourcecode.c.h; name = monitorchooser.h; path = src/gui/monitorchooser.h; sourceTree = SOURCE_ROOT; };
		DEF94781D92B3A8852505851 /* moc_realinput.cpp */ = {isa = PBXFileReference; lastKnownFileType = sourcecode.cpp.cpp; path = moc_realinput.cpp; sourceTree = SOURCE_ROOT; };
		E0814A49DDD73EF0F620E7DB /* QtSql.framework */ = {isa = PBXFileReference; lastKnownFileType = wrapper.framework; name = QtSql.framework; path = /Library/Frameworks/QtSql.framework; sourceTree = "<absolute>"; };
		E2783BFC398CE476823468F6 /* ledge.h */ = {isa = PBXFileReference; lastKnownFileType = sourcecode.c.h; name = ledge.h; path = src/components/ledge.h; sourceTree = SOURCE_ROOT; };
		E2F5936B60561B58224D9BAF /* getgraphptr.h */ = {isa = PBXFileReference; lastKnownFileType = sourcecode.c.h; name = getgraphptr.h; path = src/gui/getgraphptr.h; sourceTree = SOURCE_ROOT; };
		E3DAD4F50AD84FDB852A83BB /* mendeleev.h */ = {isa = PBXFileReference; lastKnownFileType = sourcecode.c.h; name = mendeleev.h; path = src/gui/mendeleev.h; sourceTree = SOURCE_ROOT; };
		E765527D68B42EBC7017F0F8 /* multibyte.cpp */ = {isa = PBXFileReference; lastKnownFileType = sourcecode.cpp.cpp; name = multibyte.cpp; path = src/core/multibyte.cpp; sourceTree = SOURCE_ROOT; };
		E8C263EA0D681CD5EE864FEC /* add.xpm */ = {isa = PBXFileReference; lastKnownFileType = text; name = add.xpm; path = icons/add.xpm; sourceTree = SOURCE_ROOT; };
		E8E292587816563D19F9BDF0 /* hello.h */ = {isa = PBXFileReference; lastKnownFileType = sourcecode.c.h; name = hello.h; path = src/gui/hello.h; sourceTree = SOURCE_ROOT; };
		E9B3B6EEC7878AD7E45876E8 /* doslifetime.cpp */ = {isa = PBXFileReference; lastKnownFileType = sourcecode.cpp.cpp; name = doslifetime.cpp; path = src/components/doslifetime.cpp; sourceTree = SOURCE_ROOT; };
		EACC07B703CE088D85623A7C /* wlsqfitter.cpp */ = {isa = PBXFileReference; lastKnownFileType = sourcecode.cpp.cpp; name = wlsqfitter.cpp; path = src/fitters/wlsqfitter.cpp; sourceTree = SOURCE_ROOT; };
		EB0E9A5174FC4D8BB3999E28 /* mlfitter_gsl.h */ = {isa = PBXFileReference; lastKnownFileType = sourcecode.c.h; name = mlfitter_gsl.h; path = src/fitters/mlfitter_gsl.h; sourceTree = SOURCE_ROOT; };
		EB4BF71B8E94B76B6CB862F4 /* slice_iter.cpp */ = {isa = PBXFileReference; lastKnownFileType = sourcecode.cpp.cpp; name = slice_iter.cpp; path = src/core/slice_iter.cpp; sourceTree = SOURCE_ROOT; };
		EBDEEA9F484068D9CFE667B7 /* mlfitter.cpp */ = {isa = PBXFileReference; lastKnownFileType = sourcecode.cpp.cpp; name = mlfitter.cpp; path = src/fitters/mlfitter.cpp; sourceTree = SOURCE_ROOT; };
		EC0CDB15DFCF0C43F13A889D /* dos.cpp */ = {isa = PBXFileReference; lastKnownFileType = sourcecode.cpp.cpp; name = dos.cpp; path = src/components/dos.cpp; sourceTree = SOURCE_ROOT; };
		EECDD646275FCFFBDF82EA26 /* menu.cpp */ = {isa = PBXFileReference; lastKnownFileType = sourcecode.cpp.cpp; name = menu.cpp; path = src/gui/menu.cpp; sourceTree = SOURCE_ROOT; };
		F06138CADCA4720AEA219E9B /* monitorchooser.cpp */ = {isa = PBXFileReference; lastKnownFileType = sourcecode.cpp.cpp; name = monitorchooser.cpp; path = src/gui/monitorchooser.cpp; sourceTree = SOURCE_ROOT; };
		F1038D0C1430B241E9C3A37D /* hsedge.h */ = {isa = PBXFileReference; lastKnownFileType = sourcecode.c.h; name = hsedge.h; path = src/components/hsedge.h; sourceTree = SOURCE_ROOT; };
		F10CA26DB510549FE78E1A76 /* chisquare.h */ = {isa = PBXFileReference; lastKnownFileType = sourcecode.c.h; name = chisquare.h; path = src/core/chisquare.h; sourceTree = SOURCE_ROOT; };
		F1B538ECE0BEBF30209C5981 /* ok.xpm */ = {isa = PBXFileReference; lastKnownFileType = text; name = ok.xpm; path = icons/ok.xpm; sourceTree = SOURCE_ROOT; };
		F3869F227F62BABEFA092969 /* fowler.h */ = {isa = PBXFileReference; lastKnownFileType = sourcecode.c.h; name = fowler.h; path = src/components/fowler.h; sourceTree = SOURCE_ROOT; };
		F4467C1B2908A461843365D2 /* interactive_parameter.h */ = {isa = PBXFileReference; lastKnownFileType = sourcecode.c.h; name = interactive_parameter.h; path = src/gui/interactive_parameter.h; sourceTree = SOURCE_ROOT; };
		F47A61BE2D664C3870FF81B2 /* graph.cpp */ = {isa = PBXFileReference; lastKnownFileType = sourcecode.cpp.cpp; name = graph.cpp; path = src/gui/graph.cpp; sourceTree = SOURCE_ROOT; };
		F4F087A4014B22DCFD965DEB /* integerinput.cpp */ = {isa = PBXFileReference; lastKnownFileType = sourcecode.cpp.cpp; name = integerinput.cpp; path = src/gui/integerinput.cpp; sourceTree = SOURCE_ROOT; };
		F89C1DC09356DAC82C95D96D /* doslifetimespline.cpp */ = {isa = PBXFileReference; lastKnownFileType = sourcecode.cpp.cpp; name = doslifetimespline.cpp; path = src/components/doslifetimespline.cpp; sourceTree = SOURCE_ROOT; };
		FCE5B654651533DEC4AA94FA /* dielecmodel.cpp */ = {isa = PBXFileReference; lastKnownFileType = sourcecode.cpp.cpp; name = dielecmodel.cpp; path = src/components/dielecmodel.cpp; sourceTree = SOURCE_ROOT; };
		FF8A36011FAA215ADDA5D9ED /* lorentz.cpp */ = {isa = PBXFileReference; lastKnownFileType = sourcecode.cpp.cpp; name = lorentz.cpp; path = src/components/lorentz.cpp; sourceTree = SOURCE_ROOT; };
		FFB0BC1CA620025601181D8F /* previous.xpm */ = {isa = PBXFileReference; lastKnownFileType = text; name = previous.xpm; path = icons/previous.xpm; sourceTree = SOURCE_ROOT; };
		FFB8B9B5B05393B0B42F99D9 /* pearsonIV.h */ = {isa = PBXFileReference; lastKnownFileType = sourcecode.c.h; name = pearsonIV.h; path = src/components/pearsonIV.h; sourceTree = SOURCE_ROOT; };
/* End PBXFileReference section */

/* Begin PBXFrameworksBuildPhase section */
		2A1043669E6E5A7426EA502A /* Frameworks & Libraries */ = {
			isa = PBXFrameworksBuildPhase;
			buildActionMask = 2147483647;
			files = (
				031AE02E6E5EF32803F3428D /* Qt3Support.framework in Frameworks & Libraries */,
				C78BFE0DD4D0FC1F4B157F30 /* QtSql.framework in Frameworks & Libraries */,
				069D05B0128AE5DC7EE31738 /* QtCore.framework in Frameworks & Libraries */,
				C2643FEB592DBFD1429BE4E1 /* QtXml.framework in Frameworks & Libraries */,
				501667F26B3C1FF6767A7C12 /* QtGui.framework in Frameworks & Libraries */,
				3826A0833FCB54E86728C6EF /* QtNetwork.framework in Frameworks & Libraries */,
			);
			name = "Frameworks & Libraries";
			runOnlyForDeploymentPostprocessing = 0;
		};
/* End PBXFrameworksBuildPhase section */

/* Begin PBXGroup section */
		05596AB53D8D521C69802C27 /* eels */ = {
			isa = PBXGroup;
			children = (
				AB24880718017A7500AB74B2 /* libfftw3.la */,
				AB24880518017A0300AB74B2 /* libatlas.dylib */,
				FB61758D0F0FDA4BA867C3D5 /* Sources */,
				46E892BBB6BB6952967E0561 /* Temporary Sources */,
				883D7615C4D2DE3FA1218F12 /* Headers */,
				7CABE3C80E79AD2B307756D2 /* Sources [qmake] */,
				ED1E82605DD74B483AF3C982 /* External Frameworks and Libraries */,
				AB2488021801796400AB74B2 /* Products */,
			);
			name = eels;
			sourceTree = "<Group>";
		};
		06674E1DE8D3EB6E763DFFDA /* src */ = {
			isa = PBXGroup;
			children = (
				23EF2BDCA58A7B60EE02DFAA /* components */,
				7B1803210163B1ACC420DB06 /* core */,
				F48F28D7DEB4E51CAAC13127 /* fitters */,
				DBBF9A8E3A15291CD4189458 /* gui */,
			);
			name = src;
			sourceTree = "<Group>";
		};
		23EF2BDCA58A7B60EE02DFAA /* components */ = {
			isa = PBXGroup;
			children = (
				A56D4B070414F12EBCD5971A /* dieleclinear.cpp */,
				FCE5B654651533DEC4AA94FA /* dielecmodel.cpp */,
				EC0CDB15DFCF0C43F13A889D /* dos.cpp */,
				E9B3B6EEC7878AD7E45876E8 /* doslifetime.cpp */,
				F89C1DC09356DAC82C95D96D /* doslifetimespline.cpp */,
				19D80B8058CA8D3674708EE3 /* drudelorentz.cpp */,
				87D3A9EBF91A6795C46C5B0F /* edgefile.cpp */,
				81B59BE275922DACF46FE348 /* eshift.cpp */,
				55F3D8DD79E2E502EC098D68 /* expbackground.cpp */,
				5524CA8E05E4F0EA29C7472F /* fixedpattern.cpp */,
				33AD14C01BD677FB23E3D077 /* fowler.cpp */,
				021D0B9B4E890CB42162A99C /* gaussian.cpp */,
				95461AE96736F876A285F254 /* gdos.cpp */,
				8636A61BE2A7554BBB9ACC8E /* hsedge.cpp */,
				266E5A0792613C6AEC11CBF6 /* kedge.cpp */,
				0EDF5EBFBDAA8E7B31B7E7FD /* kedgerel.cpp */,
				67EDDFFABDCAABAD1741DEFA /* ledge.cpp */,
				6528843637BADA192BEC253C /* line.cpp */,
				4BE04AF28C0C5CFF8AC7829D /* logpoly.cpp */,
				FF8A36011FAA215ADDA5D9ED /* lorentz.cpp */,
				B27EE3A03CF485F4D75C9E6E /* mscatter.cpp */,
				B4729EAE9F640E905B53C36B /* mscatterexpfft.cpp */,
				A2A64FFD8E7B5944A3DB0E22 /* mscatterfft.cpp */,
				9867F73A388AFC1E54572F9A /* pearsonIV.cpp */,
				1266B11122FB11F1013A6904 /* plasmon.cpp */,
				BC6D09285586C8109F4F6F4F /* powerlaw.cpp */,
				57185EC8732B28F01856E252 /* pseudovoigt.cpp */,
				864531A36C2D8D243CCB3004 /* spinsplitedge.cpp */,
				3D29600A9214B40E8E047AFD /* spinsplitedgehyd.cpp */,
			);
			name = components;
			sourceTree = "<Group>";
		};
		309E1981E7D227EC907F3412 /* components */ = {
			isa = PBXGroup;
			children = (
				81E8A4C9FC7BF1CC34B3AB4A /* dieleclinear.h */,
				184AF37B091E1C7AEEEF9179 /* dielecmodel.h */,
				73951D3919D738E1B8CC3D96 /* dos.h */,
				BA55B932B0CB50A9A52AFCEA /* doslifetime.h */,
				C5C4EBD62C628F33FFC0B59C /* doslifetimespline.h */,
				CDB7ED86E7B65441F033F6F6 /* drudelorentz.h */,
				5CF742CCB750227E948B0ABF /* edgefile.h */,
				1F9381E5D820B13B08BFF991 /* eshift.h */,
				8B902F4DD5E0852E17E6AE87 /* expbackground.h */,
				32E4762935D1D7986E8BEA9D /* fixedpattern.h */,
				F3869F227F62BABEFA092969 /* fowler.h */,
				03A0913E8DCDDF06CA714760 /* gaussian.h */,
				46B77F23E66C0DEC183B5376 /* gdos.h */,
				F1038D0C1430B241E9C3A37D /* hsedge.h */,
				994EC69D0FA834AD05F5EFE7 /* kedge.h */,
				010709B9F0DE9CA7E16CE224 /* kedgerel.h */,
				E2783BFC398CE476823468F6 /* ledge.h */,
				2309D97239E5326D98F637D6 /* line.h */,
				A706252CD48D3A03368BDC85 /* logpoly.h */,
				8D23C4BFD078EE11C96D4CEE /* lorentz.h */,
				1697E88EBEF31B65F8B28BC6 /* mscatter.h */,
				D11097D6E76A34E110EC24C4 /* mscatterexpfft.h */,
				4AD27C7D95C2270CAD70F1EB /* mscatterfft.h */,
				5A90947F985B18F30170579E /* mycomponents.h */,
				FFB8B9B5B05393B0B42F99D9 /* pearsonIV.h */,
				8860BF418B4ADAADB75621B4 /* plasmon.h */,
				0F70F5A6AD87BC7BD714835D /* powerlaw.h */,
				5DF8B438EA2BA4FADD03DF3C /* pseudovoigt.h */,
				7CB1A2F191B4C7730D671CCC /* spinsplitedge.h */,
				94B9FC792FD98D68CC6721E5 /* spinsplitedgegap.h */,
				2D6163088D25A6A415B0B332 /* spinsplitedgehyd.h */,
			);
			name = components;
			sourceTree = "<Group>";
		};
		46E892BBB6BB6952967E0561 /* Temporary Sources */ = {
			isa = PBXGroup;
			children = (
				A548E96B2EEBEBED9E7EEFA7 /* moc_eelsmodel.cpp */,
				D10F9FD4242F74A5343065F8 /* moc_image.cpp */,
				B01D75763E2556938705D1CD /* moc_atomchooser.cpp */,
				3A39179EC5AFB5750661BC01 /* moc_componentmaintenance.cpp */,
				30EB24CBCAB5991C19AF9F39 /* moc_componentselector.cpp */,
				9A253C9589CCA052BF5CFA5D /* moc_detectorchooser.cpp */,
				BE0DB0BC5468E8DCBD3F520B /* moc_Drudeoptions.cpp */,
				D5AE8A5A498DD7A0593EA658 /* moc_equalizer.cpp */,
				A291D2A015AFE383AEF94A33 /* moc_fileopener.cpp */,
				98D6F057B86F4908560DBBBF /* moc_fitter_dialog.cpp */,
				5D8502137C7C6A5D7FB0EE6E /* moc_fitterchooser.cpp */,
				DB3AC710975EFD80404304F6 /* moc_GDOSoptions.cpp */,
				6774E59B0D423E946C1F154E /* moc_getfilename.cpp */,
				3A43DB5C37A9B85BD24C582F /* moc_getgraphptr.cpp */,
				CEE0F8A614792056BA0295D0 /* moc_graph.cpp */,
				54FC6395ED75711EFCEA2DFE /* moc_hello.cpp */,
				4DC58E5AEADBADC2AF68E18D /* moc_imagedisplay.cpp */,
				771A5C840473188C1081C41C /* moc_integerinput.cpp */,
				509A48FA8AEE19065FB12E1D /* moc_interactive_parameter.cpp */,
				27E491205DBB7625977A84A9 /* moc_menu.cpp */,
				D76744648320CBCD06D733E9 /* moc_monitorchooser.cpp */,
				DEF94781D92B3A8852505851 /* moc_realinput.cpp */,
				7B37FBD922601154B63AC0E6 /* moc_saysomething.cpp */,
			);
			name = "Temporary Sources";
			sourceTree = "<Group>";
		};
		54145A6EC3D02086F8B3CFFC /* fitters */ = {
			isa = PBXGroup;
			children = (
				8FD452A4447D00EF143BD5D5 /* fitter.h */,
				3001673DB86AE2107DE72CD6 /* levenbergmarquardt.h */,
				50DC461550AAC305A3C01BC7 /* lsqfitter.h */,
				69DC6D4F168998A2823D7287 /* mlfitter.h */,
				EB0E9A5174FC4D8BB3999E28 /* mlfitter_gsl.h */,
				A9E9CBAFF80368733EA5BF29 /* wlsqfitter.h */,
			);
			name = fitters;
			sourceTree = "<Group>";
		};
		7B1803210163B1ACC420DB06 /* core */ = {
			isa = PBXGroup;
			children = (
				0B574E8142C24A84ECDB1E85 /* chisquare.cpp */,
				5ACBD1E7672F2138184DEB74 /* component.cpp */,
				BDCA735FDDB5AF096447C2DC /* cslice_iter.cpp */,
				C0D1AA7C0F34B7AF9A357F6F /* curvematrix.cpp */,
				111E9032BC273F3C8173C46D /* debug_new.cpp */,
				AFEE76769A5886F710BF5629 /* eelsmodel.cpp */,
				9F94E325C9CD33771A65A287 /* fftw++.cpp */,
				76912C2124D0F1921F5BF991 /* image.cpp */,
				01990F45B9969995EFD40205 /* main.cpp */,
				A045455EDA6E0B285667375E /* model.cpp */,
				D9ABA85EC00CA9FD75227DCB /* monitor.cpp */,
				E765527D68B42EBC7017F0F8 /* multibyte.cpp */,
				B5C9753702CF711F12421EA5 /* multispectrum.cpp */,
				B8ED6FF9DF9D8060152E6BDA /* parameter.cpp */,
				EB4BF71B8E94B76B6CB862F4 /* slice_iter.cpp */,
				73E92EFE9CB2360D78D34548 /* spectrum.cpp */,
				41EF990876A377977A8CC641 /* tag.cpp */,
			);
			name = core;
			sourceTree = "<Group>";
		};
		7CABE3C80E79AD2B307756D2 /* Sources [qmake] */ = {
			isa = PBXGroup;
			children = (
				92D36853C9E658CEE72D5450 /* eelsmodel.pro */,
			);
			name = "Sources [qmake]";
			sourceTree = "<Group>";
		};
		80594147FF38978F0E91964D /* icons */ = {
			isa = PBXGroup;
			children = (
				B25E4E5F629EA710CF8A848F /* eelsmodel.icns */,
			);
			name = icons;
			sourceTree = "<Group>";
		};
		883D7615C4D2DE3FA1218F12 /* Headers */ = {
			isa = PBXGroup;
			children = (
				F4AF6147B42623F6B3284738 /* src */,
				F7FA9F672E5D4EB2F00B2C51 /* icons */,
				F47A90E2DF1DE7C6809A1BF4 /* welcomescreen */,
			);
			name = Headers;
			sourceTree = "<Group>";
		};
		AB2488021801796400AB74B2 /* Products */ = {
			isa = PBXGroup;
			children = (
				AB2488011801796400AB74B2 /* eelsmodel.app */,
			);
			name = Products;
			sourceTree = "<group>";
		};
		DBBF9A8E3A15291CD4189458 /* gui */ = {
			isa = PBXGroup;
			children = (
				B5E056B853FAF4AB3BC942A3 /* atomchooser.cpp */,
				47415887E783F636EE3C2A33 /* componentmaintenance.cpp */,
				65DF38639C59037B27325979 /* componentselector.cpp */,
				392E7E551DFA29A5C509ED49 /* detectorchooser.cpp */,
				105AFA8CA777CF87E7113746 /* Drudeoptions.cpp */,
				D35270AF5FE58B3112CDBF7D /* equalizer.cpp */,
				5AAD4F2709E3605B3709C836 /* fileopener.cpp */,
				B81A64BA9DECAE975F94DE5D /* fitter_dialog.cpp */,
				12D55FB8989D86D36635EBD4 /* fitterchooser.cpp */,
				58F6A9EE711D959C710D5BD4 /* GDOSoptions.cpp */,
				9EA723DE3169DFC0BC4EA14C /* getfilename.cpp */,
				287B170688B0C9246C2799BD /* getgraphptr.cpp */,
				BF8409D08DEFA035A5AC4C3E /* gettopspectrum.cpp */,
				F47A61BE2D664C3870FF81B2 /* graph.cpp */,
				A59A1EC17AAC1742D0E29244 /* hello.cpp */,
				19C2D065FA911493D9C152FA /* imagedisplay.cpp */,
				F4F087A4014B22DCFD965DEB /* integerinput.cpp */,
				456362E7F7916B594B022B04 /* interactive_parameter.cpp */,
				EECDD646275FCFFBDF82EA26 /* menu.cpp */,
				F06138CADCA4720AEA219E9B /* monitorchooser.cpp */,
				B101BCDF9FB4B9DC0537788A /* realinput.cpp */,
				ACF56E233D213A51343E17C0 /* saysomething.cpp */,
			);
			name = gui;
			sourceTree = "<Group>";
		};
		DEC405483433E7DB2062033F /* gui */ = {
			isa = PBXGroup;
			children = (
				1C95836F0588CEF403A6182D /* atomchooser.h */,
				0EEFB6FC5C1D72EC961072F6 /* componentmaintenance.h */,
				91FE34AF36CEE5F65BBEDA61 /* componentselector.h */,
				03385F3CC4FD1FC65AFD2BC0 /* detectorchooser.h */,
				3048B7DCFE4D6D21D6654F2A /* Drudeoptions.h */,
				A230387805032D0BC6378583 /* energies.h */,
				B656DA79070AA10BFFAE08E5 /* equalizer.h */,
				172C6C1A4F46B709D929A795 /* fileopener.h */,
				21EF92A89AB2B9D89D63AFC8 /* fitter_dialog.h */,
				3ADE970626E00444FC776540 /* fitterchooser.h */,
				7AE00C4C11F52CF12C7A1C94 /* GDOSoptions.h */,
				CD1BEF77ECC4D9AE978FB61D /* getfilename.h */,
				E2F5936B60561B58224D9BAF /* getgraphptr.h */,
				DA3D05AAD05ABDC9F9B2A1F0 /* gettopspectrum.h */,
				2404EE6051044848B71D2377 /* graph.h */,
				E8E292587816563D19F9BDF0 /* hello.h */,
				4DFB642794125A56221000CD /* imagedisplay.h */,
				6873970B5BBAE33C87F30C4E /* integerinput.h */,
				F4467C1B2908A461843365D2 /* interactive_parameter.h */,
				E3DAD4F50AD84FDB852A83BB /* mendeleev.h */,
				6EF6602C1E44DCBF7B8F6B61 /* menu.h */,
				DE77EDEDCAE1BC11C0D30499 /* monitorchooser.h */,
				DC657F7A62C5FFEDD9B9AF14 /* realinput.h */,
				302E67BCB765EB9F01D1AD12 /* saysomething.h */,
				686BC3ADD9AE5F76C36975B7 /* licence.txt */,
			);
			name = gui;
			sourceTree = "<Group>";
		};
		E000EDC1A794030A04584802 /* core */ = {
			isa = PBXGroup;
			children = (
				90E3E4525B3CBF4BBC4515F0 /* bandedmatrix.h */,
				F10CA26DB510549FE78E1A76 /* chisquare.h */,
				6D09B2A5145405B5C5E7CC31 /* component.h */,
				979A27F6FBC00AC08A6887FA /* cslice_iter.h */,
				969EAD5A13DEF60B12AD3F49 /* curvematrix.h */,
				0D2A1254A571D5F41CC6A955 /* debug_new.h */,
				7070C8A228FBE89073607931 /* eelsmodel.h */,
				95B3584BA7F1FFB8BF4AB58A /* fftw++.h */,
				6C3D3212F45CAA1AA1B81C17 /* image.h */,
				54EB186552FEE73548B65926 /* invert_matrix.hpp */,
				75AE514F09741199FADE99B9 /* model.h */,
				0B9570B7BA6B9D4D2095F49C /* monitor.h */,
				11A71BD975D6BA85550E201D /* multibyte.h */,
				DB1EB46AE02E7BEE233368DB /* multispectrum.h */,
				66528A0694762AC7293B4D6A /* parameter.h */,
				C9F8D89799B3B0E38896B554 /* slice_iter.h */,
				A330AF5F9D18414D925A6FDD /* spectrum.h */,
				20249CF637B0ED7F387FCADF /* tag.h */,
			);
			name = core;
			sourceTree = "<Group>";
		};
		ED1E82605DD74B483AF3C982 /* External Frameworks and Libraries */ = {
			isa = PBXGroup;
			children = (
				AB52C34CB4C351ACB3D05237 /* Qt3Support.framework */,
				E0814A49DDD73EF0F620E7DB /* QtSql.framework */,
				7BC2E65A5E699A5E5D834CA2 /* QtCore.framework */,
				8EE92F8FA333C9E415C5B34E /* QtXml.framework */,
				9B36DA7E32F0304E780E7972 /* QtGui.framework */,
				B6B9970B86A6C219B0869FE9 /* QtNetwork.framework */,
			);
			name = "External Frameworks and Libraries";
			sourceTree = "<Group>";
		};
		F47A90E2DF1DE7C6809A1BF4 /* welcomescreen */ = {
			isa = PBXGroup;
			children = (
				3192ABBBDFD6DAE9F63A1E40 /* eelsmodel_3_3.xpm */,
			);
			name = welcomescreen;
			sourceTree = "<Group>";
		};
		F48F28D7DEB4E51CAAC13127 /* fitters */ = {
			isa = PBXGroup;
			children = (
				54440F48A2A8736486A79B34 /* fitter.cpp */,
				1CD501261C450CDC050584B7 /* levenbergmarquardt.cpp */,
				07124C5DA46A02824B1AC1AB /* lsqfitter.cpp */,
				EBDEEA9F484068D9CFE667B7 /* mlfitter.cpp */,
				B9E7C2A4F8327FA23DD5077C /* mlfitter_gsl.cpp */,
				EACC07B703CE088D85623A7C /* wlsqfitter.cpp */,
			);
			name = fitters;
			sourceTree = "<Group>";
		};
		F4AF6147B42623F6B3284738 /* src */ = {
			isa = PBXGroup;
			children = (
				309E1981E7D227EC907F3412 /* components */,
				E000EDC1A794030A04584802 /* core */,
				54145A6EC3D02086F8B3CFFC /* fitters */,
				DEC405483433E7DB2062033F /* gui */,
			);
			name = src;
			sourceTree = "<Group>";
		};
		F7FA9F672E5D4EB2F00B2C51 /* icons */ = {
			isa = PBXGroup;
			children = (
				350032632900177EA93B38C1 /* locked.xpm */,
				D62CC9570ECD932C218D3B75 /* unlock.xpm */,
				B3F4181625934D5BC719F84C /* linked.xpm */,
				E8C263EA0D681CD5EE864FEC /* add.xpm */,
				32831A8AAFFBF65ED6C8CDCA /* remove.xpm */,
				CEE0FC1B9F96240305385A52 /* info.xpm */,
				F1B538ECE0BEBF30209C5981 /* ok.xpm */,
				97D2267082E37EB4B7D687A9 /* monitor.xpm */,
				36DDAD89912DD4D2CEF8428D /* atomwiz.xpm */,
				110082DA7AAA3814882B8EF6 /* filesave.xpm */,
				62295E5B75829D5511176667 /* fileopen.xpm */,
				D5AD801ED978F618366D3177 /* filenew.xpm */,
				FFB0BC1CA620025601181D8F /* previous.xpm */,
				9A6DB33825533881CB72C256 /* rectangle.xpm */,
				641C360BF33772A71C15D9BA /* zoom.xpm */,
				4B3CD321CA5BF89D94201915 /* gohome.xpm */,
				362D007390392119BA44EC07 /* connect_established.xpm */,
			);
			name = icons;
			sourceTree = "<Group>";
		};
		FB61758D0F0FDA4BA867C3D5 /* Sources */ = {
			isa = PBXGroup;
			children = (
				06674E1DE8D3EB6E763DFFDA /* src */,
				80594147FF38978F0E91964D /* icons */,
			);
			name = Sources;
			sourceTree = "<Group>";
		};
/* End PBXGroup section */

/* Begin PBXNativeTarget section */
		D033AFD34B7DACAC575AB3A4 /* eelsmodel */ = {
			isa = PBXNativeTarget;
			buildConfigurationList = 17B3380A4D6A7D415E7F2E1E /* Build configuration list for PBXNativeTarget "eelsmodel" */;
			buildPhases = (
				D7BA7D76DAB5DD13389D6332 /* Qt Qmake */,
				A0A52A2ADF7A1E2A99738674 /* Qt Preprocessors */,
				C29B8785722055ED95EF7B57 /* Build Sources */,
				2A1043669E6E5A7426EA502A /* Frameworks & Libraries */,
				3787F99312C85FF0073FD7BA /* Bundle Resources */,
			);
			buildRules = (
				AB92278F1805F2A3008AFB68 /* PBXBuildRule */,
			);
			dependencies = (
			);
			name = eelsmodel;
			productName = eels;
			productReference = AB2488011801796400AB74B2 /* eelsmodel.app */;
			productType = "com.apple.product-type.application";
		};
/* End PBXNativeTarget section */

/* Begin PBXProject section */
		91B15E841AA80083484172DE /* Project object */ = {
			isa = PBXProject;
			attributes = {
				LastUpgradeCheck = 0430;
			};
			buildConfigurationList = CC82A9286117DFED018F418F /* Build configuration list for PBXProject "eelsmodel.pro" */;
			compatibilityVersion = "Xcode 3.2";
			developmentRegion = English;
			hasScannedForEncodings = 1;
			knownRegions = (
				en,
			);
			mainGroup = 05596AB53D8D521C69802C27 /* eels */;
			productRefGroup = AB2488021801796400AB74B2 /* Products */;
			projectDirPath = "";
			projectRoot = "";
			targets = (
				D033AFD34B7DACAC575AB3A4 /* eelsmodel */,
			);
		};
/* End PBXProject section */

/* Begin PBXResourcesBuildPhase section */
		3787F99312C85FF0073FD7BA /* Bundle Resources */ = {
			isa = PBXResourcesBuildPhase;
			buildActionMask = 2147483647;
			files = (
				AB7257881805F09C001E6433 /* eelsmodel.icns in Bundle Resources */,
			);
			name = "Bundle Resources";
			runOnlyForDeploymentPostprocessing = 0;
		};
/* End PBXResourcesBuildPhase section */

/* Begin PBXShellScriptBuildPhase section */
		A0A52A2ADF7A1E2A99738674 /* Qt Preprocessors */ = {
			isa = PBXShellScriptBuildPhase;
			buildActionMask = 2147483647;
			files = (
			);
			name = "Qt Preprocessors";
			runOnlyForDeploymentPostprocessing = 0;
			shellPath = /bin/sh;
			shellScript = "make -C /Users/jv/eelsmodel -f 'eelsmodel.pro.xcodeproj/qt_preprocess.mak'";
		};
		D7BA7D76DAB5DD13389D6332 /* Qt Qmake */ = {
			isa = PBXShellScriptBuildPhase;
			buildActionMask = 2147483647;
			files = (
			);
			name = "Qt Qmake";
			runOnlyForDeploymentPostprocessing = 0;
			shellPath = /bin/sh;
			shellScript = "make -C /Users/jv/eelsmodel -f 'eelsmodel.pro.xcodeproj/qt_makeqmake.mak'";
		};
/* End PBXShellScriptBuildPhase section */

/* Begin PBXSourcesBuildPhase section */
		C29B8785722055ED95EF7B57 /* Build Sources */ = {
			isa = PBXSourcesBuildPhase;
			buildActionMask = 2147483647;
			files = (
				D9B3B206B7BBBED5E5C495D6 /* dieleclinear.cpp in Build Sources */,
				6971BA842CAC3BEC2DE2B70C /* dielecmodel.cpp in Build Sources */,
				C1061EA2F3E59C631F2A46E0 /* dos.cpp in Build Sources */,
				07C5A6610FFC327BBD5BCD61 /* doslifetime.cpp in Build Sources */,
				B613B2D5FC4E7BBFAA29DBA9 /* doslifetimespline.cpp in Build Sources */,
				97C473752EC71C76562EEDF6 /* drudelorentz.cpp in Build Sources */,
				B2B6EF38028A3827F4381F56 /* edgefile.cpp in Build Sources */,
				9CEC75B51C70F119C2D261B3 /* eshift.cpp in Build Sources */,
				19DB746EEBDC952682A37850 /* expbackground.cpp in Build Sources */,
				AFDBBF1D241D70386A939E9B /* fixedpattern.cpp in Build Sources */,
				92EAB4C50D693687170AAA5A /* fowler.cpp in Build Sources */,
				1214B934F6A99AA2D3B22523 /* gaussian.cpp in Build Sources */,
				9733D1E8F2C0A97B016D66A9 /* gdos.cpp in Build Sources */,
				ABCE27BD6734C0E70C10B2D8 /* hsedge.cpp in Build Sources */,
				DF159FEC3AF13BC724978D32 /* kedge.cpp in Build Sources */,
				8E8BB6482A932A1D8F0CA248 /* kedgerel.cpp in Build Sources */,
				AEC86820B45781947370A1A1 /* ledge.cpp in Build Sources */,
				5CF1DE0B33521BAE87DC0936 /* line.cpp in Build Sources */,
				BD24E40B0357E505CEB86814 /* logpoly.cpp in Build Sources */,
				CDA7C03DB97154B09DE9B22B /* lorentz.cpp in Build Sources */,
				1F32D8E4CEFE40800FE5B4E5 /* mscatter.cpp in Build Sources */,
				8A1B730F67EF85D0136BC40F /* mscatterexpfft.cpp in Build Sources */,
				A6C0FFD74D8547E50C9C8D46 /* mscatterfft.cpp in Build Sources */,
				E771FB1E367E5E83E1FFF378 /* pearsonIV.cpp in Build Sources */,
				3128F9AA1619EF4C568A86D9 /* plasmon.cpp in Build Sources */,
				D9140FB5D18EB63FF7C5F34F /* powerlaw.cpp in Build Sources */,
				8E66CD5BFCB9F52A2AADAA13 /* pseudovoigt.cpp in Build Sources */,
				4A58265D97EE3CE441B74943 /* spinsplitedge.cpp in Build Sources */,
				4F9061593A93761E557D24AF /* spinsplitedgehyd.cpp in Build Sources */,
				741D9B2E11D6107C6637E425 /* chisquare.cpp in Build Sources */,
				E853213951CA199CF4929318 /* component.cpp in Build Sources */,
				6E792C39C00B2E5AFFBFCD8D /* cslice_iter.cpp in Build Sources */,
				3E756D00C5ABB69291D18670 /* curvematrix.cpp in Build Sources */,
				B4FC1E08DFCA9A8CDB619AD7 /* debug_new.cpp in Build Sources */,
				D79DD6E49A5F362504368B96 /* eelsmodel.cpp in Build Sources */,
				3E75AD0865740FDE7565CCD5 /* fftw++.cpp in Build Sources */,
				E206410D89D31D10CD846B8E /* image.cpp in Build Sources */,
				16D89647FEBC315EFF88ACE0 /* main.cpp in Build Sources */,
				2E46C4D612E0E65553B367D6 /* model.cpp in Build Sources */,
				D86915B1D32461409A51959A /* monitor.cpp in Build Sources */,
				4C48145A4A1DA3947C4C709D /* multibyte.cpp in Build Sources */,
				EA2031BF58D24DE50C1F3254 /* multispectrum.cpp in Build Sources */,
				4B3945D2A47B2BBF374AACC6 /* parameter.cpp in Build Sources */,
				4D8C59FC7C13B13F1F13DB9C /* slice_iter.cpp in Build Sources */,
				DF86B32BB66B9D4B56A8AD7E /* spectrum.cpp in Build Sources */,
				38765327CAB04DD5AEAACDD4 /* tag.cpp in Build Sources */,
				4068DE2FB3B27D1AD37919E9 /* fitter.cpp in Build Sources */,
				5C87AC63A4B8C8B1F6E1F4E5 /* levenbergmarquardt.cpp in Build Sources */,
				509D040C7112C0BDFA55EA13 /* lsqfitter.cpp in Build Sources */,
				160ABCC676DAA6EACC208E5E /* mlfitter.cpp in Build Sources */,
				8F18DA8F3FA9A75DD4483317 /* mlfitter_gsl.cpp in Build Sources */,
				D3285613B63A443416ED7AF0 /* wlsqfitter.cpp in Build Sources */,
				7B71EBFE5E352F8218AFB92C /* atomchooser.cpp in Build Sources */,
				BEA3D18FB481426E1A75163F /* componentmaintenance.cpp in Build Sources */,
				E120A70694DC34AA69DFC222 /* componentselector.cpp in Build Sources */,
				EFB725F238D8EBC2F22B3B67 /* detectorchooser.cpp in Build Sources */,
				2BC6AB1E1381BE682954AAFE /* Drudeoptions.cpp in Build Sources */,
				43A868C2E07FC0E2BAF2F058 /* equalizer.cpp in Build Sources */,
				7B911E3D1424B9F5EA13295D /* fileopener.cpp in Build Sources */,
				416FBFD3311E7A58F80523EE /* fitter_dialog.cpp in Build Sources */,
				51A763D8CE7F86400FA8E3C7 /* fitterchooser.cpp in Build Sources */,
				17B27473C1E8A11D1B71369A /* GDOSoptions.cpp in Build Sources */,
				439B947D6CB4148D095D2A5A /* getfilename.cpp in Build Sources */,
				5DBF1474D7B4CB397B095CF9 /* getgraphptr.cpp in Build Sources */,
				459037DBEEAF56C42D3C22F1 /* gettopspectrum.cpp in Build Sources */,
				24D6AE7A2A0DF96B07C3DA6B /* graph.cpp in Build Sources */,
				7625EC8C12868DA55BC803C0 /* hello.cpp in Build Sources */,
				94B70871D28442A93EC46D69 /* imagedisplay.cpp in Build Sources */,
				B67E3D0F76225AE5DB2A1937 /* integerinput.cpp in Build Sources */,
				CC13FC0A97C1A9A0D557B489 /* interactive_parameter.cpp in Build Sources */,
				82879C8E6F05EB8C9660DA01 /* menu.cpp in Build Sources */,
				59EEA32A1BC4DC1A6A78C4C2 /* monitorchooser.cpp in Build Sources */,
				5B8A0290318E1A67FECB9830 /* realinput.cpp in Build Sources */,
				0933BC7257C642A85224C6B8 /* saysomething.cpp in Build Sources */,
				1D717387A283E6094F6FB6F4 /* moc_eelsmodel.cpp in Build Sources */,
				1CF2D9FABAC9C6A29C2F184A /* moc_image.cpp in Build Sources */,
				D58A9893016F9032B470BE68 /* moc_atomchooser.cpp in Build Sources */,
				8D6527EE68A26438EC5E15CA /* moc_componentmaintenance.cpp in Build Sources */,
				CFB37369038DAE56AFE83A4D /* moc_componentselector.cpp in Build Sources */,
				41EB956176F5BD75E7CD2F4D /* moc_detectorchooser.cpp in Build Sources */,
				6864352F0EE7B8E243B67AFA /* moc_Drudeoptions.cpp in Build Sources */,
				CB279AE3C86CA9B9EA5EE6A7 /* moc_equalizer.cpp in Build Sources */,
				5108FF3AEEF19EF64AA097EA /* moc_fileopener.cpp in Build Sources */,
				A943B465D3AE79BC1CD61BE9 /* moc_fitter_dialog.cpp in Build Sources */,
				578E90A73855224A33ADB2F9 /* moc_fitterchooser.cpp in Build Sources */,
				848D7E75CA5A6C7B52E6E439 /* moc_GDOSoptions.cpp in Build Sources */,
				EFDC9BE08C76683CDC5FEEEA /* moc_getfilename.cpp in Build Sources */,
				8DBECC89975B9C26305D131C /* moc_getgraphptr.cpp in Build Sources */,
				F585AEF6448C28A03180AC8E /* moc_graph.cpp in Build Sources */,
				5987F218E63622E6B7EB335E /* moc_hello.cpp in Build Sources */,
				40D3167856E6691949603550 /* moc_imagedisplay.cpp in Build Sources */,
				57A3ABBFE8F79D29DA28F531 /* moc_integerinput.cpp in Build Sources */,
				95EF35645E466EACDB872751 /* moc_interactive_parameter.cpp in Build Sources */,
				E149F1375762B9CC9BF8DCF3 /* moc_menu.cpp in Build Sources */,
				0C66B4C9901086605899A1A5 /* moc_monitorchooser.cpp in Build Sources */,
				01BFF00E6D0CA057A197C9B3 /* moc_realinput.cpp in Build Sources */,
				A8A13C3CF851E334926EA440 /* moc_saysomething.cpp in Build Sources */,
			);
			name = "Build Sources";
			runOnlyForDeploymentPostprocessing = 0;
		};
/* End PBXSourcesBuildPhase section */

/* Begin XCBuildConfiguration section */
		4B72B24813252891014BCF61 /* Debug */ = {
			isa = XCBuildConfiguration;
			buildSettings = {
				ARCHS = x86_64;
				COPY_PHASE_STRIP = NO;
				DEBUG_INFORMATION_FORMAT = dwarf;
				FRAMEWORK_SEARCH_PATHS = (
					/Library/Frameworks,
					/Library/Frameworks,
				);
				GCC_GENERATE_DEBUGGING_SYMBOLS = YES;
				GCC_OPTIMIZATION_LEVEL = 0;
				HEADER_SEARCH_PATHS = (
					/Developer/usr/include,
					/usr/local/atlas/include,
					/usr/local/include,
					/usr/include,
					src/components,
					src/core,
					src/gui,
					src/fitters,
					.,
					/Library/Frameworks/QtGui.framework/Versions/4/Headers,
					/Library/Frameworks/QtCore.framework/Versions/4/Headers,
				);
				INFOPLIST_FILE = Info.plist;
				LIBRARY_SEARCH_PATHS = (
					/Developer/usr/lib,
					/usr/local/,
					/usr/local/atlas/lib,
					"/Users/jv/tmp/fftw-3.3.3",
					/Library/Frameworks/QtGui.framework/Versions/4,
					/Library/Frameworks/QtCore.framework/Versions/4,
				);
				MACOSX_DEPLOYMENT_TARGET = 10.5;
				ONLY_ACTIVE_ARCH = YES;
				OTHER_CFLAGS = (
					"-pipe",
					"-g",
					"-Wall",
					"-W",
					"-DQT_QT3SUPPORT_LIB",
					"-DQT3_SUPPORT",
					"-DQT_GUI_LIB",
					"-DQT_CORE_LIB",
					"-DQT_SHARED",
				);
				OTHER_CPLUSPLUSFLAGS = (
					"-headerpad_max_install_names",
					"-I/Users/jv/boost/boost_1_34_1",
					"-L/Library/Frameworks",
					"-F/Library/Frameworks",
					"-L/usr/local/lib/fftw3.la",
					"-I/usr/local/include",
					"-I/Developer/usr/include",
					"-L/Developer/usr/lib",
				);
				OTHER_LDFLAGS = (
					"-lgsl",
					"-lfftw3",
					"-lgslcblas",
					"-llapack",
					"-lcblas",
					"-lf77blas",
					"-latlas",
					"-F/Library/Frameworks",
					"-L/Library/Frameworks",
					"-headerpad_max_install_names",
					"-L/Developer/usr/lib",
				);
				PRODUCT_NAME = eelsmodel;
				SYMROOT = "";
			};
			name = Debug;
		};
		8C7174830A1E4DCBA0332EC1 /* Release */ = {
			isa = XCBuildConfiguration;
			buildSettings = {
				ARCHS = "$(ARCHS_STANDARD_32_64_BIT)";
				COPY_PHASE_STRIP = YES;
				GCC_GENERATE_DEBUGGING_SYMBOLS = NO;
				GCC_VERSION = com.apple.compilers.llvm.clang.1_0;
				INFOPLIST_PREPROCESS = YES;
				MACOSX_DEPLOYMENT_TARGET = 10.7;
				PRODUCT_NAME = eelsmodel;
			};
			name = Release;
		};
		BEC09A62E69C3553534FF35E /* Debug */ = {
			isa = XCBuildConfiguration;
			buildSettings = {
				ARCHS = "$(ARCHS_STANDARD_32_64_BIT)";
				COPY_PHASE_STRIP = NO;
				GCC_GENERATE_DEBUGGING_SYMBOLS = YES;
				GCC_OPTIMIZATION_LEVEL = 0;
				GCC_VERSION = com.apple.compilers.llvm.clang.1_0;
				INFOPLIST_PREPROCESS = YES;
				MACOSX_DEPLOYMENT_TARGET = 10.7;
				PRODUCT_NAME = eelsmodel;
			};
			name = Debug;
		};
		D70590BEB531B51029F711BB /* Release */ = {
			isa = XCBuildConfiguration;
			buildSettings = {
				ARCHS = x86_64;
				COPY_PHASE_STRIP = YES;
				DEBUG_INFORMATION_FORMAT = dwarf;
				FRAMEWORK_SEARCH_PATHS = (
					/Library/Frameworks,
					/Library/Frameworks,
				);
				GCC_GENERATE_DEBUGGING_SYMBOLS = NO;
				HEADER_SEARCH_PATHS = (
					/Developer/usr/include,
					/usr/local/atlas/include,
					/usr/local/include,
					/usr/include,
					src/components,
					src/core,
					src/gui,
					src/fitters,
					.,
					/Library/Frameworks/QtGui.framework/Versions/4/Headers,
					/Library/Frameworks/QtCore.framework/Versions/4/Headers,
				);
				INFOPLIST_FILE = Info.plist;
				LIBRARY_SEARCH_PATHS = (
					/Developer/usr/lib,
					/usr/local/,
					/usr/local/atlas/lib,
					"/Users/jv/tmp/fftw-3.3.3",
					/Library/Frameworks/QtGui.framework/Versions/4,
					/Library/Frameworks/QtCore.framework/Versions/4,
				);
				MACOSX_DEPLOYMENT_TARGET = 10.5;
				ONLY_ACTIVE_ARCH = YES;
				OTHER_CFLAGS = (
					"-pipe",
					"-g",
					"-Wall",
					"-W",
					"-DQT_QT3SUPPORT_LIB",
					"-DQT3_SUPPORT",
					"-DQT_GUI_LIB",
					"-DQT_CORE_LIB",
					"-DQT_SHARED",
				);
				OTHER_CPLUSPLUSFLAGS = (
					"-headerpad_max_install_names",
					"-I/Users/jv/boost/boost_1_34_1",
					"-L/Library/Frameworks",
					"-F/Library/Frameworks",
					"-L/usr/local/lib/fftw3.la",
					"-I/usr/local/include",
					"-I/Developer/usr/include",
					"-L/Developer/usr/lib",
				);
				OTHER_LDFLAGS = (
					"-lgsl",
					"-lfftw3",
					"-lgslcblas",
					"-llapack",
					"-lcblas",
					"-lf77blas",
					"-latlas",
					"-F/Library/Frameworks",
					"-L/Library/Frameworks",
					"-headerpad_max_install_names",
					"-L/Developer/usr/lib",
				);
				PRODUCT_NAME = eelsmodel;
				SYMROOT = "";
			};
			name = Release;
		};
/* End XCBuildConfiguration section */

/* Begin XCConfigurationList section */
		17B3380A4D6A7D415E7F2E1E /* Build configuration list for PBXNativeTarget "eelsmodel" */ = {
			isa = XCConfigurationList;
			buildConfigurations = (
				BEC09A62E69C3553534FF35E /* Debug */,
				8C7174830A1E4DCBA0332EC1 /* Release */,
			);
			defaultConfigurationIsVisible = 0;
			defaultConfigurationName = Release;
		};
		CC82A9286117DFED018F418F /* Build configuration list for PBXProject "eelsmodel.pro" */ = {
			isa = XCConfigurationList;
			buildConfigurations = (
				4B72B24813252891014BCF61 /* Debug */,
				D70590BEB531B51029F711BB /* Release */,
			);
			defaultConfigurationIsVisible = 0;
			defaultConfigurationName = Release;
		};
/* End XCConfigurationList section */
	};
	rootObject = 91B15E841AA80083484172DE /* Project object */;
}
